// !$*UTF8*$!
{
	archiveVersion = 1;
	classes = {
	};
	objectVersion = 46;
	objects = {

/* Begin PBXBuildFile section */
		1DDD58160DA1D0A300B32029 /* MainMenu.xib in Resources */ = {isa = PBXBuildFile; fileRef = 1DDD58140DA1D0A300B32029 /* MainMenu.xib */; };
		256AC3DA0F4B6AC300CF3369 /* JMXAppDelegate.m in Sources */ = {isa = PBXBuildFile; fileRef = 256AC3D90F4B6AC300CF3369 /* JMXAppDelegate.m */; };
		82456BC41223DC8300236FE4 /* OpenGL.framework in Frameworks */ = {isa = PBXBuildFile; fileRef = 82456BC31223DC8300236FE4 /* OpenGL.framework */; };
		82456BC81223DC9900236FE4 /* QTKit.framework in Frameworks */ = {isa = PBXBuildFile; fileRef = 82456BC71223DC9900236FE4 /* QTKit.framework */; };
		82456BCC1223DCA700236FE4 /* QuartzCore.framework in Frameworks */ = {isa = PBXBuildFile; fileRef = 82456BCB1223DCA700236FE4 /* QuartzCore.framework */; };
		824576451227DF5800236FE4 /* JMXPinLayer.m in Sources */ = {isa = PBXBuildFile; fileRef = 8245763D1227DF5800236FE4 /* JMXPinLayer.m */; };
		825C30DB1275AD32006376B8 /* JMXBoardInputPanel.m in Sources */ = {isa = PBXBuildFile; fileRef = 825C30C71275AD32006376B8 /* JMXBoardInputPanel.m */; };
		825C30DC1275AD32006376B8 /* JMXBoardInputString.m in Sources */ = {isa = PBXBuildFile; fileRef = 825C30C91275AD32006376B8 /* JMXBoardInputString.m */; };
		825C30DD1275AD32006376B8 /* JMXBoardSelection.m in Sources */ = {isa = PBXBuildFile; fileRef = 825C30CB1275AD32006376B8 /* JMXBoardSelection.m */; };
		825C30DE1275AD32006376B8 /* JMXBoardView.m in Sources */ = {isa = PBXBuildFile; fileRef = 825C30CD1275AD32006376B8 /* JMXBoardView.m */; };
		825C30DF1275AD32006376B8 /* JMXConnectorLayer.m in Sources */ = {isa = PBXBuildFile; fileRef = 825C30CF1275AD32006376B8 /* JMXConnectorLayer.m */; };
		825C30E01275AD32006376B8 /* JMXDocument.m in Sources */ = {isa = PBXBuildFile; fileRef = 825C30D11275AD32006376B8 /* JMXDocument.m */; };
		825C30E21275AD32006376B8 /* JMXEntityInspectorPanel.m in Sources */ = {isa = PBXBuildFile; fileRef = 825C30D51275AD32006376B8 /* JMXEntityInspectorPanel.m */; };
		825C30E31275AD32006376B8 /* JMXEntityLayer.m in Sources */ = {isa = PBXBuildFile; fileRef = 825C30D71275AD32006376B8 /* JMXEntityLayer.m */; };
		825C30E41275AD32006376B8 /* JMXOutletLayer.m in Sources */ = {isa = PBXBuildFile; fileRef = 825C30D91275AD32006376B8 /* JMXOutletLayer.m */; };
		825C31101275ADB6006376B8 /* JMXQtExporter.m in Sources */ = {isa = PBXBuildFile; fileRef = 825C30E71275ADB6006376B8 /* JMXQtExporter.m */; };
		825C31111275ADB6006376B8 /* JMXCoreImageFilter.mm in Sources */ = {isa = PBXBuildFile; fileRef = 825C30EA1275ADB6006376B8 /* JMXCoreImageFilter.mm */; };
		825C31121275ADB6006376B8 /* JMXAudioFileEntity.mm in Sources */ = {isa = PBXBuildFile; fileRef = 825C30ED1275ADB6006376B8 /* JMXAudioFileEntity.mm */; };
		825C31131275ADB6006376B8 /* JMXImageEntity.mm in Sources */ = {isa = PBXBuildFile; fileRef = 825C30EF1275ADB6006376B8 /* JMXImageEntity.mm */; };
		825C31141275ADB6006376B8 /* JMXQtAudioCaptureEntity.m in Sources */ = {isa = PBXBuildFile; fileRef = 825C30F11275ADB6006376B8 /* JMXQtAudioCaptureEntity.m */; };
		825C31151275ADB6006376B8 /* JMXQtVideoCaptureEntity.mm in Sources */ = {isa = PBXBuildFile; fileRef = 825C30F31275ADB6006376B8 /* JMXQtVideoCaptureEntity.mm */; };
		825C31161275ADB6006376B8 /* JMXQtMovieEntity.mm in Sources */ = {isa = PBXBuildFile; fileRef = 825C30F51275ADB6006376B8 /* JMXQtMovieEntity.mm */; };
		825C31171275ADB6006376B8 /* JMXCoreAudioOutput.mm in Sources */ = {isa = PBXBuildFile; fileRef = 825C30F81275ADB6006376B8 /* JMXCoreAudioOutput.mm */; };
		825C31181275ADB6006376B8 /* JMXQtAudioOutput.m in Sources */ = {isa = PBXBuildFile; fileRef = 825C30FA1275ADB6006376B8 /* JMXQtAudioOutput.m */; };
		825C31191275ADB6006376B8 /* JMXOpenGLScreen.mm in Sources */ = {isa = PBXBuildFile; fileRef = 825C30FD1275ADB6006376B8 /* JMXOpenGLScreen.mm */; };
		825C311A1275ADB6006376B8 /* JMXSoftScreen.m in Sources */ = {isa = PBXBuildFile; fileRef = 825C30FF1275ADB6006376B8 /* JMXSoftScreen.m */; };
		825C311B1275ADB6006376B8 /* JMXAudioMixer.mm in Sources */ = {isa = PBXBuildFile; fileRef = 825C31011275ADB6006376B8 /* JMXAudioMixer.mm */; };
		825C311C1275ADB6006376B8 /* JMXAudioOutput.m in Sources */ = {isa = PBXBuildFile; fileRef = 825C31031275ADB6006376B8 /* JMXAudioOutput.m */; };
		825C311E1275ADB6006376B8 /* JMXAudioSpectrumAnalyzer.mm in Sources */ = {isa = PBXBuildFile; fileRef = 825C31071275ADB6006376B8 /* JMXAudioSpectrumAnalyzer.mm */; };
		825C311F1275ADB6006376B8 /* JMXExporter.m in Sources */ = {isa = PBXBuildFile; fileRef = 825C31091275ADB6006376B8 /* JMXExporter.m */; };
		825C31201275ADB6006376B8 /* JMXVideoEntity.mm in Sources */ = {isa = PBXBuildFile; fileRef = 825C310B1275ADB6006376B8 /* JMXVideoEntity.mm */; };
		825C31211275ADB6006376B8 /* JMXVideoMixer.mm in Sources */ = {isa = PBXBuildFile; fileRef = 825C310D1275ADB6006376B8 /* JMXVideoMixer.mm */; };
		825C31221275ADB6006376B8 /* JMXVideoOutput.mm in Sources */ = {isa = PBXBuildFile; fileRef = 825C310F1275ADB6006376B8 /* JMXVideoOutput.mm */; };
		825C31461275ADD7006376B8 /* JMXAudioBuffer.m in Sources */ = {isa = PBXBuildFile; fileRef = 825C31241275ADD6006376B8 /* JMXAudioBuffer.m */; };
		825C31471275ADD7006376B8 /* JMXAudioDevice.m in Sources */ = {isa = PBXBuildFile; fileRef = 825C31261275ADD6006376B8 /* JMXAudioDevice.m */; };
		825C31481275ADD7006376B8 /* JMXAudioFile.m in Sources */ = {isa = PBXBuildFile; fileRef = 825C31281275ADD6006376B8 /* JMXAudioFile.m */; };
		825C31491275ADD7006376B8 /* JMXAudioFormat.m in Sources */ = {isa = PBXBuildFile; fileRef = 825C312A1275ADD6006376B8 /* JMXAudioFormat.m */; };
		825C314A1275ADD7006376B8 /* JMXCompressor.m in Sources */ = {isa = PBXBuildFile; fileRef = 825C312C1275ADD6006376B8 /* JMXCompressor.m */; };
		825C314B1275ADD7006376B8 /* JMXContext.m in Sources */ = {isa = PBXBuildFile; fileRef = 825C312E1275ADD6006376B8 /* JMXContext.m */; };
		825C314C1275ADD7006376B8 /* JMXEntity.mm in Sources */ = {isa = PBXBuildFile; fileRef = 825C31301275ADD6006376B8 /* JMXEntity.mm */; };
		825C314D1275ADD7006376B8 /* JMXInputPin.m in Sources */ = {isa = PBXBuildFile; fileRef = 825C31331275ADD6006376B8 /* JMXInputPin.m */; };
		825C314E1275ADD7006376B8 /* JMXOutputPin.m in Sources */ = {isa = PBXBuildFile; fileRef = 825C31351275ADD6006376B8 /* JMXOutputPin.m */; };
		825C314F1275ADD7006376B8 /* JMXPin.mm in Sources */ = {isa = PBXBuildFile; fileRef = 825C31371275ADD6006376B8 /* JMXPin.mm */; };
		825C31501275ADD7006376B8 /* JMXPinSignal.m in Sources */ = {isa = PBXBuildFile; fileRef = 825C31391275ADD7006376B8 /* JMXPinSignal.m */; };
		825C31511275ADD7006376B8 /* JMXPoint.mm in Sources */ = {isa = PBXBuildFile; fileRef = 825C313B1275ADD7006376B8 /* JMXPoint.mm */; };
		825C31521275ADD7006376B8 /* JMXRingBuffer.m in Sources */ = {isa = PBXBuildFile; fileRef = 825C313D1275ADD7006376B8 /* JMXRingBuffer.m */; };
		825C31531275ADD7006376B8 /* JMXSize.mm in Sources */ = {isa = PBXBuildFile; fileRef = 825C31411275ADD7006376B8 /* JMXSize.mm */; };
		825C31541275ADD7006376B8 /* JMXSpectrumAnalyzer.m in Sources */ = {isa = PBXBuildFile; fileRef = 825C31431275ADD7006376B8 /* JMXSpectrumAnalyzer.m */; };
		825C31551275ADD7006376B8 /* JMXThreadedEntity.mm in Sources */ = {isa = PBXBuildFile; fileRef = 825C31451275ADD7006376B8 /* JMXThreadedEntity.mm */; };
		825C31841275AF03006376B8 /* JMXEntityLabelLayer.m in Sources */ = {isa = PBXBuildFile; fileRef = 825C31831275AF03006376B8 /* JMXEntityLabelLayer.m */; };
		825C318A1275AF4B006376B8 /* JMXOutletLabelLayer.m in Sources */ = {isa = PBXBuildFile; fileRef = 825C31891275AF4B006376B8 /* JMXOutletLabelLayer.m */; };
		825C31901275AF5B006376B8 /* JMXBoardLayer.m in Sources */ = {isa = PBXBuildFile; fileRef = 825C318F1275AF5B006376B8 /* JMXBoardLayer.m */; };
		825C319D1275AFB6006376B8 /* JMXLibraryTableView.m in Sources */ = {isa = PBXBuildFile; fileRef = 825C319A1275AFB6006376B8 /* JMXLibraryTableView.m */; };
		825C319E1275AFB6006376B8 /* JMXLibraryTableViewDelegate.m in Sources */ = {isa = PBXBuildFile; fileRef = 825C319C1275AFB6006376B8 /* JMXLibraryTableViewDelegate.m */; };
		82A21F5E12902EE50002738B /* JMXDocumentSplitViewDelegate.m in Sources */ = {isa = PBXBuildFile; fileRef = 82A21F5D12902EE50002738B /* JMXDocumentSplitViewDelegate.m */; };
		82A2206D129091910002738B /* JMXBoardViewController.m in Sources */ = {isa = PBXBuildFile; fileRef = 82A2206C129091910002738B /* JMXBoardViewController.m */; };
		82A220CA129098A60002738B /* JMXWindowController.m in Sources */ = {isa = PBXBuildFile; fileRef = 82A220C9129098A60002738B /* JMXWindowController.m */; };
		82AD7F701289F3C300C85EB1 /* JMXOpenGLDraw.mm in Sources */ = {isa = PBXBuildFile; fileRef = 82AD7F6F1289F3C300C85EB1 /* JMXOpenGLDraw.mm */; };
		82EA042F1240BE4A00E28B72 /* JMXWindow.xib in Resources */ = {isa = PBXBuildFile; fileRef = 82EA042E1240BE4A00E28B72 /* JMXWindow.xib */; };
		8D11072B0486CEB800E47090 /* InfoPlist.strings in Resources */ = {isa = PBXBuildFile; fileRef = 089C165CFE840E0CC02AAC07 /* InfoPlist.strings */; };
		8D11072D0486CEB800E47090 /* main.m in Sources */ = {isa = PBXBuildFile; fileRef = 29B97316FDCFA39411CA2CEA /* main.m */; settings = {ATTRIBUTES = (); }; };
		8D11072F0486CEB800E47090 /* Cocoa.framework in Frameworks */ = {isa = PBXBuildFile; fileRef = 1058C7A1FEA54F0111CA2CBB /* Cocoa.framework */; };
		AA052A6B1261D40E008C9F46 /* QuickTime.framework in Frameworks */ = {isa = PBXBuildFile; fileRef = AA052A6A1261D40E008C9F46 /* QuickTime.framework */; };
		AA2BE3F312353BA6006087E7 /* CoreAudio.framework in Frameworks */ = {isa = PBXBuildFile; fileRef = AA2BE3F212353BA6006087E7 /* CoreAudio.framework */; };
		AA2BE40B12353D5C006087E7 /* Accelerate.framework in Frameworks */ = {isa = PBXBuildFile; fileRef = AA2BE40A12353D5C006087E7 /* Accelerate.framework */; };
		AA3557441277468800EAA2E4 /* JMXTextRenderer.m in Sources */ = {isa = PBXBuildFile; fileRef = AA3557001277347300EAA2E4 /* JMXTextRenderer.m */; };
		AA3557451277468800EAA2E4 /* JMXTextEntity.m in Sources */ = {isa = PBXBuildFile; fileRef = AA3556F51277340200EAA2E4 /* JMXTextEntity.m */; };
		AA3557DA12795C5500EAA2E4 /* JMXDrawEntity.mm in Sources */ = {isa = PBXBuildFile; fileRef = AA3557D912795C5500EAA2E4 /* JMXDrawEntity.mm */; };
		AA54B28B12A1215000EC60B2 /* jmx-icon.icns in Resources */ = {isa = PBXBuildFile; fileRef = AA54B28A12A1215000EC60B2 /* jmx-icon.icns */; };
		AA555FCA12AEF39600C882FF /* CIAlphaFade.m in Sources */ = {isa = PBXBuildFile; fileRef = AA555FC712AEF39600C882FF /* CIAlphaFade.m */; };
		AA55601412AEF7CC00C882FF /* CIAlphaFade.cikernel in Resources */ = {isa = PBXBuildFile; fileRef = AA555FC912AEF39600C882FF /* CIAlphaFade.cikernel */; };
		AA7F247212907AA500BE432F /* libv8.dylib in Frameworks */ = {isa = PBXBuildFile; fileRef = AA7F247112907AA500BE432F /* libv8.dylib */; };
		AA8CB78E1282BB9900A17115 /* JMXScriptFile.mm in Sources */ = {isa = PBXBuildFile; fileRef = AA8CB78D1282BB9900A17115 /* JMXScriptFile.mm */; };
		AACE7D04129315DE00FBDC0D /* JMXScriptEntity.mm in Sources */ = {isa = PBXBuildFile; fileRef = AACE7D03129315DE00FBDC0D /* JMXScriptEntity.mm */; };
		AACE7D331293195600FBDC0D /* JMXV8PropertyAccessors.mm in Sources */ = {isa = PBXBuildFile; fileRef = AACE7D321293195600FBDC0D /* JMXV8PropertyAccessors.mm */; };
		AAD139BB128EA0DF00ECB03A /* JMXDrawPath.mm in Sources */ = {isa = PBXBuildFile; fileRef = AAD139BA128EA0DF00ECB03A /* JMXDrawPath.mm */; };
		AAD13C4A128EF2AB00ECB03A /* JMXColor.mm in Sources */ = {isa = PBXBuildFile; fileRef = AAD13C49128EF2AB00ECB03A /* JMXColor.mm */; };
		AADEBFC812414F7E00A6A06D /* AudioToolbox.framework in Frameworks */ = {isa = PBXBuildFile; fileRef = AADEBFC712414F7E00A6A06D /* AudioToolbox.framework */; };
		AAFAAD88129095EB00949028 /* JMXScript.mm in Sources */ = {isa = PBXBuildFile; fileRef = AAFAAD87129095EB00949028 /* JMXScript.mm */; };
/* End PBXBuildFile section */

/* Begin PBXFileReference section */
		089C165DFE840E0CC02AAC07 /* English */ = {isa = PBXFileReference; fileEncoding = 4; lastKnownFileType = text.plist.strings; name = English; path = English.lproj/InfoPlist.strings; sourceTree = "<group>"; };
		1058C7A1FEA54F0111CA2CBB /* Cocoa.framework */ = {isa = PBXFileReference; lastKnownFileType = wrapper.framework; name = Cocoa.framework; path = /System/Library/Frameworks/Cocoa.framework; sourceTree = "<absolute>"; };
		13E42FB307B3F0F600E4EEF1 /* CoreData.framework */ = {isa = PBXFileReference; lastKnownFileType = wrapper.framework; name = CoreData.framework; path = /System/Library/Frameworks/CoreData.framework; sourceTree = "<absolute>"; };
		1DDD58150DA1D0A300B32029 /* English */ = {isa = PBXFileReference; lastKnownFileType = file.xib; name = English; path = English.lproj/MainMenu.xib; sourceTree = "<group>"; };
		256AC3D80F4B6AC300CF3369 /* JMXAppDelegate.h */ = {isa = PBXFileReference; fileEncoding = 4; lastKnownFileType = sourcecode.c.h; path = JMXAppDelegate.h; sourceTree = "<group>"; };
		256AC3D90F4B6AC300CF3369 /* JMXAppDelegate.m */ = {isa = PBXFileReference; fileEncoding = 4; lastKnownFileType = sourcecode.c.objc; path = JMXAppDelegate.m; sourceTree = "<group>"; };
		256AC3F00F4B6AF500CF3369 /* JMX_Prefix.pch */ = {isa = PBXFileReference; fileEncoding = 4; lastKnownFileType = sourcecode.c.h; path = JMX_Prefix.pch; sourceTree = "<group>"; };
		29B97316FDCFA39411CA2CEA /* main.m */ = {isa = PBXFileReference; fileEncoding = 4; lastKnownFileType = sourcecode.c.objc; path = main.m; sourceTree = "<group>"; };
		29B97324FDCFA39411CA2CEA /* AppKit.framework */ = {isa = PBXFileReference; lastKnownFileType = wrapper.framework; name = AppKit.framework; path = /System/Library/Frameworks/AppKit.framework; sourceTree = "<absolute>"; };
		29B97325FDCFA39411CA2CEA /* Foundation.framework */ = {isa = PBXFileReference; lastKnownFileType = wrapper.framework; name = Foundation.framework; path = /System/Library/Frameworks/Foundation.framework; sourceTree = "<absolute>"; };
		82456BC31223DC8300236FE4 /* OpenGL.framework */ = {isa = PBXFileReference; lastKnownFileType = wrapper.framework; name = OpenGL.framework; path = System/Library/Frameworks/OpenGL.framework; sourceTree = SDKROOT; };
		82456BC71223DC9900236FE4 /* QTKit.framework */ = {isa = PBXFileReference; lastKnownFileType = wrapper.framework; name = QTKit.framework; path = System/Library/Frameworks/QTKit.framework; sourceTree = SDKROOT; };
		82456BCB1223DCA700236FE4 /* QuartzCore.framework */ = {isa = PBXFileReference; lastKnownFileType = wrapper.framework; name = QuartzCore.framework; path = System/Library/Frameworks/QuartzCore.framework; sourceTree = SDKROOT; };
		8245763D1227DF5800236FE4 /* JMXPinLayer.m */ = {isa = PBXFileReference; fileEncoding = 4; lastKnownFileType = sourcecode.c.objc; path = JMXPinLayer.m; sourceTree = "<group>"; };
		825C30C61275AD32006376B8 /* JMXBoardInputPanel.h */ = {isa = PBXFileReference; fileEncoding = 4; lastKnownFileType = sourcecode.c.h; path = JMXBoardInputPanel.h; sourceTree = "<group>"; };
		825C30C71275AD32006376B8 /* JMXBoardInputPanel.m */ = {isa = PBXFileReference; fileEncoding = 4; lastKnownFileType = sourcecode.c.objc; path = JMXBoardInputPanel.m; sourceTree = "<group>"; };
		825C30C81275AD32006376B8 /* JMXBoardInputString.h */ = {isa = PBXFileReference; fileEncoding = 4; lastKnownFileType = sourcecode.c.h; path = JMXBoardInputString.h; sourceTree = "<group>"; };
		825C30C91275AD32006376B8 /* JMXBoardInputString.m */ = {isa = PBXFileReference; fileEncoding = 4; lastKnownFileType = sourcecode.c.objc; path = JMXBoardInputString.m; sourceTree = "<group>"; };
		825C30CA1275AD32006376B8 /* JMXBoardSelection.h */ = {isa = PBXFileReference; fileEncoding = 4; lastKnownFileType = sourcecode.c.h; path = JMXBoardSelection.h; sourceTree = "<group>"; };
		825C30CB1275AD32006376B8 /* JMXBoardSelection.m */ = {isa = PBXFileReference; fileEncoding = 4; lastKnownFileType = sourcecode.c.objc; path = JMXBoardSelection.m; sourceTree = "<group>"; };
		825C30CC1275AD32006376B8 /* JMXBoardView.h */ = {isa = PBXFileReference; fileEncoding = 4; lastKnownFileType = sourcecode.c.h; path = JMXBoardView.h; sourceTree = "<group>"; };
		825C30CD1275AD32006376B8 /* JMXBoardView.m */ = {isa = PBXFileReference; fileEncoding = 4; lastKnownFileType = sourcecode.c.objc; path = JMXBoardView.m; sourceTree = "<group>"; };
		825C30CE1275AD32006376B8 /* JMXConnectorLayer.h */ = {isa = PBXFileReference; fileEncoding = 4; lastKnownFileType = sourcecode.c.h; path = JMXConnectorLayer.h; sourceTree = "<group>"; };
		825C30CF1275AD32006376B8 /* JMXConnectorLayer.m */ = {isa = PBXFileReference; fileEncoding = 4; lastKnownFileType = sourcecode.c.objc; path = JMXConnectorLayer.m; sourceTree = "<group>"; };
		825C30D01275AD32006376B8 /* JMXDocument.h */ = {isa = PBXFileReference; fileEncoding = 4; lastKnownFileType = sourcecode.c.h; path = JMXDocument.h; sourceTree = "<group>"; };
		825C30D11275AD32006376B8 /* JMXDocument.m */ = {isa = PBXFileReference; fileEncoding = 4; lastKnownFileType = sourcecode.c.objc; path = JMXDocument.m; sourceTree = "<group>"; };
		825C30D41275AD32006376B8 /* JMXEntityInspectorPanel.h */ = {isa = PBXFileReference; fileEncoding = 4; lastKnownFileType = sourcecode.c.h; path = JMXEntityInspectorPanel.h; sourceTree = "<group>"; };
		825C30D51275AD32006376B8 /* JMXEntityInspectorPanel.m */ = {isa = PBXFileReference; fileEncoding = 4; lastKnownFileType = sourcecode.c.objc; path = JMXEntityInspectorPanel.m; sourceTree = "<group>"; };
		825C30D61275AD32006376B8 /* JMXEntityLayer.h */ = {isa = PBXFileReference; fileEncoding = 4; lastKnownFileType = sourcecode.c.h; path = JMXEntityLayer.h; sourceTree = "<group>"; };
		825C30D71275AD32006376B8 /* JMXEntityLayer.m */ = {isa = PBXFileReference; fileEncoding = 4; lastKnownFileType = sourcecode.c.objc; path = JMXEntityLayer.m; sourceTree = "<group>"; };
		825C30D81275AD32006376B8 /* JMXOutletLayer.h */ = {isa = PBXFileReference; fileEncoding = 4; lastKnownFileType = sourcecode.c.h; path = JMXOutletLayer.h; sourceTree = "<group>"; };
		825C30D91275AD32006376B8 /* JMXOutletLayer.m */ = {isa = PBXFileReference; fileEncoding = 4; lastKnownFileType = sourcecode.c.objc; path = JMXOutletLayer.m; sourceTree = "<group>"; };
		825C30DA1275AD32006376B8 /* JMXPinLayer.h */ = {isa = PBXFileReference; fileEncoding = 4; lastKnownFileType = sourcecode.c.h; path = JMXPinLayer.h; sourceTree = "<group>"; };
		825C30E61275ADB6006376B8 /* JMXQtExporter.h */ = {isa = PBXFileReference; fileEncoding = 4; lastKnownFileType = sourcecode.c.h; path = JMXQtExporter.h; sourceTree = "<group>"; };
		825C30E71275ADB6006376B8 /* JMXQtExporter.m */ = {isa = PBXFileReference; fileEncoding = 4; lastKnownFileType = sourcecode.c.objc; path = JMXQtExporter.m; sourceTree = "<group>"; };
		825C30E91275ADB6006376B8 /* JMXCoreImageFilter.h */ = {isa = PBXFileReference; fileEncoding = 4; lastKnownFileType = sourcecode.c.h; path = JMXCoreImageFilter.h; sourceTree = "<group>"; };
		825C30EA1275ADB6006376B8 /* JMXCoreImageFilter.mm */ = {isa = PBXFileReference; fileEncoding = 4; lastKnownFileType = sourcecode.cpp.objcpp; path = JMXCoreImageFilter.mm; sourceTree = "<group>"; };
		825C30EC1275ADB6006376B8 /* JMXAudioFileEntity.h */ = {isa = PBXFileReference; fileEncoding = 4; lastKnownFileType = sourcecode.c.h; path = JMXAudioFileEntity.h; sourceTree = "<group>"; };
		825C30ED1275ADB6006376B8 /* JMXAudioFileEntity.mm */ = {isa = PBXFileReference; fileEncoding = 4; lastKnownFileType = sourcecode.cpp.objcpp; path = JMXAudioFileEntity.mm; sourceTree = "<group>"; };
		825C30EE1275ADB6006376B8 /* JMXImageEntity.h */ = {isa = PBXFileReference; fileEncoding = 4; lastKnownFileType = sourcecode.c.h; path = JMXImageEntity.h; sourceTree = "<group>"; };
		825C30EF1275ADB6006376B8 /* JMXImageEntity.mm */ = {isa = PBXFileReference; fileEncoding = 4; lastKnownFileType = sourcecode.cpp.objcpp; path = JMXImageEntity.mm; sourceTree = "<group>"; };
		825C30F01275ADB6006376B8 /* JMXQtAudioCaptureEntity.h */ = {isa = PBXFileReference; fileEncoding = 4; lastKnownFileType = sourcecode.c.h; path = JMXQtAudioCaptureEntity.h; sourceTree = "<group>"; };
		825C30F11275ADB6006376B8 /* JMXQtAudioCaptureEntity.m */ = {isa = PBXFileReference; fileEncoding = 4; lastKnownFileType = sourcecode.c.objc; path = JMXQtAudioCaptureEntity.m; sourceTree = "<group>"; };
		825C30F21275ADB6006376B8 /* JMXQtVideoCaptureEntity.h */ = {isa = PBXFileReference; fileEncoding = 4; lastKnownFileType = sourcecode.c.h; path = JMXQtVideoCaptureEntity.h; sourceTree = "<group>"; };
		825C30F31275ADB6006376B8 /* JMXQtVideoCaptureEntity.mm */ = {isa = PBXFileReference; fileEncoding = 4; lastKnownFileType = sourcecode.cpp.objcpp; path = JMXQtVideoCaptureEntity.mm; sourceTree = "<group>"; };
		825C30F41275ADB6006376B8 /* JMXQtMovieEntity.h */ = {isa = PBXFileReference; fileEncoding = 4; lastKnownFileType = sourcecode.c.h; path = JMXQtMovieEntity.h; sourceTree = "<group>"; };
		825C30F51275ADB6006376B8 /* JMXQtMovieEntity.mm */ = {isa = PBXFileReference; fileEncoding = 4; lastKnownFileType = sourcecode.cpp.objcpp; path = JMXQtMovieEntity.mm; sourceTree = "<group>"; };
		825C30F71275ADB6006376B8 /* JMXCoreAudioOutput.h */ = {isa = PBXFileReference; fileEncoding = 4; lastKnownFileType = sourcecode.c.h; path = JMXCoreAudioOutput.h; sourceTree = "<group>"; };
		825C30F81275ADB6006376B8 /* JMXCoreAudioOutput.mm */ = {isa = PBXFileReference; fileEncoding = 4; lastKnownFileType = sourcecode.cpp.objcpp; path = JMXCoreAudioOutput.mm; sourceTree = "<group>"; };
		825C30F91275ADB6006376B8 /* JMXQtAudioOutput.h */ = {isa = PBXFileReference; fileEncoding = 4; lastKnownFileType = sourcecode.c.h; path = JMXQtAudioOutput.h; sourceTree = "<group>"; };
		825C30FA1275ADB6006376B8 /* JMXQtAudioOutput.m */ = {isa = PBXFileReference; fileEncoding = 4; lastKnownFileType = sourcecode.c.objc; path = JMXQtAudioOutput.m; sourceTree = "<group>"; };
		825C30FC1275ADB6006376B8 /* JMXOpenGLScreen.h */ = {isa = PBXFileReference; fileEncoding = 4; lastKnownFileType = sourcecode.c.h; path = JMXOpenGLScreen.h; sourceTree = "<group>"; };
		825C30FD1275ADB6006376B8 /* JMXOpenGLScreen.mm */ = {isa = PBXFileReference; fileEncoding = 4; lastKnownFileType = sourcecode.cpp.objcpp; path = JMXOpenGLScreen.mm; sourceTree = "<group>"; };
		825C30FE1275ADB6006376B8 /* JMXSoftScreen.h */ = {isa = PBXFileReference; fileEncoding = 4; lastKnownFileType = sourcecode.c.h; path = JMXSoftScreen.h; sourceTree = "<group>"; };
		825C30FF1275ADB6006376B8 /* JMXSoftScreen.m */ = {isa = PBXFileReference; fileEncoding = 4; lastKnownFileType = sourcecode.c.objc; path = JMXSoftScreen.m; sourceTree = "<group>"; };
		825C31001275ADB6006376B8 /* JMXAudioMixer.h */ = {isa = PBXFileReference; fileEncoding = 4; lastKnownFileType = sourcecode.c.h; name = JMXAudioMixer.h; path = ../JMXAudioMixer.h; sourceTree = "<group>"; };
		825C31011275ADB6006376B8 /* JMXAudioMixer.mm */ = {isa = PBXFileReference; fileEncoding = 4; lastKnownFileType = sourcecode.cpp.objcpp; name = JMXAudioMixer.mm; path = ../JMXAudioMixer.mm; sourceTree = "<group>"; };
		825C31021275ADB6006376B8 /* JMXAudioOutput.h */ = {isa = PBXFileReference; fileEncoding = 4; lastKnownFileType = sourcecode.c.h; path = JMXAudioOutput.h; sourceTree = "<group>"; };
		825C31031275ADB6006376B8 /* JMXAudioOutput.m */ = {isa = PBXFileReference; fileEncoding = 4; lastKnownFileType = sourcecode.c.objc; path = JMXAudioOutput.m; sourceTree = "<group>"; };
		825C31061275ADB6006376B8 /* JMXAudioSpectrumAnalyzer.h */ = {isa = PBXFileReference; fileEncoding = 4; lastKnownFileType = sourcecode.c.h; path = JMXAudioSpectrumAnalyzer.h; sourceTree = "<group>"; };
		825C31071275ADB6006376B8 /* JMXAudioSpectrumAnalyzer.mm */ = {isa = PBXFileReference; fileEncoding = 4; lastKnownFileType = sourcecode.cpp.objcpp; path = JMXAudioSpectrumAnalyzer.mm; sourceTree = "<group>"; };
		825C31081275ADB6006376B8 /* JMXExporter.h */ = {isa = PBXFileReference; fileEncoding = 4; lastKnownFileType = sourcecode.c.h; path = JMXExporter.h; sourceTree = "<group>"; };
		825C31091275ADB6006376B8 /* JMXExporter.m */ = {isa = PBXFileReference; fileEncoding = 4; lastKnownFileType = sourcecode.c.objc; path = JMXExporter.m; sourceTree = "<group>"; };
		825C310A1275ADB6006376B8 /* JMXVideoEntity.h */ = {isa = PBXFileReference; fileEncoding = 4; lastKnownFileType = sourcecode.c.h; path = JMXVideoEntity.h; sourceTree = "<group>"; };
		825C310B1275ADB6006376B8 /* JMXVideoEntity.mm */ = {isa = PBXFileReference; fileEncoding = 4; lastKnownFileType = sourcecode.cpp.objcpp; path = JMXVideoEntity.mm; sourceTree = "<group>"; };
		825C310C1275ADB6006376B8 /* JMXVideoMixer.h */ = {isa = PBXFileReference; fileEncoding = 4; lastKnownFileType = sourcecode.c.h; name = JMXVideoMixer.h; path = ../JMXVideoMixer.h; sourceTree = "<group>"; };
		825C310D1275ADB6006376B8 /* JMXVideoMixer.mm */ = {isa = PBXFileReference; fileEncoding = 4; lastKnownFileType = sourcecode.cpp.objcpp; name = JMXVideoMixer.mm; path = ../JMXVideoMixer.mm; sourceTree = "<group>"; };
		825C310E1275ADB6006376B8 /* JMXVideoOutput.h */ = {isa = PBXFileReference; fileEncoding = 4; lastKnownFileType = sourcecode.c.h; path = JMXVideoOutput.h; sourceTree = "<group>"; };
		825C310F1275ADB6006376B8 /* JMXVideoOutput.mm */ = {isa = PBXFileReference; fileEncoding = 4; lastKnownFileType = sourcecode.cpp.objcpp; path = JMXVideoOutput.mm; sourceTree = "<group>"; };
		825C31231275ADD6006376B8 /* JMXAudioBuffer.h */ = {isa = PBXFileReference; fileEncoding = 4; lastKnownFileType = sourcecode.c.h; path = JMXAudioBuffer.h; sourceTree = "<group>"; };
		825C31241275ADD6006376B8 /* JMXAudioBuffer.m */ = {isa = PBXFileReference; fileEncoding = 4; lastKnownFileType = sourcecode.c.objc; path = JMXAudioBuffer.m; sourceTree = "<group>"; };
		825C31251275ADD6006376B8 /* JMXAudioDevice.h */ = {isa = PBXFileReference; fileEncoding = 4; lastKnownFileType = sourcecode.c.h; path = JMXAudioDevice.h; sourceTree = "<group>"; };
		825C31261275ADD6006376B8 /* JMXAudioDevice.m */ = {isa = PBXFileReference; fileEncoding = 4; lastKnownFileType = sourcecode.c.objc; path = JMXAudioDevice.m; sourceTree = "<group>"; };
		825C31271275ADD6006376B8 /* JMXAudioFile.h */ = {isa = PBXFileReference; fileEncoding = 4; lastKnownFileType = sourcecode.c.h; path = JMXAudioFile.h; sourceTree = "<group>"; };
		825C31281275ADD6006376B8 /* JMXAudioFile.m */ = {isa = PBXFileReference; fileEncoding = 4; lastKnownFileType = sourcecode.c.objc; path = JMXAudioFile.m; sourceTree = "<group>"; };
		825C31291275ADD6006376B8 /* JMXAudioFormat.h */ = {isa = PBXFileReference; fileEncoding = 4; lastKnownFileType = sourcecode.c.h; path = JMXAudioFormat.h; sourceTree = "<group>"; };
		825C312A1275ADD6006376B8 /* JMXAudioFormat.m */ = {isa = PBXFileReference; fileEncoding = 4; lastKnownFileType = sourcecode.c.objc; path = JMXAudioFormat.m; sourceTree = "<group>"; };
		825C312B1275ADD6006376B8 /* JMXCompressor.h */ = {isa = PBXFileReference; fileEncoding = 4; lastKnownFileType = sourcecode.c.h; path = JMXCompressor.h; sourceTree = "<group>"; };
		825C312C1275ADD6006376B8 /* JMXCompressor.m */ = {isa = PBXFileReference; fileEncoding = 4; lastKnownFileType = sourcecode.c.objc; path = JMXCompressor.m; sourceTree = "<group>"; };
		825C312D1275ADD6006376B8 /* JMXContext.h */ = {isa = PBXFileReference; fileEncoding = 4; lastKnownFileType = sourcecode.c.h; path = JMXContext.h; sourceTree = "<group>"; };
		825C312E1275ADD6006376B8 /* JMXContext.m */ = {isa = PBXFileReference; fileEncoding = 4; lastKnownFileType = sourcecode.c.objc; path = JMXContext.m; sourceTree = "<group>"; };
		825C312F1275ADD6006376B8 /* JMXEntity.h */ = {isa = PBXFileReference; fileEncoding = 4; lastKnownFileType = sourcecode.c.h; path = JMXEntity.h; sourceTree = "<group>"; };
		825C31301275ADD6006376B8 /* JMXEntity.mm */ = {isa = PBXFileReference; fileEncoding = 4; lastKnownFileType = sourcecode.cpp.objcpp; path = JMXEntity.mm; sourceTree = "<group>"; };
		825C31311275ADD6006376B8 /* JMXFileRead.h */ = {isa = PBXFileReference; fileEncoding = 4; lastKnownFileType = sourcecode.c.h; path = JMXFileRead.h; sourceTree = "<group>"; };
		825C31321275ADD6006376B8 /* JMXInputPin.h */ = {isa = PBXFileReference; fileEncoding = 4; lastKnownFileType = sourcecode.c.h; path = JMXInputPin.h; sourceTree = "<group>"; };
		825C31331275ADD6006376B8 /* JMXInputPin.m */ = {isa = PBXFileReference; fileEncoding = 4; lastKnownFileType = sourcecode.c.objc; path = JMXInputPin.m; sourceTree = "<group>"; };
		825C31341275ADD6006376B8 /* JMXOutputPin.h */ = {isa = PBXFileReference; fileEncoding = 4; lastKnownFileType = sourcecode.c.h; path = JMXOutputPin.h; sourceTree = "<group>"; };
		825C31351275ADD6006376B8 /* JMXOutputPin.m */ = {isa = PBXFileReference; fileEncoding = 4; lastKnownFileType = sourcecode.c.objc; path = JMXOutputPin.m; sourceTree = "<group>"; };
		825C31361275ADD6006376B8 /* JMXPin.h */ = {isa = PBXFileReference; fileEncoding = 4; lastKnownFileType = sourcecode.c.h; path = JMXPin.h; sourceTree = "<group>"; };
		825C31371275ADD6006376B8 /* JMXPin.mm */ = {isa = PBXFileReference; fileEncoding = 4; lastKnownFileType = sourcecode.cpp.objcpp; path = JMXPin.mm; sourceTree = "<group>"; };
		825C31381275ADD7006376B8 /* JMXPinSignal.h */ = {isa = PBXFileReference; fileEncoding = 4; lastKnownFileType = sourcecode.c.h; path = JMXPinSignal.h; sourceTree = "<group>"; };
		825C31391275ADD7006376B8 /* JMXPinSignal.m */ = {isa = PBXFileReference; fileEncoding = 4; lastKnownFileType = sourcecode.c.objc; path = JMXPinSignal.m; sourceTree = "<group>"; };
		825C313A1275ADD7006376B8 /* JMXPoint.h */ = {isa = PBXFileReference; fileEncoding = 4; lastKnownFileType = sourcecode.c.h; path = JMXPoint.h; sourceTree = "<group>"; };
		825C313B1275ADD7006376B8 /* JMXPoint.mm */ = {isa = PBXFileReference; fileEncoding = 4; lastKnownFileType = sourcecode.cpp.objcpp; path = JMXPoint.mm; sourceTree = "<group>"; };
		825C313C1275ADD7006376B8 /* JMXRingBuffer.h */ = {isa = PBXFileReference; fileEncoding = 4; lastKnownFileType = sourcecode.c.h; path = JMXRingBuffer.h; sourceTree = "<group>"; };
		825C313D1275ADD7006376B8 /* JMXRingBuffer.m */ = {isa = PBXFileReference; fileEncoding = 4; lastKnownFileType = sourcecode.c.objc; path = JMXRingBuffer.m; sourceTree = "<group>"; };
		825C313E1275ADD7006376B8 /* JMXRunLoop.h */ = {isa = PBXFileReference; fileEncoding = 4; lastKnownFileType = sourcecode.c.h; path = JMXRunLoop.h; sourceTree = "<group>"; };
		825C313F1275ADD7006376B8 /* JMXSeekable.h */ = {isa = PBXFileReference; fileEncoding = 4; lastKnownFileType = sourcecode.c.h; path = JMXSeekable.h; sourceTree = "<group>"; };
		825C31401275ADD7006376B8 /* JMXSize.h */ = {isa = PBXFileReference; fileEncoding = 4; lastKnownFileType = sourcecode.c.h; path = JMXSize.h; sourceTree = "<group>"; };
		825C31411275ADD7006376B8 /* JMXSize.mm */ = {isa = PBXFileReference; fileEncoding = 4; lastKnownFileType = sourcecode.cpp.objcpp; path = JMXSize.mm; sourceTree = "<group>"; };
		825C31421275ADD7006376B8 /* JMXSpectrumAnalyzer.h */ = {isa = PBXFileReference; fileEncoding = 4; lastKnownFileType = sourcecode.c.h; path = JMXSpectrumAnalyzer.h; sourceTree = "<group>"; };
		825C31431275ADD7006376B8 /* JMXSpectrumAnalyzer.m */ = {isa = PBXFileReference; fileEncoding = 4; lastKnownFileType = sourcecode.c.objc; path = JMXSpectrumAnalyzer.m; sourceTree = "<group>"; };
		825C31441275ADD7006376B8 /* JMXThreadedEntity.h */ = {isa = PBXFileReference; fileEncoding = 4; lastKnownFileType = sourcecode.c.h; path = JMXThreadedEntity.h; sourceTree = "<group>"; };
		825C31451275ADD7006376B8 /* JMXThreadedEntity.mm */ = {isa = PBXFileReference; fileEncoding = 4; lastKnownFileType = sourcecode.cpp.objcpp; path = JMXThreadedEntity.mm; sourceTree = "<group>"; };
		825C31821275AF03006376B8 /* JMXEntityLabelLayer.h */ = {isa = PBXFileReference; fileEncoding = 4; lastKnownFileType = sourcecode.c.h; path = JMXEntityLabelLayer.h; sourceTree = "<group>"; };
		825C31831275AF03006376B8 /* JMXEntityLabelLayer.m */ = {isa = PBXFileReference; fileEncoding = 4; lastKnownFileType = sourcecode.c.objc; path = JMXEntityLabelLayer.m; sourceTree = "<group>"; };
		825C31881275AF4B006376B8 /* JMXOutletLabelLayer.h */ = {isa = PBXFileReference; fileEncoding = 4; lastKnownFileType = sourcecode.c.h; path = JMXOutletLabelLayer.h; sourceTree = "<group>"; };
		825C31891275AF4B006376B8 /* JMXOutletLabelLayer.m */ = {isa = PBXFileReference; fileEncoding = 4; lastKnownFileType = sourcecode.c.objc; path = JMXOutletLabelLayer.m; sourceTree = "<group>"; };
		825C318E1275AF5B006376B8 /* JMXBoardLayer.h */ = {isa = PBXFileReference; fileEncoding = 4; lastKnownFileType = sourcecode.c.h; path = JMXBoardLayer.h; sourceTree = "<group>"; };
		825C318F1275AF5B006376B8 /* JMXBoardLayer.m */ = {isa = PBXFileReference; fileEncoding = 4; lastKnownFileType = sourcecode.c.objc; path = JMXBoardLayer.m; sourceTree = "<group>"; };
		825C31981275AFB6006376B8 /* JMXGUIConstants.h */ = {isa = PBXFileReference; fileEncoding = 4; lastKnownFileType = sourcecode.c.h; path = JMXGUIConstants.h; sourceTree = "<group>"; };
		825C31991275AFB6006376B8 /* JMXLibraryTableView.h */ = {isa = PBXFileReference; fileEncoding = 4; lastKnownFileType = sourcecode.c.h; path = JMXLibraryTableView.h; sourceTree = "<group>"; };
		825C319A1275AFB6006376B8 /* JMXLibraryTableView.m */ = {isa = PBXFileReference; fileEncoding = 4; lastKnownFileType = sourcecode.c.objc; path = JMXLibraryTableView.m; sourceTree = "<group>"; };
		825C319B1275AFB6006376B8 /* JMXLibraryTableViewDelegate.h */ = {isa = PBXFileReference; fileEncoding = 4; lastKnownFileType = sourcecode.c.h; path = JMXLibraryTableViewDelegate.h; sourceTree = "<group>"; };
		825C319C1275AFB6006376B8 /* JMXLibraryTableViewDelegate.m */ = {isa = PBXFileReference; fileEncoding = 4; lastKnownFileType = sourcecode.c.objc; path = JMXLibraryTableViewDelegate.m; sourceTree = "<group>"; };
		82A21F5C12902EE50002738B /* JMXDocumentSplitViewDelegate.h */ = {isa = PBXFileReference; fileEncoding = 4; lastKnownFileType = sourcecode.c.h; path = JMXDocumentSplitViewDelegate.h; sourceTree = "<group>"; };
		82A21F5D12902EE50002738B /* JMXDocumentSplitViewDelegate.m */ = {isa = PBXFileReference; fileEncoding = 4; lastKnownFileType = sourcecode.c.objc; path = JMXDocumentSplitViewDelegate.m; sourceTree = "<group>"; };
		82A2206B129091910002738B /* JMXBoardViewController.h */ = {isa = PBXFileReference; fileEncoding = 4; lastKnownFileType = sourcecode.c.h; path = JMXBoardViewController.h; sourceTree = "<group>"; };
		82A2206C129091910002738B /* JMXBoardViewController.m */ = {isa = PBXFileReference; fileEncoding = 4; lastKnownFileType = sourcecode.c.objc; path = JMXBoardViewController.m; sourceTree = "<group>"; };
		82A220C8129098A60002738B /* JMXWindowController.h */ = {isa = PBXFileReference; fileEncoding = 4; lastKnownFileType = sourcecode.c.h; path = JMXWindowController.h; sourceTree = "<group>"; };
		82A220C9129098A60002738B /* JMXWindowController.m */ = {isa = PBXFileReference; fileEncoding = 4; lastKnownFileType = sourcecode.c.objc; path = JMXWindowController.m; sourceTree = "<group>"; };
		82AD7F6E1289F3C300C85EB1 /* JMXOpenGLDraw.h */ = {isa = PBXFileReference; fileEncoding = 4; lastKnownFileType = sourcecode.c.h; path = JMXOpenGLDraw.h; sourceTree = "<group>"; };
		82AD7F6F1289F3C300C85EB1 /* JMXOpenGLDraw.mm */ = {isa = PBXFileReference; fileEncoding = 4; lastKnownFileType = sourcecode.cpp.objcpp; path = JMXOpenGLDraw.mm; sourceTree = "<group>"; };
		82EA042E1240BE4A00E28B72 /* JMXWindow.xib */ = {isa = PBXFileReference; lastKnownFileType = file.xib; path = JMXWindow.xib; sourceTree = "<group>"; };
		8D1107310486CEB800E47090 /* JMX-Info.plist */ = {isa = PBXFileReference; fileEncoding = 4; lastKnownFileType = text.plist.xml; path = "JMX-Info.plist"; sourceTree = "<group>"; };
		8D1107320486CEB800E47090 /* JMX.app */ = {isa = PBXFileReference; explicitFileType = wrapper.application; includeInIndex = 0; path = JMX.app; sourceTree = BUILT_PRODUCTS_DIR; };
		AA052A6A1261D40E008C9F46 /* QuickTime.framework */ = {isa = PBXFileReference; lastKnownFileType = wrapper.framework; name = QuickTime.framework; path = System/Library/Frameworks/QuickTime.framework; sourceTree = SDKROOT; };
		AA2BE3F212353BA6006087E7 /* CoreAudio.framework */ = {isa = PBXFileReference; lastKnownFileType = wrapper.framework; name = CoreAudio.framework; path = System/Library/Frameworks/CoreAudio.framework; sourceTree = SDKROOT; };
		AA2BE40A12353D5C006087E7 /* Accelerate.framework */ = {isa = PBXFileReference; lastKnownFileType = wrapper.framework; name = Accelerate.framework; path = System/Library/Frameworks/Accelerate.framework; sourceTree = SDKROOT; };
		AA3556F41277340200EAA2E4 /* JMXTextEntity.h */ = {isa = PBXFileReference; fileEncoding = 4; lastKnownFileType = sourcecode.c.h; path = JMXTextEntity.h; sourceTree = "<group>"; };
		AA3556F51277340200EAA2E4 /* JMXTextEntity.m */ = {isa = PBXFileReference; fileEncoding = 4; lastKnownFileType = sourcecode.c.objc; path = JMXTextEntity.m; sourceTree = "<group>"; };
		AA3556FF1277347300EAA2E4 /* JMXTextRenderer.h */ = {isa = PBXFileReference; fileEncoding = 4; lastKnownFileType = sourcecode.c.h; path = JMXTextRenderer.h; sourceTree = "<group>"; };
		AA3557001277347300EAA2E4 /* JMXTextRenderer.m */ = {isa = PBXFileReference; fileEncoding = 4; lastKnownFileType = sourcecode.c.objc; path = JMXTextRenderer.m; sourceTree = "<group>"; };
		AA3557D812795C5500EAA2E4 /* JMXDrawEntity.h */ = {isa = PBXFileReference; fileEncoding = 4; lastKnownFileType = sourcecode.c.h; path = JMXDrawEntity.h; sourceTree = "<group>"; };
		AA3557D912795C5500EAA2E4 /* JMXDrawEntity.mm */ = {isa = PBXFileReference; fileEncoding = 4; lastKnownFileType = sourcecode.cpp.objcpp; path = JMXDrawEntity.mm; sourceTree = "<group>"; };
		AA3557E612795D0A00EAA2E4 /* JMXScript.h */ = {isa = PBXFileReference; fileEncoding = 4; lastKnownFileType = sourcecode.c.h; path = JMXScript.h; sourceTree = "<group>"; };
		AA54B28A12A1215000EC60B2 /* jmx-icon.icns */ = {isa = PBXFileReference; lastKnownFileType = image.icns; path = "jmx-icon.icns"; sourceTree = "<group>"; };
		AA555FC712AEF39600C882FF /* CIAlphaFade.m */ = {isa = PBXFileReference; fileEncoding = 4; lastKnownFileType = sourcecode.c.objc; path = CIAlphaFade.m; sourceTree = "<group>"; };
		AA555FC812AEF39600C882FF /* CIAlphaFade.h */ = {isa = PBXFileReference; fileEncoding = 4; lastKnownFileType = sourcecode.c.h; path = CIAlphaFade.h; sourceTree = "<group>"; };
		AA555FC912AEF39600C882FF /* CIAlphaFade.cikernel */ = {isa = PBXFileReference; fileEncoding = 4; lastKnownFileType = sourcecode.glsl; name = CIAlphaFade.cikernel; path = core/CIAlphaFade.cikernel; sourceTree = "<group>"; };
		AA7F247112907AA500BE432F /* libv8.dylib */ = {isa = PBXFileReference; lastKnownFileType = "compiled.mach-o.dylib"; name = libv8.dylib; path = "../v8-read-only/libv8.dylib"; sourceTree = SOURCE_ROOT; };
		AA8CB78C1282BB9800A17115 /* JMXScriptFile.h */ = {isa = PBXFileReference; fileEncoding = 4; lastKnownFileType = sourcecode.c.h; path = JMXScriptFile.h; sourceTree = "<group>"; };
		AA8CB78D1282BB9900A17115 /* JMXScriptFile.mm */ = {isa = PBXFileReference; fileEncoding = 4; lastKnownFileType = sourcecode.cpp.objcpp; path = JMXScriptFile.mm; sourceTree = "<group>"; };
		AACE7D02129315DE00FBDC0D /* JMXScriptEntity.h */ = {isa = PBXFileReference; fileEncoding = 4; lastKnownFileType = sourcecode.c.h; path = JMXScriptEntity.h; sourceTree = "<group>"; };
		AACE7D03129315DE00FBDC0D /* JMXScriptEntity.mm */ = {isa = PBXFileReference; fileEncoding = 4; lastKnownFileType = sourcecode.cpp.objcpp; path = JMXScriptEntity.mm; sourceTree = "<group>"; };
		AACE7D311293195600FBDC0D /* JMXV8PropertyAccessors.h */ = {isa = PBXFileReference; fileEncoding = 4; lastKnownFileType = sourcecode.c.h; path = JMXV8PropertyAccessors.h; sourceTree = "<group>"; };
		AACE7D321293195600FBDC0D /* JMXV8PropertyAccessors.mm */ = {isa = PBXFileReference; fileEncoding = 4; lastKnownFileType = sourcecode.cpp.objcpp; path = JMXV8PropertyAccessors.mm; sourceTree = "<group>"; };
		AAD139B9128EA0DF00ECB03A /* JMXDrawPath.h */ = {isa = PBXFileReference; fileEncoding = 4; lastKnownFileType = sourcecode.c.h; path = JMXDrawPath.h; sourceTree = "<group>"; };
		AAD139BA128EA0DF00ECB03A /* JMXDrawPath.mm */ = {isa = PBXFileReference; fileEncoding = 4; lastKnownFileType = sourcecode.cpp.objcpp; path = JMXDrawPath.mm; sourceTree = "<group>"; };
		AAD13C48128EF2AB00ECB03A /* JMXColor.h */ = {isa = PBXFileReference; fileEncoding = 4; lastKnownFileType = sourcecode.c.h; path = JMXColor.h; sourceTree = "<group>"; };
		AAD13C49128EF2AB00ECB03A /* JMXColor.mm */ = {isa = PBXFileReference; fileEncoding = 4; lastKnownFileType = sourcecode.cpp.objcpp; path = JMXColor.mm; sourceTree = "<group>"; };
		AADEBFC712414F7E00A6A06D /* AudioToolbox.framework */ = {isa = PBXFileReference; lastKnownFileType = wrapper.framework; name = AudioToolbox.framework; path = System/Library/Frameworks/AudioToolbox.framework; sourceTree = SDKROOT; };
		AAFAAD87129095EB00949028 /* JMXScript.mm */ = {isa = PBXFileReference; fileEncoding = 4; lastKnownFileType = sourcecode.cpp.objcpp; path = JMXScript.mm; sourceTree = "<group>"; };
		AAFAADA1129097A200949028 /* JMXV8.h */ = {isa = PBXFileReference; fileEncoding = 4; lastKnownFileType = sourcecode.c.h; path = JMXV8.h; sourceTree = "<group>"; };
/* End PBXFileReference section */

/* Begin PBXFrameworksBuildPhase section */
		8D11072E0486CEB800E47090 /* Frameworks */ = {
			isa = PBXFrameworksBuildPhase;
			buildActionMask = 2147483647;
			files = (
				8D11072F0486CEB800E47090 /* Cocoa.framework in Frameworks */,
				82456BC41223DC8300236FE4 /* OpenGL.framework in Frameworks */,
				82456BC81223DC9900236FE4 /* QTKit.framework in Frameworks */,
				82456BCC1223DCA700236FE4 /* QuartzCore.framework in Frameworks */,
				AA2BE3F312353BA6006087E7 /* CoreAudio.framework in Frameworks */,
				AA2BE40B12353D5C006087E7 /* Accelerate.framework in Frameworks */,
				AADEBFC812414F7E00A6A06D /* AudioToolbox.framework in Frameworks */,
				AA052A6B1261D40E008C9F46 /* QuickTime.framework in Frameworks */,
				AA7F247212907AA500BE432F /* libv8.dylib in Frameworks */,
			);
			runOnlyForDeploymentPostprocessing = 0;
		};
/* End PBXFrameworksBuildPhase section */

/* Begin PBXGroup section */
		080E96DDFE201D6D7F000001 /* Classes */ = {
			isa = PBXGroup;
			children = (
				AAF17A90123E4D9D001319BA /* Core */,
				AAF17A91123E4DFA001319BA /* Entities */,
				8245763C1227DF2900236FE4 /* GUI */,
			);
			name = Classes;
			sourceTree = "<group>";
		};
		1058C7A0FEA54F0111CA2CBB /* Linked Frameworks */ = {
			isa = PBXGroup;
			children = (
				AA7F247112907AA500BE432F /* libv8.dylib */,
				82456BC31223DC8300236FE4 /* OpenGL.framework */,
				82456BC71223DC9900236FE4 /* QTKit.framework */,
				82456BCB1223DCA700236FE4 /* QuartzCore.framework */,
				1058C7A1FEA54F0111CA2CBB /* Cocoa.framework */,
				AA2BE3F212353BA6006087E7 /* CoreAudio.framework */,
				AA2BE40A12353D5C006087E7 /* Accelerate.framework */,
				AADEBFC712414F7E00A6A06D /* AudioToolbox.framework */,
			);
			name = "Linked Frameworks";
			sourceTree = "<group>";
		};
		1058C7A2FEA54F0111CA2CBB /* Other Frameworks */ = {
			isa = PBXGroup;
			children = (
				29B97324FDCFA39411CA2CEA /* AppKit.framework */,
				13E42FB307B3F0F600E4EEF1 /* CoreData.framework */,
				29B97325FDCFA39411CA2CEA /* Foundation.framework */,
			);
			name = "Other Frameworks";
			sourceTree = "<group>";
		};
		19C28FACFE9D520D11CA2CBB /* Products */ = {
			isa = PBXGroup;
			children = (
				8D1107320486CEB800E47090 /* JMX.app */,
			);
			name = Products;
			sourceTree = "<group>";
		};
		29B97314FDCFA39411CA2CEA /* MoviePlayerD */ = {
			isa = PBXGroup;
			children = (
				080E96DDFE201D6D7F000001 /* Classes */,
				29B97315FDCFA39411CA2CEA /* Other Sources */,
				29B97317FDCFA39411CA2CEA /* Resources */,
				29B97323FDCFA39411CA2CEA /* Frameworks */,
				19C28FACFE9D520D11CA2CBB /* Products */,
			);
			name = MoviePlayerD;
			sourceTree = "<group>";
		};
		29B97315FDCFA39411CA2CEA /* Other Sources */ = {
			isa = PBXGroup;
			children = (
				256AC3F00F4B6AF500CF3369 /* JMX_Prefix.pch */,
				256AC3D80F4B6AC300CF3369 /* JMXAppDelegate.h */,
				256AC3D90F4B6AC300CF3369 /* JMXAppDelegate.m */,
				29B97316FDCFA39411CA2CEA /* main.m */,
			);
			name = "Other Sources";
			sourceTree = "<group>";
		};
		29B97317FDCFA39411CA2CEA /* Resources */ = {
			isa = PBXGroup;
			children = (
				AA555FC912AEF39600C882FF /* CIAlphaFade.cikernel */,
				AA54B28A12A1215000EC60B2 /* jmx-icon.icns */,
				8D1107310486CEB800E47090 /* JMX-Info.plist */,
				089C165CFE840E0CC02AAC07 /* InfoPlist.strings */,
				1DDD58140DA1D0A300B32029 /* MainMenu.xib */,
				82EA042E1240BE4A00E28B72 /* JMXWindow.xib */,
			);
			name = Resources;
			sourceTree = "<group>";
		};
		29B97323FDCFA39411CA2CEA /* Frameworks */ = {
			isa = PBXGroup;
			children = (
				AA052A691261D3FE008C9F46 /* i386 Frameworks */,
				1058C7A0FEA54F0111CA2CBB /* Linked Frameworks */,
				1058C7A2FEA54F0111CA2CBB /* Other Frameworks */,
			);
			name = Frameworks;
			sourceTree = "<group>";
		};
		8245763C1227DF2900236FE4 /* GUI */ = {
			isa = PBXGroup;
			children = (
				825C31981275AFB6006376B8 /* JMXGUIConstants.h */,
				825C31991275AFB6006376B8 /* JMXLibraryTableView.h */,
				825C319A1275AFB6006376B8 /* JMXLibraryTableView.m */,
				825C319B1275AFB6006376B8 /* JMXLibraryTableViewDelegate.h */,
				825C319C1275AFB6006376B8 /* JMXLibraryTableViewDelegate.m */,
				825C318E1275AF5B006376B8 /* JMXBoardLayer.h */,
				825C318F1275AF5B006376B8 /* JMXBoardLayer.m */,
				825C31881275AF4B006376B8 /* JMXOutletLabelLayer.h */,
				825C31891275AF4B006376B8 /* JMXOutletLabelLayer.m */,
				825C31821275AF03006376B8 /* JMXEntityLabelLayer.h */,
				825C31831275AF03006376B8 /* JMXEntityLabelLayer.m */,
				825C30C61275AD32006376B8 /* JMXBoardInputPanel.h */,
				825C30C71275AD32006376B8 /* JMXBoardInputPanel.m */,
				825C30C81275AD32006376B8 /* JMXBoardInputString.h */,
				825C30C91275AD32006376B8 /* JMXBoardInputString.m */,
				825C30CA1275AD32006376B8 /* JMXBoardSelection.h */,
				825C30CB1275AD32006376B8 /* JMXBoardSelection.m */,
				825C30CC1275AD32006376B8 /* JMXBoardView.h */,
				825C30CD1275AD32006376B8 /* JMXBoardView.m */,
				825C30CE1275AD32006376B8 /* JMXConnectorLayer.h */,
				825C30D01275AD32006376B8 /* JMXDocument.h */,
				825C30CF1275AD32006376B8 /* JMXConnectorLayer.m */,
				825C30D11275AD32006376B8 /* JMXDocument.m */,
				825C30D41275AD32006376B8 /* JMXEntityInspectorPanel.h */,
				825C30D51275AD32006376B8 /* JMXEntityInspectorPanel.m */,
				825C30D61275AD32006376B8 /* JMXEntityLayer.h */,
				825C30D71275AD32006376B8 /* JMXEntityLayer.m */,
				825C30D81275AD32006376B8 /* JMXOutletLayer.h */,
				825C30D91275AD32006376B8 /* JMXOutletLayer.m */,
				825C30DA1275AD32006376B8 /* JMXPinLayer.h */,
				8245763D1227DF5800236FE4 /* JMXPinLayer.m */,
				82A21F5C12902EE50002738B /* JMXDocumentSplitViewDelegate.h */,
				82A21F5D12902EE50002738B /* JMXDocumentSplitViewDelegate.m */,
				82A2206B129091910002738B /* JMXBoardViewController.h */,
				82A2206C129091910002738B /* JMXBoardViewController.m */,
				82A220C8129098A60002738B /* JMXWindowController.h */,
				82A220C9129098A60002738B /* JMXWindowController.m */,
			);
			name = GUI;
			path = gui;
			sourceTree = "<group>";
		};
		825C30E51275ADB6006376B8 /* exporters */ = {
			isa = PBXGroup;
			children = (
				825C30E61275ADB6006376B8 /* JMXQtExporter.h */,
				825C30E71275ADB6006376B8 /* JMXQtExporter.m */,
			);
			path = exporters;
			sourceTree = "<group>";
		};
		825C30E81275ADB6006376B8 /* video_filters */ = {
			isa = PBXGroup;
			children = (
				825C30E91275ADB6006376B8 /* JMXCoreImageFilter.h */,
				825C30EA1275ADB6006376B8 /* JMXCoreImageFilter.mm */,
			);
			path = video_filters;
			sourceTree = "<group>";
		};
		825C30EB1275ADB6006376B8 /* video */ = {
			isa = PBXGroup;
			children = (
				825C310C1275ADB6006376B8 /* JMXVideoMixer.h */,
				825C310D1275ADB6006376B8 /* JMXVideoMixer.mm */,
				825C30EE1275ADB6006376B8 /* JMXImageEntity.h */,
				825C30EF1275ADB6006376B8 /* JMXImageEntity.mm */,
				825C30F21275ADB6006376B8 /* JMXQtVideoCaptureEntity.h */,
				825C30F31275ADB6006376B8 /* JMXQtVideoCaptureEntity.mm */,
				825C30F41275ADB6006376B8 /* JMXQtMovieEntity.h */,
				825C30F51275ADB6006376B8 /* JMXQtMovieEntity.mm */,
				AA3556F41277340200EAA2E4 /* JMXTextEntity.h */,
				AA3556F51277340200EAA2E4 /* JMXTextEntity.m */,
			);
			path = video;
			sourceTree = "<group>";
		};
		825C30F61275ADB6006376B8 /* audio_outputs */ = {
			isa = PBXGroup;
			children = (
				825C30F71275ADB6006376B8 /* JMXCoreAudioOutput.h */,
				825C30F81275ADB6006376B8 /* JMXCoreAudioOutput.mm */,
				825C30F91275ADB6006376B8 /* JMXQtAudioOutput.h */,
				825C30FA1275ADB6006376B8 /* JMXQtAudioOutput.m */,
			);
			path = audio_outputs;
			sourceTree = "<group>";
		};
		825C30FB1275ADB6006376B8 /* video_outputs */ = {
			isa = PBXGroup;
			children = (
				825C30FC1275ADB6006376B8 /* JMXOpenGLScreen.h */,
				825C30FD1275ADB6006376B8 /* JMXOpenGLScreen.mm */,
				825C30FE1275ADB6006376B8 /* JMXSoftScreen.h */,
				825C30FF1275ADB6006376B8 /* JMXSoftScreen.m */,
			);
			path = video_outputs;
			sourceTree = "<group>";
		};
		AA052A691261D3FE008C9F46 /* i386 Frameworks */ = {
			isa = PBXGroup;
			children = (
				AA052A6A1261D40E008C9F46 /* QuickTime.framework */,
			);
			name = "i386 Frameworks";
			sourceTree = "<group>";
		};
		AA8CC473128745B600A17115 /* audio */ = {
			isa = PBXGroup;
			children = (
				825C31001275ADB6006376B8 /* JMXAudioMixer.h */,
				825C31011275ADB6006376B8 /* JMXAudioMixer.mm */,
				825C30EC1275ADB6006376B8 /* JMXAudioFileEntity.h */,
				825C30ED1275ADB6006376B8 /* JMXAudioFileEntity.mm */,
				825C30F01275ADB6006376B8 /* JMXQtAudioCaptureEntity.h */,
				825C30F11275ADB6006376B8 /* JMXQtAudioCaptureEntity.m */,
			);
			path = audio;
			sourceTree = "<group>";
		};
		AAF17A90123E4D9D001319BA /* Core */ = {
			isa = PBXGroup;
			children = (
				AA555FC712AEF39600C882FF /* CIAlphaFade.m */,
				AA555FC812AEF39600C882FF /* CIAlphaFade.h */,
				825C31231275ADD6006376B8 /* JMXAudioBuffer.h */,
				825C31241275ADD6006376B8 /* JMXAudioBuffer.m */,
				825C31251275ADD6006376B8 /* JMXAudioDevice.h */,
				825C31261275ADD6006376B8 /* JMXAudioDevice.m */,
				825C31271275ADD6006376B8 /* JMXAudioFile.h */,
				825C31281275ADD6006376B8 /* JMXAudioFile.m */,
				825C31291275ADD6006376B8 /* JMXAudioFormat.h */,
				825C312A1275ADD6006376B8 /* JMXAudioFormat.m */,
				825C312B1275ADD6006376B8 /* JMXCompressor.h */,
				825C312C1275ADD6006376B8 /* JMXCompressor.m */,
				825C312D1275ADD6006376B8 /* JMXContext.h */,
				825C312E1275ADD6006376B8 /* JMXContext.m */,
				825C312F1275ADD6006376B8 /* JMXEntity.h */,
				825C31301275ADD6006376B8 /* JMXEntity.mm */,
				825C31441275ADD7006376B8 /* JMXThreadedEntity.h */,
				825C31451275ADD7006376B8 /* JMXThreadedEntity.mm */,
				AAFAADA1129097A200949028 /* JMXV8.h */,
				AACE7D311293195600FBDC0D /* JMXV8PropertyAccessors.h */,
				AACE7D321293195600FBDC0D /* JMXV8PropertyAccessors.mm */,
				AA3557E612795D0A00EAA2E4 /* JMXScript.h */,
				AAFAAD87129095EB00949028 /* JMXScript.mm */,
				825C31311275ADD6006376B8 /* JMXFileRead.h */,
				825C31321275ADD6006376B8 /* JMXInputPin.h */,
				825C31331275ADD6006376B8 /* JMXInputPin.m */,
				825C31341275ADD6006376B8 /* JMXOutputPin.h */,
				825C31351275ADD6006376B8 /* JMXOutputPin.m */,
				825C31361275ADD6006376B8 /* JMXPin.h */,
				825C31371275ADD6006376B8 /* JMXPin.mm */,
				825C31381275ADD7006376B8 /* JMXPinSignal.h */,
				825C31391275ADD7006376B8 /* JMXPinSignal.m */,
				825C313A1275ADD7006376B8 /* JMXPoint.h */,
				825C313B1275ADD7006376B8 /* JMXPoint.mm */,
				AAD13C48128EF2AB00ECB03A /* JMXColor.h */,
				AAD13C49128EF2AB00ECB03A /* JMXColor.mm */,
				825C31401275ADD7006376B8 /* JMXSize.h */,
				825C31411275ADD7006376B8 /* JMXSize.mm */,
				825C313C1275ADD7006376B8 /* JMXRingBuffer.h */,
				825C313D1275ADD7006376B8 /* JMXRingBuffer.m */,
				825C313E1275ADD7006376B8 /* JMXRunLoop.h */,
				825C313F1275ADD7006376B8 /* JMXSeekable.h */,
				825C31421275ADD7006376B8 /* JMXSpectrumAnalyzer.h */,
				825C31431275ADD7006376B8 /* JMXSpectrumAnalyzer.m */,
				AA3556FF1277347300EAA2E4 /* JMXTextRenderer.h */,
				AA3557001277347300EAA2E4 /* JMXTextRenderer.m */,
				AAD139B9128EA0DF00ECB03A /* JMXDrawPath.h */,
				AAD139BA128EA0DF00ECB03A /* JMXDrawPath.mm */,
				82AD7F6E1289F3C300C85EB1 /* JMXOpenGLDraw.h */,
				82AD7F6F1289F3C300C85EB1 /* JMXOpenGLDraw.mm */,
			);
			name = Core;
			path = core;
			sourceTree = "<group>";
		};
		AAF17A91123E4DFA001319BA /* Entities */ = {
			isa = PBXGroup;
			children = (
				825C30E51275ADB6006376B8 /* exporters */,
				825C30E81275ADB6006376B8 /* video_filters */,
				825C30EB1275ADB6006376B8 /* video */,
				AA8CC473128745B600A17115 /* audio */,
				825C30F61275ADB6006376B8 /* audio_outputs */,
				825C30FB1275ADB6006376B8 /* video_outputs */,
				825C31021275ADB6006376B8 /* JMXAudioOutput.h */,
				825C31031275ADB6006376B8 /* JMXAudioOutput.m */,
				825C31061275ADB6006376B8 /* JMXAudioSpectrumAnalyzer.h */,
				825C31071275ADB6006376B8 /* JMXAudioSpectrumAnalyzer.mm */,
				825C31081275ADB6006376B8 /* JMXExporter.h */,
				825C31091275ADB6006376B8 /* JMXExporter.m */,
				825C310A1275ADB6006376B8 /* JMXVideoEntity.h */,
				825C310B1275ADB6006376B8 /* JMXVideoEntity.mm */,
				825C310E1275ADB6006376B8 /* JMXVideoOutput.h */,
				825C310F1275ADB6006376B8 /* JMXVideoOutput.mm */,
				AA3557D812795C5500EAA2E4 /* JMXDrawEntity.h */,
				AA3557D912795C5500EAA2E4 /* JMXDrawEntity.mm */,
				AA8CB78C1282BB9800A17115 /* JMXScriptFile.h */,
				AA8CB78D1282BB9900A17115 /* JMXScriptFile.mm */,
				AACE7D02129315DE00FBDC0D /* JMXScriptEntity.h */,
				AACE7D03129315DE00FBDC0D /* JMXScriptEntity.mm */,
			);
			name = Entities;
			path = entities;
			sourceTree = "<group>";
		};
/* End PBXGroup section */

/* Begin PBXNativeTarget section */
		8D1107260486CEB800E47090 /* JMX */ = {
			isa = PBXNativeTarget;
			buildConfigurationList = C01FCF4A08A954540054247B /* Build configuration list for PBXNativeTarget "JMX" */;
			buildPhases = (
				8D1107290486CEB800E47090 /* Resources */,
				8D11072C0486CEB800E47090 /* Sources */,
				8D11072E0486CEB800E47090 /* Frameworks */,
				AAF6CA91127CD1320015AEDE /* Deploy third-party libraries */,
			);
			buildRules = (
			);
			dependencies = (
			);
			name = JMX;
			productInstallPath = "$(HOME)/Applications";
			productName = MoviePlayerD;
			productReference = 8D1107320486CEB800E47090 /* JMX.app */;
			productType = "com.apple.product-type.application";
		};
/* End PBXNativeTarget section */

/* Begin PBXProject section */
		29B97313FDCFA39411CA2CEA /* Project object */ = {
			isa = PBXProject;
			attributes = {
				ORGANIZATIONNAME = Dyne.org;
			};
			buildConfigurationList = C01FCF4E08A954540054247B /* Build configuration list for PBXProject "JMX" */;
			compatibilityVersion = "Xcode 3.2";
			hasScannedForEncodings = 1;
			knownRegions = (
				English,
				Japanese,
				French,
				German,
			);
			mainGroup = 29B97314FDCFA39411CA2CEA /* MoviePlayerD */;
			projectDirPath = "";
			projectRoot = "";
			targets = (
				8D1107260486CEB800E47090 /* JMX */,
			);
		};
/* End PBXProject section */

/* Begin PBXResourcesBuildPhase section */
		8D1107290486CEB800E47090 /* Resources */ = {
			isa = PBXResourcesBuildPhase;
			buildActionMask = 2147483647;
			files = (
				AA55601412AEF7CC00C882FF /* CIAlphaFade.cikernel in Resources */,
				8D11072B0486CEB800E47090 /* InfoPlist.strings in Resources */,
				1DDD58160DA1D0A300B32029 /* MainMenu.xib in Resources */,
				82EA042F1240BE4A00E28B72 /* JMXWindow.xib in Resources */,
				AA54B28B12A1215000EC60B2 /* jmx-icon.icns in Resources */,
			);
			runOnlyForDeploymentPostprocessing = 0;
		};
/* End PBXResourcesBuildPhase section */

/* Begin PBXShellScriptBuildPhase section */
		AAF6CA91127CD1320015AEDE /* Deploy third-party libraries */ = {
			isa = PBXShellScriptBuildPhase;
			buildActionMask = 2147483647;
			files = (
			);
			inputPaths = (
			);
			name = "Deploy third-party libraries";
			outputPaths = (
			);
			runOnlyForDeploymentPostprocessing = 0;
			shellPath = /bin/sh;
			shellScript = "V8_LIBNAME=\"\"\nif [ \"$CONFIGURATION\" = \"Debug\" ]; then\n\tV8_LIBNAME=libv8.dylib\nelse\n\tV8_LIBNAME=libv8.dylib\nfi\n\nif [ ! -d  $TARGET_BUILD_DIR/$PRODUCT_NAME.app/Contents/Frameworks ]; then\n\tmkdir $TARGET_BUILD_DIR/$PRODUCT_NAME.app/Contents/Frameworks\nfi\ncp $PROJECT_DIR/../v8-read-only/$V8_LIBNAME $TARGET_BUILD_DIR/$PRODUCT_NAME.app/Contents/Frameworks/\ninstall_name_tool -id @executable_path/../Frameworks/$V8_LIBNAME \\\n\t\"$TARGET_BUILD_DIR/$PRODUCT_NAME.app/Contents/Frameworks/$V8_LIBNAME\"\ninstall_name_tool \\\n\t-change $V8_LIBNAME \\\n\t@executable_path/../Frameworks/$V8_LIBNAME \\\n\t$TARGET_BUILD_DIR/$PRODUCT_NAME.app/Contents/MacOS/$PRODUCT_NAME";
		};
/* End PBXShellScriptBuildPhase section */

/* Begin PBXSourcesBuildPhase section */
		8D11072C0486CEB800E47090 /* Sources */ = {
			isa = PBXSourcesBuildPhase;
			buildActionMask = 2147483647;
			files = (
				8D11072D0486CEB800E47090 /* main.m in Sources */,
				256AC3DA0F4B6AC300CF3369 /* JMXAppDelegate.m in Sources */,
				824576451227DF5800236FE4 /* JMXPinLayer.m in Sources */,
				825C30DB1275AD32006376B8 /* JMXBoardInputPanel.m in Sources */,
				825C30DC1275AD32006376B8 /* JMXBoardInputString.m in Sources */,
				825C30DD1275AD32006376B8 /* JMXBoardSelection.m in Sources */,
				825C30DE1275AD32006376B8 /* JMXBoardView.m in Sources */,
				825C30DF1275AD32006376B8 /* JMXConnectorLayer.m in Sources */,
				825C30E01275AD32006376B8 /* JMXDocument.m in Sources */,
				825C30E21275AD32006376B8 /* JMXEntityInspectorPanel.m in Sources */,
				825C30E31275AD32006376B8 /* JMXEntityLayer.m in Sources */,
				825C30E41275AD32006376B8 /* JMXOutletLayer.m in Sources */,
				825C31101275ADB6006376B8 /* JMXQtExporter.m in Sources */,
				825C31111275ADB6006376B8 /* JMXCoreImageFilter.mm in Sources */,
				825C31121275ADB6006376B8 /* JMXAudioFileEntity.mm in Sources */,
				825C31131275ADB6006376B8 /* JMXImageEntity.mm in Sources */,
				825C31141275ADB6006376B8 /* JMXQtAudioCaptureEntity.m in Sources */,
				825C31151275ADB6006376B8 /* JMXQtVideoCaptureEntity.mm in Sources */,
				825C31161275ADB6006376B8 /* JMXQtMovieEntity.mm in Sources */,
				825C31171275ADB6006376B8 /* JMXCoreAudioOutput.mm in Sources */,
				825C31181275ADB6006376B8 /* JMXQtAudioOutput.m in Sources */,
				825C31191275ADB6006376B8 /* JMXOpenGLScreen.mm in Sources */,
				825C311A1275ADB6006376B8 /* JMXSoftScreen.m in Sources */,
				825C311B1275ADB6006376B8 /* JMXAudioMixer.mm in Sources */,
				825C311C1275ADB6006376B8 /* JMXAudioOutput.m in Sources */,
				825C311E1275ADB6006376B8 /* JMXAudioSpectrumAnalyzer.mm in Sources */,
				825C311F1275ADB6006376B8 /* JMXExporter.m in Sources */,
				825C31201275ADB6006376B8 /* JMXVideoEntity.mm in Sources */,
				825C31211275ADB6006376B8 /* JMXVideoMixer.mm in Sources */,
				825C31221275ADB6006376B8 /* JMXVideoOutput.mm in Sources */,
				825C31461275ADD7006376B8 /* JMXAudioBuffer.m in Sources */,
				825C31471275ADD7006376B8 /* JMXAudioDevice.m in Sources */,
				825C31481275ADD7006376B8 /* JMXAudioFile.m in Sources */,
				825C31491275ADD7006376B8 /* JMXAudioFormat.m in Sources */,
				825C314A1275ADD7006376B8 /* JMXCompressor.m in Sources */,
				825C314B1275ADD7006376B8 /* JMXContext.m in Sources */,
				825C314C1275ADD7006376B8 /* JMXEntity.mm in Sources */,
				825C314D1275ADD7006376B8 /* JMXInputPin.m in Sources */,
				825C314E1275ADD7006376B8 /* JMXOutputPin.m in Sources */,
				825C314F1275ADD7006376B8 /* JMXPin.mm in Sources */,
				825C31501275ADD7006376B8 /* JMXPinSignal.m in Sources */,
				825C31511275ADD7006376B8 /* JMXPoint.mm in Sources */,
				825C31521275ADD7006376B8 /* JMXRingBuffer.m in Sources */,
				825C31531275ADD7006376B8 /* JMXSize.mm in Sources */,
				825C31541275ADD7006376B8 /* JMXSpectrumAnalyzer.m in Sources */,
				825C31551275ADD7006376B8 /* JMXThreadedEntity.mm in Sources */,
				825C31841275AF03006376B8 /* JMXEntityLabelLayer.m in Sources */,
				825C318A1275AF4B006376B8 /* JMXOutletLabelLayer.m in Sources */,
				825C31901275AF5B006376B8 /* JMXBoardLayer.m in Sources */,
				825C319D1275AFB6006376B8 /* JMXLibraryTableView.m in Sources */,
				825C319E1275AFB6006376B8 /* JMXLibraryTableViewDelegate.m in Sources */,
				AA3557441277468800EAA2E4 /* JMXTextRenderer.m in Sources */,
				AA3557451277468800EAA2E4 /* JMXTextEntity.m in Sources */,
				AA3557DA12795C5500EAA2E4 /* JMXDrawEntity.mm in Sources */,
				AA8CB78E1282BB9900A17115 /* JMXScriptFile.mm in Sources */,
				82AD7F701289F3C300C85EB1 /* JMXOpenGLDraw.mm in Sources */,
				AAD139BB128EA0DF00ECB03A /* JMXDrawPath.mm in Sources */,
				AAD13C4A128EF2AB00ECB03A /* JMXColor.mm in Sources */,
				82A21F5E12902EE50002738B /* JMXDocumentSplitViewDelegate.m in Sources */,
				AAFAAD88129095EB00949028 /* JMXScript.mm in Sources */,
				82A2206D129091910002738B /* JMXBoardViewController.m in Sources */,
				82A220CA129098A60002738B /* JMXWindowController.m in Sources */,
				AACE7D04129315DE00FBDC0D /* JMXScriptEntity.mm in Sources */,
				AACE7D331293195600FBDC0D /* JMXV8PropertyAccessors.mm in Sources */,
				AA555FCA12AEF39600C882FF /* CIAlphaFade.m in Sources */,
			);
			runOnlyForDeploymentPostprocessing = 0;
		};
/* End PBXSourcesBuildPhase section */

/* Begin PBXVariantGroup section */
		089C165CFE840E0CC02AAC07 /* InfoPlist.strings */ = {
			isa = PBXVariantGroup;
			children = (
				089C165DFE840E0CC02AAC07 /* English */,
			);
			name = InfoPlist.strings;
			sourceTree = "<group>";
		};
		1DDD58140DA1D0A300B32029 /* MainMenu.xib */ = {
			isa = PBXVariantGroup;
			children = (
				1DDD58150DA1D0A300B32029 /* English */,
			);
			name = MainMenu.xib;
			sourceTree = "<group>";
		};
/* End PBXVariantGroup section */

/* Begin XCBuildConfiguration section */
		C01FCF4B08A954540054247B /* Debug */ = {
			isa = XCBuildConfiguration;
			buildSettings = {
				ALWAYS_SEARCH_USER_PATHS = NO;
				COPY_PHASE_STRIP = NO;
				GCC_DYNAMIC_NO_PIC = NO;
				GCC_ENABLE_FIX_AND_CONTINUE = YES;
				GCC_MODEL_TUNING = G5;
				GCC_OPTIMIZATION_LEVEL = 0;
				GCC_PRECOMPILE_PREFIX_HEADER = YES;
				GCC_PREFIX_HEADER = JMX_Prefix.pch;
				INFOPLIST_FILE = "JMX-Info.plist";
				INSTALL_PATH = "$(HOME)/Applications";
				LIBRARY_SEARCH_PATHS = (
					"$(inherited)",
					"\"$(SRCROOT)/../v8-read-only\"",
				);
				PRODUCT_NAME = JMX;
			};
			name = Debug;
		};
		C01FCF4C08A954540054247B /* Release */ = {
			isa = XCBuildConfiguration;
			buildSettings = {
				ALWAYS_SEARCH_USER_PATHS = NO;
				DEBUG_INFORMATION_FORMAT = "dwarf-with-dsym";
				GCC_MODEL_TUNING = G5;
				GCC_PRECOMPILE_PREFIX_HEADER = YES;
				GCC_PREFIX_HEADER = JMX_Prefix.pch;
				INFOPLIST_FILE = "JMX-Info.plist";
				INSTALL_PATH = "$(HOME)/Applications";
				LIBRARY_SEARCH_PATHS = (
					"$(inherited)",
					"\"$(SRCROOT)/../v8-read-only\"",
				);
				PRODUCT_NAME = JMX;
			};
			name = Release;
		};
		C01FCF4F08A954540054247B /* Debug */ = {
			isa = XCBuildConfiguration;
			buildSettings = {
				ARCHS = "$(ARCHS_STANDARD_32_64_BIT)";
				GCC_ALTIVEC_EXTENSIONS = YES;
				GCC_AUTO_VECTORIZATION = YES;
				GCC_C_LANGUAGE_STANDARD = gnu99;
				GCC_ENABLE_SSE3_EXTENSIONS = YES;
				GCC_ENABLE_SSE41_EXTENSIONS = YES;
				GCC_ENABLE_SSE42_EXTENSIONS = YES;
				GCC_ENABLE_SUPPLEMENTAL_SSE3_INSTRUCTIONS = YES;
				GCC_OPTIMIZATION_LEVEL = 3;
				GCC_UNROLL_LOOPS = YES;
				GCC_WARN_ABOUT_RETURN_TYPE = YES;
				GCC_WARN_UNUSED_VARIABLE = YES;
				HEADER_SEARCH_PATHS = (
					"$PROJECT_DIR/../v8-read-only/include/**",
					"$PROJECT_DIR/**",
				);
				LIBRARY_SEARCH_PATHS = "$PROJECT_DIR/../v8-read-only/include/**";
				ONLY_ACTIVE_ARCH = YES;
				PREBINDING = NO;
				SDKROOT = macosx10.6;
				VALID_ARCHS = "i386 x86_64";
			};
			name = Debug;
		};
		C01FCF5008A954540054247B /* Release */ = {
			isa = XCBuildConfiguration;
			buildSettings = {
				ARCHS = "$(ARCHS_STANDARD_32_64_BIT)";
				GCC_ALTIVEC_EXTENSIONS = YES;
				GCC_AUTO_VECTORIZATION = YES;
				GCC_C_LANGUAGE_STANDARD = gnu99;
				GCC_ENABLE_SSE3_EXTENSIONS = YES;
				GCC_ENABLE_SSE41_EXTENSIONS = YES;
				GCC_ENABLE_SSE42_EXTENSIONS = YES;
				GCC_ENABLE_SUPPLEMENTAL_SSE3_INSTRUCTIONS = YES;
				GCC_GENERATE_DEBUGGING_SYMBOLS = NO;
				GCC_OPTIMIZATION_LEVEL = 3;
				GCC_UNROLL_LOOPS = YES;
				GCC_WARN_ABOUT_RETURN_TYPE = YES;
				GCC_WARN_UNUSED_VARIABLE = YES;
				HEADER_SEARCH_PATHS = (
					"$PROJECT_DIR/../v8-read-only/include/**",
					"$PROJECT_DIR/**",
				);
				LIBRARY_SEARCH_PATHS = "$PROJECT_DIR/../v8-read-only/include/**";
				ONLY_ACTIVE_ARCH = NO;
				PREBINDING = NO;
				SDKROOT = macosx10.6;
				VALID_ARCHS = "i386 x86_64";
			};
			name = Release;
		};
/* End XCBuildConfiguration section */

/* Begin XCConfigurationList section */
		C01FCF4A08A954540054247B /* Build configuration list for PBXNativeTarget "JMX" */ = {
			isa = XCConfigurationList;
			buildConfigurations = (
				C01FCF4B08A954540054247B /* Debug */,
				C01FCF4C08A954540054247B /* Release */,
			);
			defaultConfigurationIsVisible = 0;
			defaultConfigurationName = Release;
		};
		C01FCF4E08A954540054247B /* Build configuration list for PBXProject "JMX" */ = {
			isa = XCConfigurationList;
			buildConfigurations = (
				C01FCF4F08A954540054247B /* Debug */,
				C01FCF5008A954540054247B /* Release */,
			);
			defaultConfigurationIsVisible = 0;
			defaultConfigurationName = Release;
		};
/* End XCConfigurationList section */
	};
	rootObject = 29B97313FDCFA39411CA2CEA /* Project object */;
}
