// !$*UTF8*$!
{
	archiveVersion = 1;
	classes = {
	};
	objectVersion = 46;
	objects = {

/* Begin PBXBuildFile section */
		1DDD58160DA1D0A300B32029 /* MainMenu.xib in Resources */ = {isa = PBXBuildFile; fileRef = 1DDD58140DA1D0A300B32029 /* MainMenu.xib */; };
		256AC3DA0F4B6AC300CF3369 /* VeeJayAppDelegate.m in Sources */ = {isa = PBXBuildFile; fileRef = 256AC3D90F4B6AC300CF3369 /* VeeJayAppDelegate.m */; };
		82456BC41223DC8300236FE4 /* OpenGL.framework in Frameworks */ = {isa = PBXBuildFile; fileRef = 82456BC31223DC8300236FE4 /* OpenGL.framework */; };
		82456BC81223DC9900236FE4 /* QTKit.framework in Frameworks */ = {isa = PBXBuildFile; fileRef = 82456BC71223DC9900236FE4 /* QTKit.framework */; };
		82456BCC1223DCA700236FE4 /* QuartzCore.framework in Frameworks */ = {isa = PBXBuildFile; fileRef = 82456BCB1223DCA700236FE4 /* QuartzCore.framework */; };
		824576451227DF5800236FE4 /* VJXPinLayer.m in Sources */ = {isa = PBXBuildFile; fileRef = 8245763D1227DF5800236FE4 /* VJXPinLayer.m */; };
		825C30DB1275AD32006376B8 /* VJXBoardInputPanel.m in Sources */ = {isa = PBXBuildFile; fileRef = 825C30C71275AD32006376B8 /* VJXBoardInputPanel.m */; };
		825C30DC1275AD32006376B8 /* VJXBoardInputString.m in Sources */ = {isa = PBXBuildFile; fileRef = 825C30C91275AD32006376B8 /* VJXBoardInputString.m */; };
		825C30DD1275AD32006376B8 /* VJXBoardSelection.m in Sources */ = {isa = PBXBuildFile; fileRef = 825C30CB1275AD32006376B8 /* VJXBoardSelection.m */; };
		825C30DE1275AD32006376B8 /* VJXBoardView.m in Sources */ = {isa = PBXBuildFile; fileRef = 825C30CD1275AD32006376B8 /* VJXBoardView.m */; };
		825C30DF1275AD32006376B8 /* VJXConnectorLayer.m in Sources */ = {isa = PBXBuildFile; fileRef = 825C30CF1275AD32006376B8 /* VJXConnectorLayer.m */; };
		825C30E01275AD32006376B8 /* VJXDocument.m in Sources */ = {isa = PBXBuildFile; fileRef = 825C30D11275AD32006376B8 /* VJXDocument.m */; };
		825C30E21275AD32006376B8 /* VJXEntityInspectorPanel.m in Sources */ = {isa = PBXBuildFile; fileRef = 825C30D51275AD32006376B8 /* VJXEntityInspectorPanel.m */; };
		825C30E31275AD32006376B8 /* VJXEntityLayer.m in Sources */ = {isa = PBXBuildFile; fileRef = 825C30D71275AD32006376B8 /* VJXEntityLayer.m */; };
		825C30E41275AD32006376B8 /* VJXOutletLayer.m in Sources */ = {isa = PBXBuildFile; fileRef = 825C30D91275AD32006376B8 /* VJXOutletLayer.m */; };
		825C31101275ADB6006376B8 /* VJXQtExporter.m in Sources */ = {isa = PBXBuildFile; fileRef = 825C30E71275ADB6006376B8 /* VJXQtExporter.m */; };
		825C31111275ADB6006376B8 /* VJXVideoFilter.m in Sources */ = {isa = PBXBuildFile; fileRef = 825C30EA1275ADB6006376B8 /* VJXVideoFilter.m */; };
		825C31121275ADB6006376B8 /* VJXAudioFileLayer.m in Sources */ = {isa = PBXBuildFile; fileRef = 825C30ED1275ADB6006376B8 /* VJXAudioFileLayer.m */; };
		825C31131275ADB6006376B8 /* VJXImageLayer.m in Sources */ = {isa = PBXBuildFile; fileRef = 825C30EF1275ADB6006376B8 /* VJXImageLayer.m */; };
		825C31141275ADB6006376B8 /* VJXQtAudioCaptureLayer.m in Sources */ = {isa = PBXBuildFile; fileRef = 825C30F11275ADB6006376B8 /* VJXQtAudioCaptureLayer.m */; };
		825C31151275ADB6006376B8 /* VJXQtVideoCaptureLayer.m in Sources */ = {isa = PBXBuildFile; fileRef = 825C30F31275ADB6006376B8 /* VJXQtVideoCaptureLayer.m */; };
		825C31161275ADB6006376B8 /* VJXQtVideoLayer.m in Sources */ = {isa = PBXBuildFile; fileRef = 825C30F51275ADB6006376B8 /* VJXQtVideoLayer.m */; };
		825C31171275ADB6006376B8 /* VJXCoreAudioOutput.m in Sources */ = {isa = PBXBuildFile; fileRef = 825C30F81275ADB6006376B8 /* VJXCoreAudioOutput.m */; };
		825C31181275ADB6006376B8 /* VJXQtAudioOutput.m in Sources */ = {isa = PBXBuildFile; fileRef = 825C30FA1275ADB6006376B8 /* VJXQtAudioOutput.m */; };
		825C31191275ADB6006376B8 /* VJXOpenGLScreen.mm in Sources */ = {isa = PBXBuildFile; fileRef = 825C30FD1275ADB6006376B8 /* VJXOpenGLScreen.mm */; };
		825C311A1275ADB6006376B8 /* VJXSoftScreen.m in Sources */ = {isa = PBXBuildFile; fileRef = 825C30FF1275ADB6006376B8 /* VJXSoftScreen.m */; };
		825C311B1275ADB6006376B8 /* VJXAudioMixer.m in Sources */ = {isa = PBXBuildFile; fileRef = 825C31011275ADB6006376B8 /* VJXAudioMixer.m */; };
		825C311C1275ADB6006376B8 /* VJXAudioOutput.m in Sources */ = {isa = PBXBuildFile; fileRef = 825C31031275ADB6006376B8 /* VJXAudioOutput.m */; };
		825C311D1275ADB6006376B8 /* VJXAudioScheduler.m in Sources */ = {isa = PBXBuildFile; fileRef = 825C31051275ADB6006376B8 /* VJXAudioScheduler.m */; };
		825C311E1275ADB6006376B8 /* VJXAudioSpectrumAnalyzer.m in Sources */ = {isa = PBXBuildFile; fileRef = 825C31071275ADB6006376B8 /* VJXAudioSpectrumAnalyzer.m */; };
		825C311F1275ADB6006376B8 /* VJXExporter.m in Sources */ = {isa = PBXBuildFile; fileRef = 825C31091275ADB6006376B8 /* VJXExporter.m */; };
		825C31201275ADB6006376B8 /* VJXVideoEntity.mm in Sources */ = {isa = PBXBuildFile; fileRef = 825C310B1275ADB6006376B8 /* VJXVideoEntity.mm */; };
		825C31211275ADB6006376B8 /* VJXVideoMixer.mm in Sources */ = {isa = PBXBuildFile; fileRef = 825C310D1275ADB6006376B8 /* VJXVideoMixer.mm */; };
		825C31221275ADB6006376B8 /* VJXVideoOutput.mm in Sources */ = {isa = PBXBuildFile; fileRef = 825C310F1275ADB6006376B8 /* VJXVideoOutput.mm */; };
		825C31461275ADD7006376B8 /* VJXAudioBuffer.m in Sources */ = {isa = PBXBuildFile; fileRef = 825C31241275ADD6006376B8 /* VJXAudioBuffer.m */; };
		825C31471275ADD7006376B8 /* VJXAudioDevice.m in Sources */ = {isa = PBXBuildFile; fileRef = 825C31261275ADD6006376B8 /* VJXAudioDevice.m */; };
		825C31481275ADD7006376B8 /* VJXAudioFile.m in Sources */ = {isa = PBXBuildFile; fileRef = 825C31281275ADD6006376B8 /* VJXAudioFile.m */; };
		825C31491275ADD7006376B8 /* VJXAudioFormat.m in Sources */ = {isa = PBXBuildFile; fileRef = 825C312A1275ADD6006376B8 /* VJXAudioFormat.m */; };
		825C314A1275ADD7006376B8 /* VJXCompressor.m in Sources */ = {isa = PBXBuildFile; fileRef = 825C312C1275ADD6006376B8 /* VJXCompressor.m */; };
		825C314B1275ADD7006376B8 /* VJXContext.m in Sources */ = {isa = PBXBuildFile; fileRef = 825C312E1275ADD6006376B8 /* VJXContext.m */; };
		825C314C1275ADD7006376B8 /* VJXEntity.mm in Sources */ = {isa = PBXBuildFile; fileRef = 825C31301275ADD6006376B8 /* VJXEntity.mm */; };
		825C314D1275ADD7006376B8 /* VJXInputPin.m in Sources */ = {isa = PBXBuildFile; fileRef = 825C31331275ADD6006376B8 /* VJXInputPin.m */; };
		825C314E1275ADD7006376B8 /* VJXOutputPin.m in Sources */ = {isa = PBXBuildFile; fileRef = 825C31351275ADD6006376B8 /* VJXOutputPin.m */; };
		825C314F1275ADD7006376B8 /* VJXPin.m in Sources */ = {isa = PBXBuildFile; fileRef = 825C31371275ADD6006376B8 /* VJXPin.m */; };
		825C31501275ADD7006376B8 /* VJXPinSignal.m in Sources */ = {isa = PBXBuildFile; fileRef = 825C31391275ADD7006376B8 /* VJXPinSignal.m */; };
		825C31511275ADD7006376B8 /* VJXPoint.m in Sources */ = {isa = PBXBuildFile; fileRef = 825C313B1275ADD7006376B8 /* VJXPoint.m */; };
		825C31521275ADD7006376B8 /* VJXRingBuffer.m in Sources */ = {isa = PBXBuildFile; fileRef = 825C313D1275ADD7006376B8 /* VJXRingBuffer.m */; };
		825C31531275ADD7006376B8 /* VJXSize.m in Sources */ = {isa = PBXBuildFile; fileRef = 825C31411275ADD7006376B8 /* VJXSize.m */; };
		825C31541275ADD7006376B8 /* VJXSpectrumAnalyzer.m in Sources */ = {isa = PBXBuildFile; fileRef = 825C31431275ADD7006376B8 /* VJXSpectrumAnalyzer.m */; };
		825C31551275ADD7006376B8 /* VJXThreadedEntity.m in Sources */ = {isa = PBXBuildFile; fileRef = 825C31451275ADD7006376B8 /* VJXThreadedEntity.m */; };
		825C31841275AF03006376B8 /* VJXEntityLabelLayer.m in Sources */ = {isa = PBXBuildFile; fileRef = 825C31831275AF03006376B8 /* VJXEntityLabelLayer.m */; };
		825C318A1275AF4B006376B8 /* VJXOutletLabelLayer.m in Sources */ = {isa = PBXBuildFile; fileRef = 825C31891275AF4B006376B8 /* VJXOutletLabelLayer.m */; };
		825C31901275AF5B006376B8 /* VJXBoardLayer.m in Sources */ = {isa = PBXBuildFile; fileRef = 825C318F1275AF5B006376B8 /* VJXBoardLayer.m */; };
		825C319D1275AFB6006376B8 /* VJXLibraryTableView.m in Sources */ = {isa = PBXBuildFile; fileRef = 825C319A1275AFB6006376B8 /* VJXLibraryTableView.m */; };
		825C319E1275AFB6006376B8 /* VJXLibraryTableViewDelegate.m in Sources */ = {isa = PBXBuildFile; fileRef = 825C319C1275AFB6006376B8 /* VJXLibraryTableViewDelegate.m */; };
		825C32131275BEE3006376B8 /* VJXEntityOutlineView.m in Sources */ = {isa = PBXBuildFile; fileRef = 825C32121275BEE3006376B8 /* VJXEntityOutlineView.m */; };
		82EA042F1240BE4A00E28B72 /* VJXDocument.xib in Resources */ = {isa = PBXBuildFile; fileRef = 82EA042E1240BE4A00E28B72 /* VJXDocument.xib */; };
		8D11072B0486CEB800E47090 /* InfoPlist.strings in Resources */ = {isa = PBXBuildFile; fileRef = 089C165CFE840E0CC02AAC07 /* InfoPlist.strings */; };
		8D11072D0486CEB800E47090 /* main.m in Sources */ = {isa = PBXBuildFile; fileRef = 29B97316FDCFA39411CA2CEA /* main.m */; settings = {ATTRIBUTES = (); }; };
		8D11072F0486CEB800E47090 /* Cocoa.framework in Frameworks */ = {isa = PBXBuildFile; fileRef = 1058C7A1FEA54F0111CA2CBB /* Cocoa.framework */; };
		AA052A6B1261D40E008C9F46 /* QuickTime.framework in Frameworks */ = {isa = PBXBuildFile; fileRef = AA052A6A1261D40E008C9F46 /* QuickTime.framework */; };
		AA2BE3F312353BA6006087E7 /* CoreAudio.framework in Frameworks */ = {isa = PBXBuildFile; fileRef = AA2BE3F212353BA6006087E7 /* CoreAudio.framework */; };
		AA2BE40B12353D5C006087E7 /* Accelerate.framework in Frameworks */ = {isa = PBXBuildFile; fileRef = AA2BE40A12353D5C006087E7 /* Accelerate.framework */; };
		AA3557441277468800EAA2E4 /* VJXTextRenderer.m in Sources */ = {isa = PBXBuildFile; fileRef = AA3557001277347300EAA2E4 /* VJXTextRenderer.m */; };
		AA3557451277468800EAA2E4 /* VJXTextLayer.m in Sources */ = {isa = PBXBuildFile; fileRef = AA3556F51277340200EAA2E4 /* VJXTextLayer.m */; };
		AA3557DA12795C5500EAA2E4 /* VJXDrawing.m in Sources */ = {isa = PBXBuildFile; fileRef = AA3557D912795C5500EAA2E4 /* VJXDrawing.m */; };
		AADEBFC812414F7E00A6A06D /* AudioToolbox.framework in Frameworks */ = {isa = PBXBuildFile; fileRef = AADEBFC712414F7E00A6A06D /* AudioToolbox.framework */; };
		AAF6C9E7127CCE840015AEDE /* libv8.dylib in Frameworks */ = {isa = PBXBuildFile; fileRef = AAF6C9E6127CCE840015AEDE /* libv8.dylib */; };
		AAF6CA8E127CD1210015AEDE /* VJXJavaScript.mm in Sources */ = {isa = PBXBuildFile; fileRef = AA3557E712795D0A00EAA2E4 /* VJXJavaScript.mm */; };
/* End PBXBuildFile section */

/* Begin PBXFileReference section */
		089C165DFE840E0CC02AAC07 /* English */ = {isa = PBXFileReference; fileEncoding = 4; lastKnownFileType = text.plist.strings; name = English; path = English.lproj/InfoPlist.strings; sourceTree = "<group>"; };
		1058C7A1FEA54F0111CA2CBB /* Cocoa.framework */ = {isa = PBXFileReference; lastKnownFileType = wrapper.framework; name = Cocoa.framework; path = /System/Library/Frameworks/Cocoa.framework; sourceTree = "<absolute>"; };
		13E42FB307B3F0F600E4EEF1 /* CoreData.framework */ = {isa = PBXFileReference; lastKnownFileType = wrapper.framework; name = CoreData.framework; path = /System/Library/Frameworks/CoreData.framework; sourceTree = "<absolute>"; };
		1DDD58150DA1D0A300B32029 /* English */ = {isa = PBXFileReference; lastKnownFileType = file.xib; name = English; path = English.lproj/MainMenu.xib; sourceTree = "<group>"; };
		256AC3D80F4B6AC300CF3369 /* VeeJayAppDelegate.h */ = {isa = PBXFileReference; fileEncoding = 4; lastKnownFileType = sourcecode.c.h; path = VeeJayAppDelegate.h; sourceTree = "<group>"; };
		256AC3D90F4B6AC300CF3369 /* VeeJayAppDelegate.m */ = {isa = PBXFileReference; fileEncoding = 4; lastKnownFileType = sourcecode.c.objc; path = VeeJayAppDelegate.m; sourceTree = "<group>"; };
		256AC3F00F4B6AF500CF3369 /* VeeJay_Prefix.pch */ = {isa = PBXFileReference; fileEncoding = 4; lastKnownFileType = sourcecode.c.h; path = VeeJay_Prefix.pch; sourceTree = "<group>"; };
		29B97316FDCFA39411CA2CEA /* main.m */ = {isa = PBXFileReference; fileEncoding = 4; lastKnownFileType = sourcecode.c.objc; path = main.m; sourceTree = "<group>"; };
		29B97324FDCFA39411CA2CEA /* AppKit.framework */ = {isa = PBXFileReference; lastKnownFileType = wrapper.framework; name = AppKit.framework; path = /System/Library/Frameworks/AppKit.framework; sourceTree = "<absolute>"; };
		29B97325FDCFA39411CA2CEA /* Foundation.framework */ = {isa = PBXFileReference; lastKnownFileType = wrapper.framework; name = Foundation.framework; path = /System/Library/Frameworks/Foundation.framework; sourceTree = "<absolute>"; };
		82456BC31223DC8300236FE4 /* OpenGL.framework */ = {isa = PBXFileReference; lastKnownFileType = wrapper.framework; name = OpenGL.framework; path = System/Library/Frameworks/OpenGL.framework; sourceTree = SDKROOT; };
		82456BC71223DC9900236FE4 /* QTKit.framework */ = {isa = PBXFileReference; lastKnownFileType = wrapper.framework; name = QTKit.framework; path = System/Library/Frameworks/QTKit.framework; sourceTree = SDKROOT; };
		82456BCB1223DCA700236FE4 /* QuartzCore.framework */ = {isa = PBXFileReference; lastKnownFileType = wrapper.framework; name = QuartzCore.framework; path = System/Library/Frameworks/QuartzCore.framework; sourceTree = SDKROOT; };
		8245763D1227DF5800236FE4 /* VJXPinLayer.m */ = {isa = PBXFileReference; fileEncoding = 4; lastKnownFileType = sourcecode.c.objc; path = VJXPinLayer.m; sourceTree = "<group>"; };
		825C30C61275AD32006376B8 /* VJXBoardInputPanel.h */ = {isa = PBXFileReference; fileEncoding = 4; lastKnownFileType = sourcecode.c.h; path = VJXBoardInputPanel.h; sourceTree = "<group>"; };
		825C30C71275AD32006376B8 /* VJXBoardInputPanel.m */ = {isa = PBXFileReference; fileEncoding = 4; lastKnownFileType = sourcecode.c.objc; path = VJXBoardInputPanel.m; sourceTree = "<group>"; };
		825C30C81275AD32006376B8 /* VJXBoardInputString.h */ = {isa = PBXFileReference; fileEncoding = 4; lastKnownFileType = sourcecode.c.h; path = VJXBoardInputString.h; sourceTree = "<group>"; };
		825C30C91275AD32006376B8 /* VJXBoardInputString.m */ = {isa = PBXFileReference; fileEncoding = 4; lastKnownFileType = sourcecode.c.objc; path = VJXBoardInputString.m; sourceTree = "<group>"; };
		825C30CA1275AD32006376B8 /* VJXBoardSelection.h */ = {isa = PBXFileReference; fileEncoding = 4; lastKnownFileType = sourcecode.c.h; path = VJXBoardSelection.h; sourceTree = "<group>"; };
		825C30CB1275AD32006376B8 /* VJXBoardSelection.m */ = {isa = PBXFileReference; fileEncoding = 4; lastKnownFileType = sourcecode.c.objc; path = VJXBoardSelection.m; sourceTree = "<group>"; };
		825C30CC1275AD32006376B8 /* VJXBoardView.h */ = {isa = PBXFileReference; fileEncoding = 4; lastKnownFileType = sourcecode.c.h; path = VJXBoardView.h; sourceTree = "<group>"; };
		825C30CD1275AD32006376B8 /* VJXBoardView.m */ = {isa = PBXFileReference; fileEncoding = 4; lastKnownFileType = sourcecode.c.objc; path = VJXBoardView.m; sourceTree = "<group>"; };
		825C30CE1275AD32006376B8 /* VJXConnectorLayer.h */ = {isa = PBXFileReference; fileEncoding = 4; lastKnownFileType = sourcecode.c.h; path = VJXConnectorLayer.h; sourceTree = "<group>"; };
		825C30CF1275AD32006376B8 /* VJXConnectorLayer.m */ = {isa = PBXFileReference; fileEncoding = 4; lastKnownFileType = sourcecode.c.objc; path = VJXConnectorLayer.m; sourceTree = "<group>"; };
		825C30D01275AD32006376B8 /* VJXDocument.h */ = {isa = PBXFileReference; fileEncoding = 4; lastKnownFileType = sourcecode.c.h; path = VJXDocument.h; sourceTree = "<group>"; };
		825C30D11275AD32006376B8 /* VJXDocument.m */ = {isa = PBXFileReference; fileEncoding = 4; lastKnownFileType = sourcecode.c.objc; path = VJXDocument.m; sourceTree = "<group>"; };
		825C30D41275AD32006376B8 /* VJXEntityInspectorPanel.h */ = {isa = PBXFileReference; fileEncoding = 4; lastKnownFileType = sourcecode.c.h; path = VJXEntityInspectorPanel.h; sourceTree = "<group>"; };
		825C30D51275AD32006376B8 /* VJXEntityInspectorPanel.m */ = {isa = PBXFileReference; fileEncoding = 4; lastKnownFileType = sourcecode.c.objc; path = VJXEntityInspectorPanel.m; sourceTree = "<group>"; };
		825C30D61275AD32006376B8 /* VJXEntityLayer.h */ = {isa = PBXFileReference; fileEncoding = 4; lastKnownFileType = sourcecode.c.h; path = VJXEntityLayer.h; sourceTree = "<group>"; };
		825C30D71275AD32006376B8 /* VJXEntityLayer.m */ = {isa = PBXFileReference; fileEncoding = 4; lastKnownFileType = sourcecode.c.objc; path = VJXEntityLayer.m; sourceTree = "<group>"; };
		825C30D81275AD32006376B8 /* VJXOutletLayer.h */ = {isa = PBXFileReference; fileEncoding = 4; lastKnownFileType = sourcecode.c.h; path = VJXOutletLayer.h; sourceTree = "<group>"; };
		825C30D91275AD32006376B8 /* VJXOutletLayer.m */ = {isa = PBXFileReference; fileEncoding = 4; lastKnownFileType = sourcecode.c.objc; path = VJXOutletLayer.m; sourceTree = "<group>"; };
		825C30DA1275AD32006376B8 /* VJXPinLayer.h */ = {isa = PBXFileReference; fileEncoding = 4; lastKnownFileType = sourcecode.c.h; path = VJXPinLayer.h; sourceTree = "<group>"; };
		825C30E61275ADB6006376B8 /* VJXQtExporter.h */ = {isa = PBXFileReference; fileEncoding = 4; lastKnownFileType = sourcecode.c.h; path = VJXQtExporter.h; sourceTree = "<group>"; };
		825C30E71275ADB6006376B8 /* VJXQtExporter.m */ = {isa = PBXFileReference; fileEncoding = 4; lastKnownFileType = sourcecode.c.objc; path = VJXQtExporter.m; sourceTree = "<group>"; };
		825C30E91275ADB6006376B8 /* VJXVideoFilter.h */ = {isa = PBXFileReference; fileEncoding = 4; lastKnownFileType = sourcecode.c.h; path = VJXVideoFilter.h; sourceTree = "<group>"; };
		825C30EA1275ADB6006376B8 /* VJXVideoFilter.m */ = {isa = PBXFileReference; fileEncoding = 4; lastKnownFileType = sourcecode.c.objc; path = VJXVideoFilter.m; sourceTree = "<group>"; };
		825C30EC1275ADB6006376B8 /* VJXAudioFileLayer.h */ = {isa = PBXFileReference; fileEncoding = 4; lastKnownFileType = sourcecode.c.h; path = VJXAudioFileLayer.h; sourceTree = "<group>"; };
		825C30ED1275ADB6006376B8 /* VJXAudioFileLayer.m */ = {isa = PBXFileReference; fileEncoding = 4; lastKnownFileType = sourcecode.c.objc; path = VJXAudioFileLayer.m; sourceTree = "<group>"; };
		825C30EE1275ADB6006376B8 /* VJXImageLayer.h */ = {isa = PBXFileReference; fileEncoding = 4; lastKnownFileType = sourcecode.c.h; path = VJXImageLayer.h; sourceTree = "<group>"; };
		825C30EF1275ADB6006376B8 /* VJXImageLayer.m */ = {isa = PBXFileReference; fileEncoding = 4; lastKnownFileType = sourcecode.c.objc; path = VJXImageLayer.m; sourceTree = "<group>"; };
		825C30F01275ADB6006376B8 /* VJXQtAudioCaptureLayer.h */ = {isa = PBXFileReference; fileEncoding = 4; lastKnownFileType = sourcecode.c.h; path = VJXQtAudioCaptureLayer.h; sourceTree = "<group>"; };
		825C30F11275ADB6006376B8 /* VJXQtAudioCaptureLayer.m */ = {isa = PBXFileReference; fileEncoding = 4; lastKnownFileType = sourcecode.c.objc; path = VJXQtAudioCaptureLayer.m; sourceTree = "<group>"; };
		825C30F21275ADB6006376B8 /* VJXQtVideoCaptureLayer.h */ = {isa = PBXFileReference; fileEncoding = 4; lastKnownFileType = sourcecode.c.h; path = VJXQtVideoCaptureLayer.h; sourceTree = "<group>"; };
		825C30F31275ADB6006376B8 /* VJXQtVideoCaptureLayer.m */ = {isa = PBXFileReference; fileEncoding = 4; lastKnownFileType = sourcecode.c.objc; path = VJXQtVideoCaptureLayer.m; sourceTree = "<group>"; };
		825C30F41275ADB6006376B8 /* VJXQtVideoLayer.h */ = {isa = PBXFileReference; fileEncoding = 4; lastKnownFileType = sourcecode.c.h; path = VJXQtVideoLayer.h; sourceTree = "<group>"; };
		825C30F51275ADB6006376B8 /* VJXQtVideoLayer.m */ = {isa = PBXFileReference; fileEncoding = 4; lastKnownFileType = sourcecode.c.objc; path = VJXQtVideoLayer.m; sourceTree = "<group>"; };
		825C30F71275ADB6006376B8 /* VJXCoreAudioOutput.h */ = {isa = PBXFileReference; fileEncoding = 4; lastKnownFileType = sourcecode.c.h; path = VJXCoreAudioOutput.h; sourceTree = "<group>"; };
		825C30F81275ADB6006376B8 /* VJXCoreAudioOutput.m */ = {isa = PBXFileReference; fileEncoding = 4; lastKnownFileType = sourcecode.c.objc; path = VJXCoreAudioOutput.m; sourceTree = "<group>"; };
		825C30F91275ADB6006376B8 /* VJXQtAudioOutput.h */ = {isa = PBXFileReference; fileEncoding = 4; lastKnownFileType = sourcecode.c.h; path = VJXQtAudioOutput.h; sourceTree = "<group>"; };
		825C30FA1275ADB6006376B8 /* VJXQtAudioOutput.m */ = {isa = PBXFileReference; fileEncoding = 4; lastKnownFileType = sourcecode.c.objc; path = VJXQtAudioOutput.m; sourceTree = "<group>"; };
		825C30FC1275ADB6006376B8 /* VJXOpenGLScreen.h */ = {isa = PBXFileReference; fileEncoding = 4; lastKnownFileType = sourcecode.c.h; path = VJXOpenGLScreen.h; sourceTree = "<group>"; };
		825C30FD1275ADB6006376B8 /* VJXOpenGLScreen.mm */ = {isa = PBXFileReference; fileEncoding = 4; lastKnownFileType = sourcecode.cpp.objcpp; path = VJXOpenGLScreen.mm; sourceTree = "<group>"; };
		825C30FE1275ADB6006376B8 /* VJXSoftScreen.h */ = {isa = PBXFileReference; fileEncoding = 4; lastKnownFileType = sourcecode.c.h; path = VJXSoftScreen.h; sourceTree = "<group>"; };
		825C30FF1275ADB6006376B8 /* VJXSoftScreen.m */ = {isa = PBXFileReference; fileEncoding = 4; lastKnownFileType = sourcecode.c.objc; path = VJXSoftScreen.m; sourceTree = "<group>"; };
		825C31001275ADB6006376B8 /* VJXAudioMixer.h */ = {isa = PBXFileReference; fileEncoding = 4; lastKnownFileType = sourcecode.c.h; path = VJXAudioMixer.h; sourceTree = "<group>"; };
		825C31011275ADB6006376B8 /* VJXAudioMixer.m */ = {isa = PBXFileReference; fileEncoding = 4; lastKnownFileType = sourcecode.c.objc; path = VJXAudioMixer.m; sourceTree = "<group>"; };
		825C31021275ADB6006376B8 /* VJXAudioOutput.h */ = {isa = PBXFileReference; fileEncoding = 4; lastKnownFileType = sourcecode.c.h; path = VJXAudioOutput.h; sourceTree = "<group>"; };
		825C31031275ADB6006376B8 /* VJXAudioOutput.m */ = {isa = PBXFileReference; fileEncoding = 4; lastKnownFileType = sourcecode.c.objc; path = VJXAudioOutput.m; sourceTree = "<group>"; };
		825C31041275ADB6006376B8 /* VJXAudioScheduler.h */ = {isa = PBXFileReference; fileEncoding = 4; lastKnownFileType = sourcecode.c.h; path = VJXAudioScheduler.h; sourceTree = "<group>"; };
		825C31051275ADB6006376B8 /* VJXAudioScheduler.m */ = {isa = PBXFileReference; fileEncoding = 4; lastKnownFileType = sourcecode.c.objc; path = VJXAudioScheduler.m; sourceTree = "<group>"; };
		825C31061275ADB6006376B8 /* VJXAudioSpectrumAnalyzer.h */ = {isa = PBXFileReference; fileEncoding = 4; lastKnownFileType = sourcecode.c.h; path = VJXAudioSpectrumAnalyzer.h; sourceTree = "<group>"; };
		825C31071275ADB6006376B8 /* VJXAudioSpectrumAnalyzer.m */ = {isa = PBXFileReference; fileEncoding = 4; lastKnownFileType = sourcecode.c.objc; path = VJXAudioSpectrumAnalyzer.m; sourceTree = "<group>"; };
		825C31081275ADB6006376B8 /* VJXExporter.h */ = {isa = PBXFileReference; fileEncoding = 4; lastKnownFileType = sourcecode.c.h; path = VJXExporter.h; sourceTree = "<group>"; };
		825C31091275ADB6006376B8 /* VJXExporter.m */ = {isa = PBXFileReference; fileEncoding = 4; lastKnownFileType = sourcecode.c.objc; path = VJXExporter.m; sourceTree = "<group>"; };
		825C310A1275ADB6006376B8 /* VJXVideoEntity.h */ = {isa = PBXFileReference; fileEncoding = 4; lastKnownFileType = sourcecode.c.h; path = VJXVideoEntity.h; sourceTree = "<group>"; };
		825C310B1275ADB6006376B8 /* VJXVideoEntity.mm */ = {isa = PBXFileReference; fileEncoding = 4; lastKnownFileType = sourcecode.cpp.objcpp; path = VJXVideoEntity.mm; sourceTree = "<group>"; };
		825C310C1275ADB6006376B8 /* VJXVideoMixer.h */ = {isa = PBXFileReference; fileEncoding = 4; lastKnownFileType = sourcecode.c.h; path = VJXVideoMixer.h; sourceTree = "<group>"; };
		825C310D1275ADB6006376B8 /* VJXVideoMixer.mm */ = {isa = PBXFileReference; fileEncoding = 4; lastKnownFileType = sourcecode.cpp.objcpp; path = VJXVideoMixer.mm; sourceTree = "<group>"; };
		825C310E1275ADB6006376B8 /* VJXVideoOutput.h */ = {isa = PBXFileReference; fileEncoding = 4; lastKnownFileType = sourcecode.c.h; path = VJXVideoOutput.h; sourceTree = "<group>"; };
		825C310F1275ADB6006376B8 /* VJXVideoOutput.mm */ = {isa = PBXFileReference; fileEncoding = 4; lastKnownFileType = sourcecode.cpp.objcpp; path = VJXVideoOutput.mm; sourceTree = "<group>"; };
		825C31231275ADD6006376B8 /* VJXAudioBuffer.h */ = {isa = PBXFileReference; fileEncoding = 4; lastKnownFileType = sourcecode.c.h; path = VJXAudioBuffer.h; sourceTree = "<group>"; };
		825C31241275ADD6006376B8 /* VJXAudioBuffer.m */ = {isa = PBXFileReference; fileEncoding = 4; lastKnownFileType = sourcecode.c.objc; path = VJXAudioBuffer.m; sourceTree = "<group>"; };
		825C31251275ADD6006376B8 /* VJXAudioDevice.h */ = {isa = PBXFileReference; fileEncoding = 4; lastKnownFileType = sourcecode.c.h; path = VJXAudioDevice.h; sourceTree = "<group>"; };
		825C31261275ADD6006376B8 /* VJXAudioDevice.m */ = {isa = PBXFileReference; fileEncoding = 4; lastKnownFileType = sourcecode.c.objc; path = VJXAudioDevice.m; sourceTree = "<group>"; };
		825C31271275ADD6006376B8 /* VJXAudioFile.h */ = {isa = PBXFileReference; fileEncoding = 4; lastKnownFileType = sourcecode.c.h; path = VJXAudioFile.h; sourceTree = "<group>"; };
		825C31281275ADD6006376B8 /* VJXAudioFile.m */ = {isa = PBXFileReference; fileEncoding = 4; lastKnownFileType = sourcecode.c.objc; path = VJXAudioFile.m; sourceTree = "<group>"; };
		825C31291275ADD6006376B8 /* VJXAudioFormat.h */ = {isa = PBXFileReference; fileEncoding = 4; lastKnownFileType = sourcecode.c.h; path = VJXAudioFormat.h; sourceTree = "<group>"; };
		825C312A1275ADD6006376B8 /* VJXAudioFormat.m */ = {isa = PBXFileReference; fileEncoding = 4; lastKnownFileType = sourcecode.c.objc; path = VJXAudioFormat.m; sourceTree = "<group>"; };
		825C312B1275ADD6006376B8 /* VJXCompressor.h */ = {isa = PBXFileReference; fileEncoding = 4; lastKnownFileType = sourcecode.c.h; path = VJXCompressor.h; sourceTree = "<group>"; };
		825C312C1275ADD6006376B8 /* VJXCompressor.m */ = {isa = PBXFileReference; fileEncoding = 4; lastKnownFileType = sourcecode.c.objc; path = VJXCompressor.m; sourceTree = "<group>"; };
		825C312D1275ADD6006376B8 /* VJXContext.h */ = {isa = PBXFileReference; fileEncoding = 4; lastKnownFileType = sourcecode.c.h; path = VJXContext.h; sourceTree = "<group>"; };
		825C312E1275ADD6006376B8 /* VJXContext.m */ = {isa = PBXFileReference; fileEncoding = 4; lastKnownFileType = sourcecode.c.objc; path = VJXContext.m; sourceTree = "<group>"; };
		825C312F1275ADD6006376B8 /* VJXEntity.h */ = {isa = PBXFileReference; fileEncoding = 4; lastKnownFileType = sourcecode.c.h; path = VJXEntity.h; sourceTree = "<group>"; };
		825C31301275ADD6006376B8 /* VJXEntity.mm */ = {isa = PBXFileReference; fileEncoding = 4; lastKnownFileType = sourcecode.cpp.objcpp; path = VJXEntity.mm; sourceTree = "<group>"; };
		825C31311275ADD6006376B8 /* VJXFileRead.h */ = {isa = PBXFileReference; fileEncoding = 4; lastKnownFileType = sourcecode.c.h; path = VJXFileRead.h; sourceTree = "<group>"; };
		825C31321275ADD6006376B8 /* VJXInputPin.h */ = {isa = PBXFileReference; fileEncoding = 4; lastKnownFileType = sourcecode.c.h; path = VJXInputPin.h; sourceTree = "<group>"; };
		825C31331275ADD6006376B8 /* VJXInputPin.m */ = {isa = PBXFileReference; fileEncoding = 4; lastKnownFileType = sourcecode.c.objc; path = VJXInputPin.m; sourceTree = "<group>"; };
		825C31341275ADD6006376B8 /* VJXOutputPin.h */ = {isa = PBXFileReference; fileEncoding = 4; lastKnownFileType = sourcecode.c.h; path = VJXOutputPin.h; sourceTree = "<group>"; };
		825C31351275ADD6006376B8 /* VJXOutputPin.m */ = {isa = PBXFileReference; fileEncoding = 4; lastKnownFileType = sourcecode.c.objc; path = VJXOutputPin.m; sourceTree = "<group>"; };
		825C31361275ADD6006376B8 /* VJXPin.h */ = {isa = PBXFileReference; fileEncoding = 4; lastKnownFileType = sourcecode.c.h; path = VJXPin.h; sourceTree = "<group>"; };
		825C31371275ADD6006376B8 /* VJXPin.m */ = {isa = PBXFileReference; fileEncoding = 4; lastKnownFileType = sourcecode.c.objc; path = VJXPin.m; sourceTree = "<group>"; };
		825C31381275ADD7006376B8 /* VJXPinSignal.h */ = {isa = PBXFileReference; fileEncoding = 4; lastKnownFileType = sourcecode.c.h; path = VJXPinSignal.h; sourceTree = "<group>"; };
		825C31391275ADD7006376B8 /* VJXPinSignal.m */ = {isa = PBXFileReference; fileEncoding = 4; lastKnownFileType = sourcecode.c.objc; path = VJXPinSignal.m; sourceTree = "<group>"; };
		825C313A1275ADD7006376B8 /* VJXPoint.h */ = {isa = PBXFileReference; fileEncoding = 4; lastKnownFileType = sourcecode.c.h; path = VJXPoint.h; sourceTree = "<group>"; };
		825C313B1275ADD7006376B8 /* VJXPoint.m */ = {isa = PBXFileReference; fileEncoding = 4; lastKnownFileType = sourcecode.c.objc; path = VJXPoint.m; sourceTree = "<group>"; };
		825C313C1275ADD7006376B8 /* VJXRingBuffer.h */ = {isa = PBXFileReference; fileEncoding = 4; lastKnownFileType = sourcecode.c.h; path = VJXRingBuffer.h; sourceTree = "<group>"; };
		825C313D1275ADD7006376B8 /* VJXRingBuffer.m */ = {isa = PBXFileReference; fileEncoding = 4; lastKnownFileType = sourcecode.c.objc; path = VJXRingBuffer.m; sourceTree = "<group>"; };
		825C313E1275ADD7006376B8 /* VJXRunLoop.h */ = {isa = PBXFileReference; fileEncoding = 4; lastKnownFileType = sourcecode.c.h; path = VJXRunLoop.h; sourceTree = "<group>"; };
		825C313F1275ADD7006376B8 /* VJXSeekable.h */ = {isa = PBXFileReference; fileEncoding = 4; lastKnownFileType = sourcecode.c.h; path = VJXSeekable.h; sourceTree = "<group>"; };
		825C31401275ADD7006376B8 /* VJXSize.h */ = {isa = PBXFileReference; fileEncoding = 4; lastKnownFileType = sourcecode.c.h; path = VJXSize.h; sourceTree = "<group>"; };
		825C31411275ADD7006376B8 /* VJXSize.m */ = {isa = PBXFileReference; fileEncoding = 4; lastKnownFileType = sourcecode.c.objc; path = VJXSize.m; sourceTree = "<group>"; };
		825C31421275ADD7006376B8 /* VJXSpectrumAnalyzer.h */ = {isa = PBXFileReference; fileEncoding = 4; lastKnownFileType = sourcecode.c.h; path = VJXSpectrumAnalyzer.h; sourceTree = "<group>"; };
		825C31431275ADD7006376B8 /* VJXSpectrumAnalyzer.m */ = {isa = PBXFileReference; fileEncoding = 4; lastKnownFileType = sourcecode.c.objc; path = VJXSpectrumAnalyzer.m; sourceTree = "<group>"; };
		825C31441275ADD7006376B8 /* VJXThreadedEntity.h */ = {isa = PBXFileReference; fileEncoding = 4; lastKnownFileType = sourcecode.c.h; path = VJXThreadedEntity.h; sourceTree = "<group>"; };
		825C31451275ADD7006376B8 /* VJXThreadedEntity.m */ = {isa = PBXFileReference; fileEncoding = 4; lastKnownFileType = sourcecode.c.objc; path = VJXThreadedEntity.m; sourceTree = "<group>"; };
		825C31821275AF03006376B8 /* VJXEntityLabelLayer.h */ = {isa = PBXFileReference; fileEncoding = 4; lastKnownFileType = sourcecode.c.h; path = VJXEntityLabelLayer.h; sourceTree = "<group>"; };
		825C31831275AF03006376B8 /* VJXEntityLabelLayer.m */ = {isa = PBXFileReference; fileEncoding = 4; lastKnownFileType = sourcecode.c.objc; path = VJXEntityLabelLayer.m; sourceTree = "<group>"; };
		825C31881275AF4B006376B8 /* VJXOutletLabelLayer.h */ = {isa = PBXFileReference; fileEncoding = 4; lastKnownFileType = sourcecode.c.h; path = VJXOutletLabelLayer.h; sourceTree = "<group>"; };
		825C31891275AF4B006376B8 /* VJXOutletLabelLayer.m */ = {isa = PBXFileReference; fileEncoding = 4; lastKnownFileType = sourcecode.c.objc; path = VJXOutletLabelLayer.m; sourceTree = "<group>"; };
		825C318E1275AF5B006376B8 /* VJXBoardLayer.h */ = {isa = PBXFileReference; fileEncoding = 4; lastKnownFileType = sourcecode.c.h; path = VJXBoardLayer.h; sourceTree = "<group>"; };
		825C318F1275AF5B006376B8 /* VJXBoardLayer.m */ = {isa = PBXFileReference; fileEncoding = 4; lastKnownFileType = sourcecode.c.objc; path = VJXBoardLayer.m; sourceTree = "<group>"; };
		825C31981275AFB6006376B8 /* VJXGUIConstants.h */ = {isa = PBXFileReference; fileEncoding = 4; lastKnownFileType = sourcecode.c.h; path = VJXGUIConstants.h; sourceTree = "<group>"; };
		825C31991275AFB6006376B8 /* VJXLibraryTableView.h */ = {isa = PBXFileReference; fileEncoding = 4; lastKnownFileType = sourcecode.c.h; path = VJXLibraryTableView.h; sourceTree = "<group>"; };
		825C319A1275AFB6006376B8 /* VJXLibraryTableView.m */ = {isa = PBXFileReference; fileEncoding = 4; lastKnownFileType = sourcecode.c.objc; path = VJXLibraryTableView.m; sourceTree = "<group>"; };
		825C319B1275AFB6006376B8 /* VJXLibraryTableViewDelegate.h */ = {isa = PBXFileReference; fileEncoding = 4; lastKnownFileType = sourcecode.c.h; path = VJXLibraryTableViewDelegate.h; sourceTree = "<group>"; };
		825C319C1275AFB6006376B8 /* VJXLibraryTableViewDelegate.m */ = {isa = PBXFileReference; fileEncoding = 4; lastKnownFileType = sourcecode.c.objc; path = VJXLibraryTableViewDelegate.m; sourceTree = "<group>"; };
		825C32111275BEE3006376B8 /* VJXEntityOutlineView.h */ = {isa = PBXFileReference; fileEncoding = 4; lastKnownFileType = sourcecode.c.h; path = VJXEntityOutlineView.h; sourceTree = "<group>"; };
		825C32121275BEE3006376B8 /* VJXEntityOutlineView.m */ = {isa = PBXFileReference; fileEncoding = 4; lastKnownFileType = sourcecode.c.objc; path = VJXEntityOutlineView.m; sourceTree = "<group>"; };
		82EA042E1240BE4A00E28B72 /* VJXDocument.xib */ = {isa = PBXFileReference; lastKnownFileType = file.xib; path = VJXDocument.xib; sourceTree = "<group>"; };
		8D1107310486CEB800E47090 /* VeeJay-Info.plist */ = {isa = PBXFileReference; fileEncoding = 4; lastKnownFileType = text.plist.xml; path = "VeeJay-Info.plist"; sourceTree = "<group>"; };
		8D1107320486CEB800E47090 /* VeeJay.app */ = {isa = PBXFileReference; explicitFileType = wrapper.application; includeInIndex = 0; path = VeeJay.app; sourceTree = BUILT_PRODUCTS_DIR; };
		AA052A6A1261D40E008C9F46 /* QuickTime.framework */ = {isa = PBXFileReference; lastKnownFileType = wrapper.framework; name = QuickTime.framework; path = System/Library/Frameworks/QuickTime.framework; sourceTree = SDKROOT; };
		AA2BE3F212353BA6006087E7 /* CoreAudio.framework */ = {isa = PBXFileReference; lastKnownFileType = wrapper.framework; name = CoreAudio.framework; path = System/Library/Frameworks/CoreAudio.framework; sourceTree = SDKROOT; };
		AA2BE40A12353D5C006087E7 /* Accelerate.framework */ = {isa = PBXFileReference; lastKnownFileType = wrapper.framework; name = Accelerate.framework; path = System/Library/Frameworks/Accelerate.framework; sourceTree = SDKROOT; };
		AA3556F41277340200EAA2E4 /* VJXTextLayer.h */ = {isa = PBXFileReference; fileEncoding = 4; lastKnownFileType = sourcecode.c.h; path = VJXTextLayer.h; sourceTree = "<group>"; };
		AA3556F51277340200EAA2E4 /* VJXTextLayer.m */ = {isa = PBXFileReference; fileEncoding = 4; lastKnownFileType = sourcecode.c.objc; path = VJXTextLayer.m; sourceTree = "<group>"; };
		AA3556FF1277347300EAA2E4 /* VJXTextRenderer.h */ = {isa = PBXFileReference; fileEncoding = 4; lastKnownFileType = sourcecode.c.h; path = VJXTextRenderer.h; sourceTree = "<group>"; };
		AA3557001277347300EAA2E4 /* VJXTextRenderer.m */ = {isa = PBXFileReference; fileEncoding = 4; lastKnownFileType = sourcecode.c.objc; path = VJXTextRenderer.m; sourceTree = "<group>"; };
		AA3557D812795C5500EAA2E4 /* VJXDrawing.h */ = {isa = PBXFileReference; fileEncoding = 4; lastKnownFileType = sourcecode.c.h; path = VJXDrawing.h; sourceTree = "<group>"; };
		AA3557D912795C5500EAA2E4 /* VJXDrawing.m */ = {isa = PBXFileReference; fileEncoding = 4; lastKnownFileType = sourcecode.c.objc; path = VJXDrawing.m; sourceTree = "<group>"; };
		AA3557E612795D0A00EAA2E4 /* VJXJavaScript.h */ = {isa = PBXFileReference; fileEncoding = 4; lastKnownFileType = sourcecode.c.h; path = VJXJavaScript.h; sourceTree = "<group>"; };
		AA3557E712795D0A00EAA2E4 /* VJXJavaScript.mm */ = {isa = PBXFileReference; fileEncoding = 4; lastKnownFileType = sourcecode.cpp.objcpp; path = VJXJavaScript.mm; sourceTree = "<group>"; };
		AADEBFC712414F7E00A6A06D /* AudioToolbox.framework */ = {isa = PBXFileReference; lastKnownFileType = wrapper.framework; name = AudioToolbox.framework; path = System/Library/Frameworks/AudioToolbox.framework; sourceTree = SDKROOT; };
		AAF6C9E6127CCE840015AEDE /* libv8.dylib */ = {isa = PBXFileReference; lastKnownFileType = "compiled.mach-o.dylib"; name = libv8.dylib; path = "../v8-read-only/libv8.dylib"; sourceTree = SOURCE_ROOT; };
/* End PBXFileReference section */

/* Begin PBXFrameworksBuildPhase section */
		8D11072E0486CEB800E47090 /* Frameworks */ = {
			isa = PBXFrameworksBuildPhase;
			buildActionMask = 2147483647;
			files = (
				8D11072F0486CEB800E47090 /* Cocoa.framework in Frameworks */,
				82456BC41223DC8300236FE4 /* OpenGL.framework in Frameworks */,
				82456BC81223DC9900236FE4 /* QTKit.framework in Frameworks */,
				82456BCC1223DCA700236FE4 /* QuartzCore.framework in Frameworks */,
				AA2BE3F312353BA6006087E7 /* CoreAudio.framework in Frameworks */,
				AA2BE40B12353D5C006087E7 /* Accelerate.framework in Frameworks */,
				AADEBFC812414F7E00A6A06D /* AudioToolbox.framework in Frameworks */,
				AA052A6B1261D40E008C9F46 /* QuickTime.framework in Frameworks */,
				AAF6C9E7127CCE840015AEDE /* libv8.dylib in Frameworks */,
			);
			runOnlyForDeploymentPostprocessing = 0;
		};
/* End PBXFrameworksBuildPhase section */

/* Begin PBXGroup section */
		080E96DDFE201D6D7F000001 /* Classes */ = {
			isa = PBXGroup;
			children = (
				AAF17A90123E4D9D001319BA /* Core */,
				AAF17A91123E4DFA001319BA /* Entities */,
				8245763C1227DF2900236FE4 /* GUI */,
			);
			name = Classes;
			sourceTree = "<group>";
		};
		1058C7A0FEA54F0111CA2CBB /* Linked Frameworks */ = {
			isa = PBXGroup;
			children = (
				82456BC31223DC8300236FE4 /* OpenGL.framework */,
				82456BC71223DC9900236FE4 /* QTKit.framework */,
				82456BCB1223DCA700236FE4 /* QuartzCore.framework */,
				1058C7A1FEA54F0111CA2CBB /* Cocoa.framework */,
				AA2BE3F212353BA6006087E7 /* CoreAudio.framework */,
				AA2BE40A12353D5C006087E7 /* Accelerate.framework */,
				AADEBFC712414F7E00A6A06D /* AudioToolbox.framework */,
			);
			name = "Linked Frameworks";
			sourceTree = "<group>";
		};
		1058C7A2FEA54F0111CA2CBB /* Other Frameworks */ = {
			isa = PBXGroup;
			children = (
				29B97324FDCFA39411CA2CEA /* AppKit.framework */,
				13E42FB307B3F0F600E4EEF1 /* CoreData.framework */,
				29B97325FDCFA39411CA2CEA /* Foundation.framework */,
			);
			name = "Other Frameworks";
			sourceTree = "<group>";
		};
		19C28FACFE9D520D11CA2CBB /* Products */ = {
			isa = PBXGroup;
			children = (
				8D1107320486CEB800E47090 /* VeeJay.app */,
			);
			name = Products;
			sourceTree = "<group>";
		};
		29B97314FDCFA39411CA2CEA /* MoviePlayerD */ = {
			isa = PBXGroup;
			children = (
				080E96DDFE201D6D7F000001 /* Classes */,
				29B97315FDCFA39411CA2CEA /* Other Sources */,
				29B97317FDCFA39411CA2CEA /* Resources */,
				29B97323FDCFA39411CA2CEA /* Frameworks */,
				19C28FACFE9D520D11CA2CBB /* Products */,
			);
			name = MoviePlayerD;
			sourceTree = "<group>";
		};
		29B97315FDCFA39411CA2CEA /* Other Sources */ = {
			isa = PBXGroup;
			children = (
				256AC3F00F4B6AF500CF3369 /* VeeJay_Prefix.pch */,
				256AC3D80F4B6AC300CF3369 /* VeeJayAppDelegate.h */,
				256AC3D90F4B6AC300CF3369 /* VeeJayAppDelegate.m */,
				29B97316FDCFA39411CA2CEA /* main.m */,
			);
			name = "Other Sources";
			sourceTree = "<group>";
		};
		29B97317FDCFA39411CA2CEA /* Resources */ = {
			isa = PBXGroup;
			children = (
				8D1107310486CEB800E47090 /* VeeJay-Info.plist */,
				089C165CFE840E0CC02AAC07 /* InfoPlist.strings */,
				1DDD58140DA1D0A300B32029 /* MainMenu.xib */,
				82EA042E1240BE4A00E28B72 /* VJXDocument.xib */,
			);
			name = Resources;
			sourceTree = "<group>";
		};
		29B97323FDCFA39411CA2CEA /* Frameworks */ = {
			isa = PBXGroup;
			children = (
				AAF6C9E6127CCE840015AEDE /* libv8.dylib */,
				AA052A691261D3FE008C9F46 /* i386 Frameworks */,
				1058C7A0FEA54F0111CA2CBB /* Linked Frameworks */,
				1058C7A2FEA54F0111CA2CBB /* Other Frameworks */,
			);
			name = Frameworks;
			sourceTree = "<group>";
		};
		8245763C1227DF2900236FE4 /* GUI */ = {
			isa = PBXGroup;
			children = (
				825C31981275AFB6006376B8 /* VJXGUIConstants.h */,
				825C31991275AFB6006376B8 /* VJXLibraryTableView.h */,
				825C319A1275AFB6006376B8 /* VJXLibraryTableView.m */,
				825C319B1275AFB6006376B8 /* VJXLibraryTableViewDelegate.h */,
				825C319C1275AFB6006376B8 /* VJXLibraryTableViewDelegate.m */,
				825C318E1275AF5B006376B8 /* VJXBoardLayer.h */,
				825C318F1275AF5B006376B8 /* VJXBoardLayer.m */,
				825C31881275AF4B006376B8 /* VJXOutletLabelLayer.h */,
				825C31891275AF4B006376B8 /* VJXOutletLabelLayer.m */,
				825C31821275AF03006376B8 /* VJXEntityLabelLayer.h */,
				825C31831275AF03006376B8 /* VJXEntityLabelLayer.m */,
				825C30C61275AD32006376B8 /* VJXBoardInputPanel.h */,
				825C30C71275AD32006376B8 /* VJXBoardInputPanel.m */,
				825C30C81275AD32006376B8 /* VJXBoardInputString.h */,
				825C30C91275AD32006376B8 /* VJXBoardInputString.m */,
				825C30CA1275AD32006376B8 /* VJXBoardSelection.h */,
				825C30CB1275AD32006376B8 /* VJXBoardSelection.m */,
				825C30CC1275AD32006376B8 /* VJXBoardView.h */,
				825C30CD1275AD32006376B8 /* VJXBoardView.m */,
				825C30CE1275AD32006376B8 /* VJXConnectorLayer.h */,
				825C30CF1275AD32006376B8 /* VJXConnectorLayer.m */,
				825C30D01275AD32006376B8 /* VJXDocument.h */,
				825C30D11275AD32006376B8 /* VJXDocument.m */,
				825C30D41275AD32006376B8 /* VJXEntityInspectorPanel.h */,
				825C30D51275AD32006376B8 /* VJXEntityInspectorPanel.m */,
				825C30D61275AD32006376B8 /* VJXEntityLayer.h */,
				825C30D71275AD32006376B8 /* VJXEntityLayer.m */,
				825C30D81275AD32006376B8 /* VJXOutletLayer.h */,
				825C30D91275AD32006376B8 /* VJXOutletLayer.m */,
				825C30DA1275AD32006376B8 /* VJXPinLayer.h */,
				8245763D1227DF5800236FE4 /* VJXPinLayer.m */,
				825C32111275BEE3006376B8 /* VJXEntityOutlineView.h */,
				825C32121275BEE3006376B8 /* VJXEntityOutlineView.m */,
			);
			name = GUI;
			path = gui;
			sourceTree = "<group>";
		};
		825C30E51275ADB6006376B8 /* exporters */ = {
			isa = PBXGroup;
			children = (
				825C30E61275ADB6006376B8 /* VJXQtExporter.h */,
				825C30E71275ADB6006376B8 /* VJXQtExporter.m */,
			);
			path = exporters;
			sourceTree = "<group>";
		};
		825C30E81275ADB6006376B8 /* filters */ = {
			isa = PBXGroup;
			children = (
				825C30E91275ADB6006376B8 /* VJXVideoFilter.h */,
				825C30EA1275ADB6006376B8 /* VJXVideoFilter.m */,
			);
			path = filters;
			sourceTree = "<group>";
		};
		825C30EB1275ADB6006376B8 /* layers */ = {
			isa = PBXGroup;
			children = (
				825C30EC1275ADB6006376B8 /* VJXAudioFileLayer.h */,
				825C30ED1275ADB6006376B8 /* VJXAudioFileLayer.m */,
				825C30EE1275ADB6006376B8 /* VJXImageLayer.h */,
				825C30EF1275ADB6006376B8 /* VJXImageLayer.m */,
				825C30F01275ADB6006376B8 /* VJXQtAudioCaptureLayer.h */,
				825C30F11275ADB6006376B8 /* VJXQtAudioCaptureLayer.m */,
				825C30F21275ADB6006376B8 /* VJXQtVideoCaptureLayer.h */,
				825C30F31275ADB6006376B8 /* VJXQtVideoCaptureLayer.m */,
				825C30F41275ADB6006376B8 /* VJXQtVideoLayer.h */,
				825C30F51275ADB6006376B8 /* VJXQtVideoLayer.m */,
				AA3556F41277340200EAA2E4 /* VJXTextLayer.h */,
				AA3556F51277340200EAA2E4 /* VJXTextLayer.m */,
			);
			path = layers;
			sourceTree = "<group>";
		};
		825C30F61275ADB6006376B8 /* outputs */ = {
			isa = PBXGroup;
			children = (
				825C30F71275ADB6006376B8 /* VJXCoreAudioOutput.h */,
				825C30F81275ADB6006376B8 /* VJXCoreAudioOutput.m */,
				825C30F91275ADB6006376B8 /* VJXQtAudioOutput.h */,
				825C30FA1275ADB6006376B8 /* VJXQtAudioOutput.m */,
			);
			path = outputs;
			sourceTree = "<group>";
		};
		825C30FB1275ADB6006376B8 /* screens */ = {
			isa = PBXGroup;
			children = (
				825C30FC1275ADB6006376B8 /* VJXOpenGLScreen.h */,
				825C30FD1275ADB6006376B8 /* VJXOpenGLScreen.mm */,
				825C30FE1275ADB6006376B8 /* VJXSoftScreen.h */,
				825C30FF1275ADB6006376B8 /* VJXSoftScreen.m */,
			);
			path = screens;
			sourceTree = "<group>";
		};
		AA052A691261D3FE008C9F46 /* i386 Frameworks */ = {
			isa = PBXGroup;
			children = (
				AA052A6A1261D40E008C9F46 /* QuickTime.framework */,
			);
			name = "i386 Frameworks";
			sourceTree = "<group>";
		};
		AAF17A90123E4D9D001319BA /* Core */ = {
			isa = PBXGroup;
			children = (
				825C31231275ADD6006376B8 /* VJXAudioBuffer.h */,
				825C31241275ADD6006376B8 /* VJXAudioBuffer.m */,
				825C31251275ADD6006376B8 /* VJXAudioDevice.h */,
				825C31261275ADD6006376B8 /* VJXAudioDevice.m */,
				825C31271275ADD6006376B8 /* VJXAudioFile.h */,
				825C31281275ADD6006376B8 /* VJXAudioFile.m */,
				825C31291275ADD6006376B8 /* VJXAudioFormat.h */,
				825C312A1275ADD6006376B8 /* VJXAudioFormat.m */,
				825C312B1275ADD6006376B8 /* VJXCompressor.h */,
				825C312C1275ADD6006376B8 /* VJXCompressor.m */,
				825C312D1275ADD6006376B8 /* VJXContext.h */,
				825C312E1275ADD6006376B8 /* VJXContext.m */,
				825C312F1275ADD6006376B8 /* VJXEntity.h */,
				825C31301275ADD6006376B8 /* VJXEntity.mm */,
				825C31311275ADD6006376B8 /* VJXFileRead.h */,
				825C31321275ADD6006376B8 /* VJXInputPin.h */,
				825C31331275ADD6006376B8 /* VJXInputPin.m */,
				825C31341275ADD6006376B8 /* VJXOutputPin.h */,
				825C31351275ADD6006376B8 /* VJXOutputPin.m */,
				825C31361275ADD6006376B8 /* VJXPin.h */,
				825C31371275ADD6006376B8 /* VJXPin.m */,
				825C31381275ADD7006376B8 /* VJXPinSignal.h */,
				825C31391275ADD7006376B8 /* VJXPinSignal.m */,
				825C313A1275ADD7006376B8 /* VJXPoint.h */,
				825C313B1275ADD7006376B8 /* VJXPoint.m */,
				825C313C1275ADD7006376B8 /* VJXRingBuffer.h */,
				825C313D1275ADD7006376B8 /* VJXRingBuffer.m */,
				825C313E1275ADD7006376B8 /* VJXRunLoop.h */,
				825C313F1275ADD7006376B8 /* VJXSeekable.h */,
				825C31401275ADD7006376B8 /* VJXSize.h */,
				825C31411275ADD7006376B8 /* VJXSize.m */,
				825C31421275ADD7006376B8 /* VJXSpectrumAnalyzer.h */,
				825C31431275ADD7006376B8 /* VJXSpectrumAnalyzer.m */,
				825C31441275ADD7006376B8 /* VJXThreadedEntity.h */,
				825C31451275ADD7006376B8 /* VJXThreadedEntity.m */,
				AA3556FF1277347300EAA2E4 /* VJXTextRenderer.h */,
				AA3557001277347300EAA2E4 /* VJXTextRenderer.m */,
				AA3557E712795D0A00EAA2E4 /* VJXJavaScript.mm */,
				AA3557E612795D0A00EAA2E4 /* VJXJavaScript.h */,
			);
			name = Core;
			path = core;
			sourceTree = "<group>";
		};
		AAF17A91123E4DFA001319BA /* Entities */ = {
			isa = PBXGroup;
			children = (
				825C30E51275ADB6006376B8 /* exporters */,
				825C30E81275ADB6006376B8 /* filters */,
				825C30EB1275ADB6006376B8 /* layers */,
				825C30F61275ADB6006376B8 /* outputs */,
				825C30FB1275ADB6006376B8 /* screens */,
				825C31001275ADB6006376B8 /* VJXAudioMixer.h */,
				825C31011275ADB6006376B8 /* VJXAudioMixer.m */,
				825C31021275ADB6006376B8 /* VJXAudioOutput.h */,
				825C31031275ADB6006376B8 /* VJXAudioOutput.m */,
				825C31041275ADB6006376B8 /* VJXAudioScheduler.h */,
				825C31051275ADB6006376B8 /* VJXAudioScheduler.m */,
				825C31061275ADB6006376B8 /* VJXAudioSpectrumAnalyzer.h */,
				825C31071275ADB6006376B8 /* VJXAudioSpectrumAnalyzer.m */,
				825C31081275ADB6006376B8 /* VJXExporter.h */,
				825C31091275ADB6006376B8 /* VJXExporter.m */,
				825C310A1275ADB6006376B8 /* VJXVideoEntity.h */,
				825C310B1275ADB6006376B8 /* VJXVideoEntity.mm */,
				825C310C1275ADB6006376B8 /* VJXVideoMixer.h */,
				825C310D1275ADB6006376B8 /* VJXVideoMixer.mm */,
				825C310E1275ADB6006376B8 /* VJXVideoOutput.h */,
				825C310F1275ADB6006376B8 /* VJXVideoOutput.mm */,
				AA3557D812795C5500EAA2E4 /* VJXDrawing.h */,
				AA3557D912795C5500EAA2E4 /* VJXDrawing.m */,
			);
			name = Entities;
			path = entities;
			sourceTree = "<group>";
		};
/* End PBXGroup section */

/* Begin PBXNativeTarget section */
		8D1107260486CEB800E47090 /* VeeJay */ = {
			isa = PBXNativeTarget;
			buildConfigurationList = C01FCF4A08A954540054247B /* Build configuration list for PBXNativeTarget "VeeJay" */;
			buildPhases = (
				8D1107290486CEB800E47090 /* Resources */,
				8D11072C0486CEB800E47090 /* Sources */,
				8D11072E0486CEB800E47090 /* Frameworks */,
				AAF6CA91127CD1320015AEDE /* ShellScript */,
			);
			buildRules = (
			);
			dependencies = (
			);
			name = VeeJay;
			productInstallPath = "$(HOME)/Applications";
			productName = MoviePlayerD;
			productReference = 8D1107320486CEB800E47090 /* VeeJay.app */;
			productType = "com.apple.product-type.application";
		};
/* End PBXNativeTarget section */

/* Begin PBXProject section */
		29B97313FDCFA39411CA2CEA /* Project object */ = {
			isa = PBXProject;
			attributes = {
				ORGANIZATIONNAME = Dyne.org;
			};
			buildConfigurationList = C01FCF4E08A954540054247B /* Build configuration list for PBXProject "VeeJay" */;
			compatibilityVersion = "Xcode 3.2";
			hasScannedForEncodings = 1;
			knownRegions = (
				English,
				Japanese,
				French,
				German,
			);
			mainGroup = 29B97314FDCFA39411CA2CEA /* MoviePlayerD */;
			projectDirPath = "";
			projectRoot = "";
			targets = (
				8D1107260486CEB800E47090 /* VeeJay */,
			);
		};
/* End PBXProject section */

/* Begin PBXResourcesBuildPhase section */
		8D1107290486CEB800E47090 /* Resources */ = {
			isa = PBXResourcesBuildPhase;
			buildActionMask = 2147483647;
			files = (
				8D11072B0486CEB800E47090 /* InfoPlist.strings in Resources */,
				1DDD58160DA1D0A300B32029 /* MainMenu.xib in Resources */,
				82EA042F1240BE4A00E28B72 /* VJXDocument.xib in Resources */,
			);
			runOnlyForDeploymentPostprocessing = 0;
		};
/* End PBXResourcesBuildPhase section */

/* Begin PBXShellScriptBuildPhase section */
		AAF6CA91127CD1320015AEDE /* ShellScript */ = {
			isa = PBXShellScriptBuildPhase;
			buildActionMask = 2147483647;
			files = (
			);
			inputPaths = (
			);
			outputPaths = (
			);
			runOnlyForDeploymentPostprocessing = 0;
			shellPath = /bin/sh;
			shellScript = "if [ ! -d  $TARGET_BUILD_DIR/$PRODUCT_NAME.app/Contents/Frameworks ]; then\n\tmkdir $TARGET_BUILD_DIR/$PRODUCT_NAME.app/Contents/Frameworks\nfi\ncp $PROJECT_DIR/../v8-read-only/libv8.dylib $TARGET_BUILD_DIR/$PRODUCT_NAME.app/Contents/Frameworks/\ninstall_name_tool -id @executable_path/../Frameworks/libv8.dylib \\\n\t\"$TARGET_BUILD_DIR/$PRODUCT_NAME.app/Contents/Frameworks/libv8.dylib\"\ninstall_name_tool \\\n\t-change libv8.dylib \\\n\t@executable_path/../Frameworks/libv8.dylib \\\n\t$TARGET_BUILD_DIR/$PRODUCT_NAME.app/Contents/MacOS/$PRODUCT_NAME";
		};
/* End PBXShellScriptBuildPhase section */

/* Begin PBXSourcesBuildPhase section */
		8D11072C0486CEB800E47090 /* Sources */ = {
			isa = PBXSourcesBuildPhase;
			buildActionMask = 2147483647;
			files = (
				8D11072D0486CEB800E47090 /* main.m in Sources */,
				256AC3DA0F4B6AC300CF3369 /* VeeJayAppDelegate.m in Sources */,
				824576451227DF5800236FE4 /* VJXPinLayer.m in Sources */,
				825C30DB1275AD32006376B8 /* VJXBoardInputPanel.m in Sources */,
				825C30DC1275AD32006376B8 /* VJXBoardInputString.m in Sources */,
				825C30DD1275AD32006376B8 /* VJXBoardSelection.m in Sources */,
				825C30DE1275AD32006376B8 /* VJXBoardView.m in Sources */,
				825C30DF1275AD32006376B8 /* VJXConnectorLayer.m in Sources */,
				825C30E01275AD32006376B8 /* VJXDocument.m in Sources */,
				825C30E21275AD32006376B8 /* VJXEntityInspectorPanel.m in Sources */,
				825C30E31275AD32006376B8 /* VJXEntityLayer.m in Sources */,
				825C30E41275AD32006376B8 /* VJXOutletLayer.m in Sources */,
				825C31101275ADB6006376B8 /* VJXQtExporter.m in Sources */,
				825C31111275ADB6006376B8 /* VJXVideoFilter.m in Sources */,
				825C31121275ADB6006376B8 /* VJXAudioFileLayer.m in Sources */,
				825C31131275ADB6006376B8 /* VJXImageLayer.m in Sources */,
				825C31141275ADB6006376B8 /* VJXQtAudioCaptureLayer.m in Sources */,
				825C31151275ADB6006376B8 /* VJXQtVideoCaptureLayer.m in Sources */,
				825C31161275ADB6006376B8 /* VJXQtVideoLayer.m in Sources */,
				825C31171275ADB6006376B8 /* VJXCoreAudioOutput.m in Sources */,
				825C31181275ADB6006376B8 /* VJXQtAudioOutput.m in Sources */,
				825C31191275ADB6006376B8 /* VJXOpenGLScreen.mm in Sources */,
				825C311A1275ADB6006376B8 /* VJXSoftScreen.m in Sources */,
				825C311B1275ADB6006376B8 /* VJXAudioMixer.m in Sources */,
				825C311C1275ADB6006376B8 /* VJXAudioOutput.m in Sources */,
				825C311D1275ADB6006376B8 /* VJXAudioScheduler.m in Sources */,
				825C311E1275ADB6006376B8 /* VJXAudioSpectrumAnalyzer.m in Sources */,
				825C311F1275ADB6006376B8 /* VJXExporter.m in Sources */,
				825C31201275ADB6006376B8 /* VJXVideoEntity.mm in Sources */,
				825C31211275ADB6006376B8 /* VJXVideoMixer.mm in Sources */,
				825C31221275ADB6006376B8 /* VJXVideoOutput.mm in Sources */,
				825C31461275ADD7006376B8 /* VJXAudioBuffer.m in Sources */,
				825C31471275ADD7006376B8 /* VJXAudioDevice.m in Sources */,
				825C31481275ADD7006376B8 /* VJXAudioFile.m in Sources */,
				825C31491275ADD7006376B8 /* VJXAudioFormat.m in Sources */,
				825C314A1275ADD7006376B8 /* VJXCompressor.m in Sources */,
				825C314B1275ADD7006376B8 /* VJXContext.m in Sources */,
				825C314C1275ADD7006376B8 /* VJXEntity.mm in Sources */,
				825C314D1275ADD7006376B8 /* VJXInputPin.m in Sources */,
				825C314E1275ADD7006376B8 /* VJXOutputPin.m in Sources */,
				825C314F1275ADD7006376B8 /* VJXPin.m in Sources */,
				825C31501275ADD7006376B8 /* VJXPinSignal.m in Sources */,
				825C31511275ADD7006376B8 /* VJXPoint.m in Sources */,
				825C31521275ADD7006376B8 /* VJXRingBuffer.m in Sources */,
				825C31531275ADD7006376B8 /* VJXSize.m in Sources */,
				825C31541275ADD7006376B8 /* VJXSpectrumAnalyzer.m in Sources */,
				825C31551275ADD7006376B8 /* VJXThreadedEntity.m in Sources */,
				825C31841275AF03006376B8 /* VJXEntityLabelLayer.m in Sources */,
				825C318A1275AF4B006376B8 /* VJXOutletLabelLayer.m in Sources */,
				825C31901275AF5B006376B8 /* VJXBoardLayer.m in Sources */,
				825C319D1275AFB6006376B8 /* VJXLibraryTableView.m in Sources */,
				825C319E1275AFB6006376B8 /* VJXLibraryTableViewDelegate.m in Sources */,
				825C32131275BEE3006376B8 /* VJXEntityOutlineView.m in Sources */,
				AA3557441277468800EAA2E4 /* VJXTextRenderer.m in Sources */,
				AA3557451277468800EAA2E4 /* VJXTextLayer.m in Sources */,
				AA3557DA12795C5500EAA2E4 /* VJXDrawing.m in Sources */,
				AAF6CA8E127CD1210015AEDE /* VJXJavaScript.mm in Sources */,
			);
			runOnlyForDeploymentPostprocessing = 0;
		};
/* End PBXSourcesBuildPhase section */

/* Begin PBXVariantGroup section */
		089C165CFE840E0CC02AAC07 /* InfoPlist.strings */ = {
			isa = PBXVariantGroup;
			children = (
				089C165DFE840E0CC02AAC07 /* English */,
			);
			name = InfoPlist.strings;
			sourceTree = "<group>";
		};
		1DDD58140DA1D0A300B32029 /* MainMenu.xib */ = {
			isa = PBXVariantGroup;
			children = (
				1DDD58150DA1D0A300B32029 /* English */,
			);
			name = MainMenu.xib;
			sourceTree = "<group>";
		};
/* End PBXVariantGroup section */

/* Begin XCBuildConfiguration section */
		C01FCF4B08A954540054247B /* Debug */ = {
			isa = XCBuildConfiguration;
			buildSettings = {
				ALWAYS_SEARCH_USER_PATHS = NO;
				COPY_PHASE_STRIP = NO;
				GCC_DYNAMIC_NO_PIC = NO;
				GCC_ENABLE_FIX_AND_CONTINUE = YES;
				GCC_MODEL_TUNING = G5;
				GCC_OPTIMIZATION_LEVEL = 0;
				GCC_PRECOMPILE_PREFIX_HEADER = YES;
				GCC_PREFIX_HEADER = VeeJay_Prefix.pch;
				INFOPLIST_FILE = "VeeJay-Info.plist";
				INSTALL_PATH = "$(HOME)/Applications";
				LIBRARY_SEARCH_PATHS = (
					"$(inherited)",
					"\"$(SRCROOT)/../v8-read-only\"",
				);
				PRODUCT_NAME = VeeJay;
			};
			name = Debug;
		};
		C01FCF4C08A954540054247B /* Release */ = {
			isa = XCBuildConfiguration;
			buildSettings = {
				ALWAYS_SEARCH_USER_PATHS = NO;
				DEBUG_INFORMATION_FORMAT = "dwarf-with-dsym";
				GCC_MODEL_TUNING = G5;
				GCC_PRECOMPILE_PREFIX_HEADER = YES;
				GCC_PREFIX_HEADER = VeeJay_Prefix.pch;
				INFOPLIST_FILE = "VeeJay-Info.plist";
				INSTALL_PATH = "$(HOME)/Applications";
				LIBRARY_SEARCH_PATHS = (
					"$(inherited)",
					"\"$(SRCROOT)/../v8-read-only\"",
				);
				PRODUCT_NAME = VeeJay;
			};
			name = Release;
		};
		C01FCF4F08A954540054247B /* Debug */ = {
			isa = XCBuildConfiguration;
			buildSettings = {
				ARCHS = "$(ARCHS_STANDARD_32_64_BIT)";
				GCC_ALTIVEC_EXTENSIONS = YES;
				GCC_AUTO_VECTORIZATION = YES;
				GCC_C_LANGUAGE_STANDARD = gnu99;
				GCC_ENABLE_SSE3_EXTENSIONS = YES;
				GCC_ENABLE_SSE41_EXTENSIONS = YES;
				GCC_ENABLE_SSE42_EXTENSIONS = YES;
				GCC_ENABLE_SUPPLEMENTAL_SSE3_INSTRUCTIONS = YES;
				GCC_OPTIMIZATION_LEVEL = 3;
				GCC_UNROLL_LOOPS = YES;
				GCC_WARN_ABOUT_RETURN_TYPE = YES;
				GCC_WARN_UNUSED_VARIABLE = YES;
				HEADER_SEARCH_PATHS = (
					"$PROJECT_DIR/../v8-read-only/include/**",
					"$PROJECT_DIR/**",
				);
				LIBRARY_SEARCH_PATHS = "$PROJECT_DIR/../v8-read-only/include/**";
				ONLY_ACTIVE_ARCH = YES;
				PREBINDING = NO;
				SDKROOT = macosx10.6;
				VALID_ARCHS = "i386 x86_64";
			};
			name = Debug;
		};
		C01FCF5008A954540054247B /* Release */ = {
			isa = XCBuildConfiguration;
			buildSettings = {
				ARCHS = "$(ARCHS_STANDARD_32_64_BIT)";
				GCC_ALTIVEC_EXTENSIONS = YES;
				GCC_AUTO_VECTORIZATION = YES;
				GCC_C_LANGUAGE_STANDARD = gnu99;
				GCC_ENABLE_SSE3_EXTENSIONS = YES;
				GCC_ENABLE_SSE41_EXTENSIONS = YES;
				GCC_ENABLE_SSE42_EXTENSIONS = YES;
				GCC_ENABLE_SUPPLEMENTAL_SSE3_INSTRUCTIONS = YES;
				GCC_GENERATE_DEBUGGING_SYMBOLS = NO;
				GCC_OPTIMIZATION_LEVEL = 3;
				GCC_UNROLL_LOOPS = YES;
				GCC_WARN_ABOUT_RETURN_TYPE = YES;
				GCC_WARN_UNUSED_VARIABLE = YES;
				HEADER_SEARCH_PATHS = (
					"$PROJECT_DIR/../v8-read-only/include/**",
					"$PROJECT_DIR/**",
				);
				LIBRARY_SEARCH_PATHS = "$PROJECT_DIR/../v8-read-only/include/**";
				ONLY_ACTIVE_ARCH = YES;
				PREBINDING = NO;
				SDKROOT = macosx10.6;
				VALID_ARCHS = "i386 x86_64";
			};
			name = Release;
		};
/* End XCBuildConfiguration section */

/* Begin XCConfigurationList section */
		C01FCF4A08A954540054247B /* Build configuration list for PBXNativeTarget "VeeJay" */ = {
			isa = XCConfigurationList;
			buildConfigurations = (
				C01FCF4B08A954540054247B /* Debug */,
				C01FCF4C08A954540054247B /* Release */,
			);
			defaultConfigurationIsVisible = 0;
			defaultConfigurationName = Release;
		};
		C01FCF4E08A954540054247B /* Build configuration list for PBXProject "VeeJay" */ = {
			isa = XCConfigurationList;
			buildConfigurations = (
				C01FCF4F08A954540054247B /* Debug */,
				C01FCF5008A954540054247B /* Release */,
			);
			defaultConfigurationIsVisible = 0;
			defaultConfigurationName = Release;
		};
/* End XCConfigurationList section */
	};
	rootObject = 29B97313FDCFA39411CA2CEA /* Project object */;
}
