// !$*UTF8*$!
{
	archiveVersion = 1;
	classes = {
	};
	objectVersion = 46;
	objects = {

/* Begin PBXBuildFile section */
		1DDD58160DA1D0A300B32029 /* MainMenu.xib in Resources */ = {isa = PBXBuildFile; fileRef = 1DDD58140DA1D0A300B32029 /* MainMenu.xib */; };
		256AC3DA0F4B6AC300CF3369 /* VeeJayAppDelegate.m in Sources */ = {isa = PBXBuildFile; fileRef = 256AC3D90F4B6AC300CF3369 /* VeeJayAppDelegate.m */; };
		821DE683123925EC00B6A45D /* VJXBoardSelection.m in Sources */ = {isa = PBXBuildFile; fileRef = 821DE682123925EC00B6A45D /* VJXBoardSelection.m */; };
		82456BA51223CFA200236FE4 /* VJXLayer.m in Sources */ = {isa = PBXBuildFile; fileRef = 82456BA41223CFA200236FE4 /* VJXLayer.m */; };
		82456BBA1223DBE100236FE4 /* VJXQtVideoLayer.m in Sources */ = {isa = PBXBuildFile; fileRef = 82456BB61223DBE100236FE4 /* VJXQtVideoLayer.m */; };
		82456BC41223DC8300236FE4 /* OpenGL.framework in Frameworks */ = {isa = PBXBuildFile; fileRef = 82456BC31223DC8300236FE4 /* OpenGL.framework */; };
		82456BC81223DC9900236FE4 /* QTKit.framework in Frameworks */ = {isa = PBXBuildFile; fileRef = 82456BC71223DC9900236FE4 /* QTKit.framework */; };
		82456BCC1223DCA700236FE4 /* QuartzCore.framework in Frameworks */ = {isa = PBXBuildFile; fileRef = 82456BCB1223DCA700236FE4 /* QuartzCore.framework */; };
		82456FE912256A4A00236FE4 /* VJXImageLayer.m in Sources */ = {isa = PBXBuildFile; fileRef = 82456FE812256A4A00236FE4 /* VJXImageLayer.m */; };
		824576451227DF5800236FE4 /* VJXBoardEntityPin.m in Sources */ = {isa = PBXBuildFile; fileRef = 8245763D1227DF5800236FE4 /* VJXBoardEntityPin.m */; };
		824576461227DF5800236FE4 /* VJXBoardEntityConnector.m in Sources */ = {isa = PBXBuildFile; fileRef = 8245763F1227DF5800236FE4 /* VJXBoardEntityConnector.m */; };
		824576481227DF5800236FE4 /* VJXBoard.m in Sources */ = {isa = PBXBuildFile; fileRef = 824576431227DF5800236FE4 /* VJXBoard.m */; };
		82B0A4C31237AFB20006D003 /* VJXBoardEntityOutlet.m in Sources */ = {isa = PBXBuildFile; fileRef = 82B0A4C21237AFB20006D003 /* VJXBoardEntityOutlet.m */; };
		82EA042F1240BE4A00E28B72 /* VJXDocument.xib in Resources */ = {isa = PBXBuildFile; fileRef = 82EA042E1240BE4A00E28B72 /* VJXDocument.xib */; };
		82EA0BB012421E1D00E28B72 /* VJXBoardEntity.m in Sources */ = {isa = PBXBuildFile; fileRef = 824576411227DF5800236FE4 /* VJXBoardEntity.m */; };
		8D11072B0486CEB800E47090 /* InfoPlist.strings in Resources */ = {isa = PBXBuildFile; fileRef = 089C165CFE840E0CC02AAC07 /* InfoPlist.strings */; };
		8D11072D0486CEB800E47090 /* main.m in Sources */ = {isa = PBXBuildFile; fileRef = 29B97316FDCFA39411CA2CEA /* main.m */; settings = {ATTRIBUTES = (); }; };
		8D11072F0486CEB800E47090 /* Cocoa.framework in Frameworks */ = {isa = PBXBuildFile; fileRef = 1058C7A1FEA54F0111CA2CBB /* Cocoa.framework */; };
		AA0F48A8122E7503005A1C95 /* VJXEntity.m in Sources */ = {isa = PBXBuildFile; fileRef = AA0F48A7122E7503005A1C95 /* VJXEntity.m */; };
		AA0F48AB12302BBA005A1C95 /* VJXPin.m in Sources */ = {isa = PBXBuildFile; fileRef = AA0F48AA12302BBA005A1C95 /* VJXPin.m */; };
		AA0F49D0123052EE005A1C95 /* VJXVideoOutput.m in Sources */ = {isa = PBXBuildFile; fileRef = AA0F49CF123052EE005A1C95 /* VJXVideoOutput.m */; };
		AA0F49D31230532F005A1C95 /* VJXOpenGLScreen.m in Sources */ = {isa = PBXBuildFile; fileRef = AA0F49D21230532F005A1C95 /* VJXOpenGLScreen.m */; };
		AA0F49D612305352005A1C95 /* VJXSoftScreen.m in Sources */ = {isa = PBXBuildFile; fileRef = AA0F49D512305352005A1C95 /* VJXSoftScreen.m */; };
		AA0F49D91230536C005A1C95 /* VJXExporter.m in Sources */ = {isa = PBXBuildFile; fileRef = AA0F49D81230536C005A1C95 /* VJXExporter.m */; };
		AA0F49DC12305376005A1C95 /* VJXVideoMixer.m in Sources */ = {isa = PBXBuildFile; fileRef = AA0F49DB12305376005A1C95 /* VJXVideoMixer.m */; };
		AA0F49DF12305384005A1C95 /* VJXContext.m in Sources */ = {isa = PBXBuildFile; fileRef = AA0F49DE12305384005A1C95 /* VJXContext.m */; };
		AA22323E1241F7F80014B745 /* VJXQtAudioOutput.m in Sources */ = {isa = PBXBuildFile; fileRef = AA22323D1241F7F80014B745 /* VJXQtAudioOutput.m */; };
		AA2233911242B4230014B745 /* VJXCoreAudioOutput.m in Sources */ = {isa = PBXBuildFile; fileRef = AA2233901242B4230014B745 /* VJXCoreAudioOutput.m */; };
		AA2233F51243707C0014B745 /* VJXAudioDevice.m in Sources */ = {isa = PBXBuildFile; fileRef = AA2233F41243707C0014B745 /* VJXAudioDevice.m */; };
		AA22351312465D200014B745 /* VJXAudioAnalyzer.m in Sources */ = {isa = PBXBuildFile; fileRef = AA22351212465D200014B745 /* VJXAudioAnalyzer.m */; };
		AA27106B1240166500E5B946 /* VJXAudioOutput.m in Sources */ = {isa = PBXBuildFile; fileRef = AA27106A1240166500E5B946 /* VJXAudioOutput.m */; };
		AA2BE3F312353BA6006087E7 /* CoreAudio.framework in Frameworks */ = {isa = PBXBuildFile; fileRef = AA2BE3F212353BA6006087E7 /* CoreAudio.framework */; };
		AA2BE40B12353D5C006087E7 /* Accelerate.framework in Frameworks */ = {isa = PBXBuildFile; fileRef = AA2BE40A12353D5C006087E7 /* Accelerate.framework */; };
		AA2BE6511236D31E006087E7 /* VJXThreadedEntity.m in Sources */ = {isa = PBXBuildFile; fileRef = AA2BE6501236D31E006087E7 /* VJXThreadedEntity.m */; };
		AA718124125899E40068DB2B /* VJXAudioSpectrumAnalyzer.m in Sources */ = {isa = PBXBuildFile; fileRef = AA718123125899E40068DB2B /* VJXAudioSpectrumAnalyzer.m */; };
		AA7181381258AFA30068DB2B /* VJXAudioScheduler.m in Sources */ = {isa = PBXBuildFile; fileRef = AA7181371258AFA30068DB2B /* VJXAudioScheduler.m */; };
		AA7931BE1233A64800860CD2 /* VJXSize.m in Sources */ = {isa = PBXBuildFile; fileRef = AA7931BD1233A64800860CD2 /* VJXSize.m */; };
		AA7931C11233A65400860CD2 /* VJXPoint.m in Sources */ = {isa = PBXBuildFile; fileRef = AA7931C01233A65400860CD2 /* VJXPoint.m */; };
		AA917C01123BD96700001A8B /* VJXEntityInspectorPanel.m in Sources */ = {isa = PBXBuildFile; fileRef = AA917C00123BD96700001A8B /* VJXEntityInspectorPanel.m */; };
		AA9A2E521251CB000078FA8A /* VJXAudioMixer.m in Sources */ = {isa = PBXBuildFile; fileRef = AA9A2E511251CB000078FA8A /* VJXAudioMixer.m */; };
		AA9F747A124E9CFE001FAAC8 /* VJXAudioFormat.m in Sources */ = {isa = PBXBuildFile; fileRef = AA9F7479124E9CFE001FAAC8 /* VJXAudioFormat.m */; };
		AADAC96A124F7AEA00729ACC /* VJXAudioFileLayer.m in Sources */ = {isa = PBXBuildFile; fileRef = AADAC969124F7AEA00729ACC /* VJXAudioFileLayer.m */; };
		AADEBED61240F7D700A6A06D /* VJXDocument.m in Sources */ = {isa = PBXBuildFile; fileRef = 82EA047D1240C2AF00E28B72 /* VJXDocument.m */; };
		AADEBF7912413B5B00A6A06D /* VJXAudioFile.m in Sources */ = {isa = PBXBuildFile; fileRef = AADEBF7812413B5B00A6A06D /* VJXAudioFile.m */; };
		AADEBFC812414F7E00A6A06D /* AudioToolbox.framework in Frameworks */ = {isa = PBXBuildFile; fileRef = AADEBFC712414F7E00A6A06D /* AudioToolbox.framework */; };
		AADEBFDF1241546B00A6A06D /* VJXAudioBuffer.m in Sources */ = {isa = PBXBuildFile; fileRef = AADEBFDE1241546B00A6A06D /* VJXAudioBuffer.m */; };
		AADEC0D712416F4600A6A06D /* VJXQtAudioCaptureLayer.m in Sources */ = {isa = PBXBuildFile; fileRef = AADEC0D612416F4600A6A06D /* VJXQtAudioCaptureLayer.m */; };
		AAF179A0123E0A39001319BA /* VJXQtVideoCaptureLayer.m in Sources */ = {isa = PBXBuildFile; fileRef = AAF1799F123E0A39001319BA /* VJXQtVideoCaptureLayer.m */; };
		AAF17AA6123E4F45001319BA /* VJXQtExporter.m in Sources */ = {isa = PBXBuildFile; fileRef = AAF17AA5123E4F45001319BA /* VJXQtExporter.m */; };
		AAF17BDE123EABBB001319BA /* VJXBoardInputPanel.m in Sources */ = {isa = PBXBuildFile; fileRef = AAF17BDD123EABBB001319BA /* VJXBoardInputPanel.m */; };
/* End PBXBuildFile section */

/* Begin PBXFileReference section */
		089C165DFE840E0CC02AAC07 /* English */ = {isa = PBXFileReference; fileEncoding = 4; lastKnownFileType = text.plist.strings; name = English; path = English.lproj/InfoPlist.strings; sourceTree = "<group>"; };
		1058C7A1FEA54F0111CA2CBB /* Cocoa.framework */ = {isa = PBXFileReference; lastKnownFileType = wrapper.framework; name = Cocoa.framework; path = /System/Library/Frameworks/Cocoa.framework; sourceTree = "<absolute>"; };
		13E42FB307B3F0F600E4EEF1 /* CoreData.framework */ = {isa = PBXFileReference; lastKnownFileType = wrapper.framework; name = CoreData.framework; path = /System/Library/Frameworks/CoreData.framework; sourceTree = "<absolute>"; };
		1DDD58150DA1D0A300B32029 /* English */ = {isa = PBXFileReference; lastKnownFileType = file.xib; name = English; path = English.lproj/MainMenu.xib; sourceTree = "<group>"; };
		256AC3D80F4B6AC300CF3369 /* VeeJayAppDelegate.h */ = {isa = PBXFileReference; fileEncoding = 4; lastKnownFileType = sourcecode.c.h; path = VeeJayAppDelegate.h; sourceTree = "<group>"; };
		256AC3D90F4B6AC300CF3369 /* VeeJayAppDelegate.m */ = {isa = PBXFileReference; fileEncoding = 4; lastKnownFileType = sourcecode.c.objc; path = VeeJayAppDelegate.m; sourceTree = "<group>"; };
		256AC3F00F4B6AF500CF3369 /* VeeJay_Prefix.pch */ = {isa = PBXFileReference; fileEncoding = 4; lastKnownFileType = sourcecode.c.h; path = VeeJay_Prefix.pch; sourceTree = "<group>"; };
		29B97316FDCFA39411CA2CEA /* main.m */ = {isa = PBXFileReference; fileEncoding = 4; lastKnownFileType = sourcecode.c.objc; path = main.m; sourceTree = "<group>"; };
		29B97324FDCFA39411CA2CEA /* AppKit.framework */ = {isa = PBXFileReference; lastKnownFileType = wrapper.framework; name = AppKit.framework; path = /System/Library/Frameworks/AppKit.framework; sourceTree = "<absolute>"; };
		29B97325FDCFA39411CA2CEA /* Foundation.framework */ = {isa = PBXFileReference; lastKnownFileType = wrapper.framework; name = Foundation.framework; path = /System/Library/Frameworks/Foundation.framework; sourceTree = "<absolute>"; };
		821DE681123925EC00B6A45D /* VJXBoardSelection.h */ = {isa = PBXFileReference; fileEncoding = 4; lastKnownFileType = sourcecode.c.h; name = VJXBoardSelection.h; path = gui/VJXBoardSelection.h; sourceTree = "<group>"; };
		821DE682123925EC00B6A45D /* VJXBoardSelection.m */ = {isa = PBXFileReference; fileEncoding = 4; lastKnownFileType = sourcecode.c.objc; name = VJXBoardSelection.m; path = gui/VJXBoardSelection.m; sourceTree = "<group>"; };
		82456BA31223CFA200236FE4 /* VJXLayer.h */ = {isa = PBXFileReference; fileEncoding = 4; lastKnownFileType = sourcecode.c.h; name = VJXLayer.h; path = entities/VJXLayer.h; sourceTree = "<group>"; };
		82456BA41223CFA200236FE4 /* VJXLayer.m */ = {isa = PBXFileReference; fileEncoding = 4; lastKnownFileType = sourcecode.c.objc; name = VJXLayer.m; path = entities/VJXLayer.m; sourceTree = "<group>"; };
		82456BB61223DBE100236FE4 /* VJXQtVideoLayer.m */ = {isa = PBXFileReference; fileEncoding = 4; lastKnownFileType = sourcecode.c.objc; name = VJXQtVideoLayer.m; path = entities/layers/VJXQtVideoLayer.m; sourceTree = "<group>"; };
		82456BB71223DBE100236FE4 /* VJXQtVideoLayer.h */ = {isa = PBXFileReference; fileEncoding = 4; lastKnownFileType = sourcecode.c.h; name = VJXQtVideoLayer.h; path = entities/layers/VJXQtVideoLayer.h; sourceTree = "<group>"; };
		82456BC31223DC8300236FE4 /* OpenGL.framework */ = {isa = PBXFileReference; lastKnownFileType = wrapper.framework; name = OpenGL.framework; path = System/Library/Frameworks/OpenGL.framework; sourceTree = SDKROOT; };
		82456BC71223DC9900236FE4 /* QTKit.framework */ = {isa = PBXFileReference; lastKnownFileType = wrapper.framework; name = QTKit.framework; path = System/Library/Frameworks/QTKit.framework; sourceTree = SDKROOT; };
		82456BCB1223DCA700236FE4 /* QuartzCore.framework */ = {isa = PBXFileReference; lastKnownFileType = wrapper.framework; name = QuartzCore.framework; path = System/Library/Frameworks/QuartzCore.framework; sourceTree = SDKROOT; };
		82456FE712256A4A00236FE4 /* VJXImageLayer.h */ = {isa = PBXFileReference; fileEncoding = 4; lastKnownFileType = sourcecode.c.h; name = VJXImageLayer.h; path = entities/layers/VJXImageLayer.h; sourceTree = "<group>"; };
		82456FE812256A4A00236FE4 /* VJXImageLayer.m */ = {isa = PBXFileReference; fileEncoding = 4; lastKnownFileType = sourcecode.c.objc; name = VJXImageLayer.m; path = entities/layers/VJXImageLayer.m; sourceTree = "<group>"; };
		8245763D1227DF5800236FE4 /* VJXBoardEntityPin.m */ = {isa = PBXFileReference; fileEncoding = 4; lastKnownFileType = sourcecode.c.objc; name = VJXBoardEntityPin.m; path = gui/VJXBoardEntityPin.m; sourceTree = "<group>"; };
		8245763E1227DF5800236FE4 /* VJXBoardEntityPin.h */ = {isa = PBXFileReference; fileEncoding = 4; lastKnownFileType = sourcecode.c.h; name = VJXBoardEntityPin.h; path = gui/VJXBoardEntityPin.h; sourceTree = "<group>"; };
		8245763F1227DF5800236FE4 /* VJXBoardEntityConnector.m */ = {isa = PBXFileReference; fileEncoding = 4; lastKnownFileType = sourcecode.c.objc; name = VJXBoardEntityConnector.m; path = gui/VJXBoardEntityConnector.m; sourceTree = "<group>"; };
		824576401227DF5800236FE4 /* VJXBoardEntityConnector.h */ = {isa = PBXFileReference; fileEncoding = 4; lastKnownFileType = sourcecode.c.h; name = VJXBoardEntityConnector.h; path = gui/VJXBoardEntityConnector.h; sourceTree = "<group>"; };
		824576411227DF5800236FE4 /* VJXBoardEntity.m */ = {isa = PBXFileReference; fileEncoding = 4; lastKnownFileType = sourcecode.c.objc; name = VJXBoardEntity.m; path = gui/VJXBoardEntity.m; sourceTree = "<group>"; };
		824576421227DF5800236FE4 /* VJXBoardEntity.h */ = {isa = PBXFileReference; fileEncoding = 4; lastKnownFileType = sourcecode.c.h; name = VJXBoardEntity.h; path = gui/VJXBoardEntity.h; sourceTree = "<group>"; };
		824576431227DF5800236FE4 /* VJXBoard.m */ = {isa = PBXFileReference; fileEncoding = 4; lastKnownFileType = sourcecode.c.objc; name = VJXBoard.m; path = gui/VJXBoard.m; sourceTree = "<group>"; };
		824576441227DF5800236FE4 /* VJXBoard.h */ = {isa = PBXFileReference; fileEncoding = 4; lastKnownFileType = sourcecode.c.h; name = VJXBoard.h; path = gui/VJXBoard.h; sourceTree = "<group>"; };
		82B0A4C11237AFB20006D003 /* VJXBoardEntityOutlet.h */ = {isa = PBXFileReference; fileEncoding = 4; lastKnownFileType = sourcecode.c.h; name = VJXBoardEntityOutlet.h; path = gui/VJXBoardEntityOutlet.h; sourceTree = "<group>"; };
		82B0A4C21237AFB20006D003 /* VJXBoardEntityOutlet.m */ = {isa = PBXFileReference; fileEncoding = 4; lastKnownFileType = sourcecode.c.objc; name = VJXBoardEntityOutlet.m; path = gui/VJXBoardEntityOutlet.m; sourceTree = "<group>"; };
		82EA042E1240BE4A00E28B72 /* VJXDocument.xib */ = {isa = PBXFileReference; lastKnownFileType = file.xib; path = VJXDocument.xib; sourceTree = "<group>"; };
		82EA047C1240C2AF00E28B72 /* VJXDocument.h */ = {isa = PBXFileReference; fileEncoding = 4; lastKnownFileType = sourcecode.c.h; name = VJXDocument.h; path = gui/VJXDocument.h; sourceTree = "<group>"; };
		82EA047D1240C2AF00E28B72 /* VJXDocument.m */ = {isa = PBXFileReference; fileEncoding = 4; lastKnownFileType = sourcecode.c.objc; name = VJXDocument.m; path = gui/VJXDocument.m; sourceTree = "<group>"; };
		8D1107310486CEB800E47090 /* VeeJay-Info.plist */ = {isa = PBXFileReference; fileEncoding = 4; lastKnownFileType = text.plist.xml; path = "VeeJay-Info.plist"; sourceTree = "<group>"; };
		8D1107320486CEB800E47090 /* VeeJay.app */ = {isa = PBXFileReference; explicitFileType = wrapper.application; includeInIndex = 0; path = VeeJay.app; sourceTree = BUILT_PRODUCTS_DIR; };
		AA0F48A6122E7503005A1C95 /* VJXEntity.h */ = {isa = PBXFileReference; fileEncoding = 4; lastKnownFileType = sourcecode.c.h; name = VJXEntity.h; path = core/VJXEntity.h; sourceTree = "<group>"; };
		AA0F48A7122E7503005A1C95 /* VJXEntity.m */ = {isa = PBXFileReference; fileEncoding = 4; lastKnownFileType = sourcecode.c.objc; name = VJXEntity.m; path = core/VJXEntity.m; sourceTree = "<group>"; };
		AA0F48A912302BBA005A1C95 /* VJXPin.h */ = {isa = PBXFileReference; fileEncoding = 4; lastKnownFileType = sourcecode.c.h; name = VJXPin.h; path = core/VJXPin.h; sourceTree = "<group>"; };
		AA0F48AA12302BBA005A1C95 /* VJXPin.m */ = {isa = PBXFileReference; fileEncoding = 4; lastKnownFileType = sourcecode.c.objc; name = VJXPin.m; path = core/VJXPin.m; sourceTree = "<group>"; };
		AA0F49CE123052EE005A1C95 /* VJXVideoOutput.h */ = {isa = PBXFileReference; fileEncoding = 4; lastKnownFileType = sourcecode.c.h; name = VJXVideoOutput.h; path = entities/VJXVideoOutput.h; sourceTree = "<group>"; };
		AA0F49CF123052EE005A1C95 /* VJXVideoOutput.m */ = {isa = PBXFileReference; fileEncoding = 4; lastKnownFileType = sourcecode.c.objc; name = VJXVideoOutput.m; path = entities/VJXVideoOutput.m; sourceTree = "<group>"; };
		AA0F49D11230532F005A1C95 /* VJXOpenGLScreen.h */ = {isa = PBXFileReference; fileEncoding = 4; lastKnownFileType = sourcecode.c.h; name = VJXOpenGLScreen.h; path = entities/screens/VJXOpenGLScreen.h; sourceTree = "<group>"; };
		AA0F49D21230532F005A1C95 /* VJXOpenGLScreen.m */ = {isa = PBXFileReference; fileEncoding = 4; lastKnownFileType = sourcecode.c.objc; name = VJXOpenGLScreen.m; path = entities/screens/VJXOpenGLScreen.m; sourceTree = "<group>"; };
		AA0F49D412305352005A1C95 /* VJXSoftScreen.h */ = {isa = PBXFileReference; fileEncoding = 4; lastKnownFileType = sourcecode.c.h; name = VJXSoftScreen.h; path = entities/screens/VJXSoftScreen.h; sourceTree = "<group>"; };
		AA0F49D512305352005A1C95 /* VJXSoftScreen.m */ = {isa = PBXFileReference; fileEncoding = 4; lastKnownFileType = sourcecode.c.objc; name = VJXSoftScreen.m; path = entities/screens/VJXSoftScreen.m; sourceTree = "<group>"; };
		AA0F49D71230536C005A1C95 /* VJXExporter.h */ = {isa = PBXFileReference; fileEncoding = 4; lastKnownFileType = sourcecode.c.h; name = VJXExporter.h; path = entities/VJXExporter.h; sourceTree = "<group>"; };
		AA0F49D81230536C005A1C95 /* VJXExporter.m */ = {isa = PBXFileReference; fileEncoding = 4; lastKnownFileType = sourcecode.c.objc; name = VJXExporter.m; path = entities/VJXExporter.m; sourceTree = "<group>"; };
		AA0F49DA12305376005A1C95 /* VJXVideoMixer.h */ = {isa = PBXFileReference; fileEncoding = 4; lastKnownFileType = sourcecode.c.h; name = VJXVideoMixer.h; path = entities/mixers/VJXVideoMixer.h; sourceTree = "<group>"; };
		AA0F49DB12305376005A1C95 /* VJXVideoMixer.m */ = {isa = PBXFileReference; fileEncoding = 4; lastKnownFileType = sourcecode.c.objc; name = VJXVideoMixer.m; path = entities/mixers/VJXVideoMixer.m; sourceTree = "<group>"; };
		AA0F49DD12305384005A1C95 /* VJXContext.h */ = {isa = PBXFileReference; fileEncoding = 4; lastKnownFileType = sourcecode.c.h; name = VJXContext.h; path = core/VJXContext.h; sourceTree = "<group>"; };
		AA0F49DE12305384005A1C95 /* VJXContext.m */ = {isa = PBXFileReference; fileEncoding = 4; lastKnownFileType = sourcecode.c.objc; name = VJXContext.m; path = core/VJXContext.m; sourceTree = "<group>"; };
		AA22323C1241F7F80014B745 /* VJXQtAudioOutput.h */ = {isa = PBXFileReference; fileEncoding = 4; lastKnownFileType = sourcecode.c.h; name = VJXQtAudioOutput.h; path = entities/outputs/VJXQtAudioOutput.h; sourceTree = "<group>"; };
		AA22323D1241F7F80014B745 /* VJXQtAudioOutput.m */ = {isa = PBXFileReference; fileEncoding = 4; lastKnownFileType = sourcecode.c.objc; name = VJXQtAudioOutput.m; path = entities/outputs/VJXQtAudioOutput.m; sourceTree = "<group>"; };
		AA22338F1242B4230014B745 /* VJXCoreAudioOutput.h */ = {isa = PBXFileReference; fileEncoding = 4; lastKnownFileType = sourcecode.c.h; name = VJXCoreAudioOutput.h; path = entities/outputs/VJXCoreAudioOutput.h; sourceTree = "<group>"; };
		AA2233901242B4230014B745 /* VJXCoreAudioOutput.m */ = {isa = PBXFileReference; fileEncoding = 4; lastKnownFileType = sourcecode.c.objc; name = VJXCoreAudioOutput.m; path = entities/outputs/VJXCoreAudioOutput.m; sourceTree = "<group>"; };
		AA2233F31243707C0014B745 /* VJXAudioDevice.h */ = {isa = PBXFileReference; fileEncoding = 4; lastKnownFileType = sourcecode.c.h; name = VJXAudioDevice.h; path = core/VJXAudioDevice.h; sourceTree = "<group>"; };
		AA2233F41243707C0014B745 /* VJXAudioDevice.m */ = {isa = PBXFileReference; fileEncoding = 4; lastKnownFileType = sourcecode.c.objc; name = VJXAudioDevice.m; path = core/VJXAudioDevice.m; sourceTree = "<group>"; };
		AA22351112465D200014B745 /* VJXAudioAnalyzer.h */ = {isa = PBXFileReference; fileEncoding = 4; lastKnownFileType = sourcecode.c.h; name = VJXAudioAnalyzer.h; path = core/VJXAudioAnalyzer.h; sourceTree = "<group>"; };
		AA22351212465D200014B745 /* VJXAudioAnalyzer.m */ = {isa = PBXFileReference; fileEncoding = 4; lastKnownFileType = sourcecode.c.objc; name = VJXAudioAnalyzer.m; path = core/VJXAudioAnalyzer.m; sourceTree = "<group>"; };
		AA2710691240166500E5B946 /* VJXAudioOutput.h */ = {isa = PBXFileReference; fileEncoding = 4; lastKnownFileType = sourcecode.c.h; name = VJXAudioOutput.h; path = entities/VJXAudioOutput.h; sourceTree = "<group>"; };
		AA27106A1240166500E5B946 /* VJXAudioOutput.m */ = {isa = PBXFileReference; fileEncoding = 4; lastKnownFileType = sourcecode.c.objc; name = VJXAudioOutput.m; path = entities/VJXAudioOutput.m; sourceTree = "<group>"; };
		AA2BE3F212353BA6006087E7 /* CoreAudio.framework */ = {isa = PBXFileReference; lastKnownFileType = wrapper.framework; name = CoreAudio.framework; path = System/Library/Frameworks/CoreAudio.framework; sourceTree = SDKROOT; };
		AA2BE40A12353D5C006087E7 /* Accelerate.framework */ = {isa = PBXFileReference; lastKnownFileType = wrapper.framework; name = Accelerate.framework; path = System/Library/Frameworks/Accelerate.framework; sourceTree = SDKROOT; };
		AA2BE6401236D2C4006087E7 /* VJXThreadedEntity.h */ = {isa = PBXFileReference; fileEncoding = 4; lastKnownFileType = sourcecode.c.h; name = VJXThreadedEntity.h; path = core/VJXThreadedEntity.h; sourceTree = "<group>"; };
		AA2BE6501236D31E006087E7 /* VJXThreadedEntity.m */ = {isa = PBXFileReference; fileEncoding = 4; lastKnownFileType = sourcecode.c.objc; name = VJXThreadedEntity.m; path = core/VJXThreadedEntity.m; sourceTree = "<group>"; };
		AA718122125899E40068DB2B /* VJXAudioSpectrumAnalyzer.h */ = {isa = PBXFileReference; fileEncoding = 4; lastKnownFileType = sourcecode.c.h; name = VJXAudioSpectrumAnalyzer.h; path = entities/VJXAudioSpectrumAnalyzer.h; sourceTree = "<group>"; };
		AA718123125899E40068DB2B /* VJXAudioSpectrumAnalyzer.m */ = {isa = PBXFileReference; fileEncoding = 4; lastKnownFileType = sourcecode.c.objc; name = VJXAudioSpectrumAnalyzer.m; path = entities/VJXAudioSpectrumAnalyzer.m; sourceTree = "<group>"; };
		AA7181361258AFA30068DB2B /* VJXAudioScheduler.h */ = {isa = PBXFileReference; fileEncoding = 4; lastKnownFileType = sourcecode.c.h; name = VJXAudioScheduler.h; path = entities/VJXAudioScheduler.h; sourceTree = "<group>"; };
		AA7181371258AFA30068DB2B /* VJXAudioScheduler.m */ = {isa = PBXFileReference; fileEncoding = 4; lastKnownFileType = sourcecode.c.objc; name = VJXAudioScheduler.m; path = entities/VJXAudioScheduler.m; sourceTree = "<group>"; };
		AA7931BC1233A64800860CD2 /* VJXSize.h */ = {isa = PBXFileReference; fileEncoding = 4; lastKnownFileType = sourcecode.c.h; name = VJXSize.h; path = core/VJXSize.h; sourceTree = "<group>"; };
		AA7931BD1233A64800860CD2 /* VJXSize.m */ = {isa = PBXFileReference; fileEncoding = 4; lastKnownFileType = sourcecode.c.objc; name = VJXSize.m; path = core/VJXSize.m; sourceTree = "<group>"; };
		AA7931BF1233A65400860CD2 /* VJXPoint.h */ = {isa = PBXFileReference; fileEncoding = 4; lastKnownFileType = sourcecode.c.h; name = VJXPoint.h; path = core/VJXPoint.h; sourceTree = "<group>"; };
		AA7931C01233A65400860CD2 /* VJXPoint.m */ = {isa = PBXFileReference; fileEncoding = 4; lastKnownFileType = sourcecode.c.objc; name = VJXPoint.m; path = core/VJXPoint.m; sourceTree = "<group>"; };
		AA917BFF123BD96700001A8B /* VJXEntityInspectorPanel.h */ = {isa = PBXFileReference; fileEncoding = 4; lastKnownFileType = sourcecode.c.h; name = VJXEntityInspectorPanel.h; path = gui/VJXEntityInspectorPanel.h; sourceTree = "<group>"; };
		AA917C00123BD96700001A8B /* VJXEntityInspectorPanel.m */ = {isa = PBXFileReference; fileEncoding = 4; lastKnownFileType = sourcecode.c.objc; name = VJXEntityInspectorPanel.m; path = gui/VJXEntityInspectorPanel.m; sourceTree = "<group>"; };
		AA9A2E501251CB000078FA8A /* VJXAudioMixer.h */ = {isa = PBXFileReference; fileEncoding = 4; lastKnownFileType = sourcecode.c.h; name = VJXAudioMixer.h; path = entities/mixers/VJXAudioMixer.h; sourceTree = "<group>"; };
		AA9A2E511251CB000078FA8A /* VJXAudioMixer.m */ = {isa = PBXFileReference; fileEncoding = 4; lastKnownFileType = sourcecode.c.objc; name = VJXAudioMixer.m; path = entities/mixers/VJXAudioMixer.m; sourceTree = "<group>"; };
		AA9F7478124E9CFE001FAAC8 /* VJXAudioFormat.h */ = {isa = PBXFileReference; fileEncoding = 4; lastKnownFileType = sourcecode.c.h; name = VJXAudioFormat.h; path = core/VJXAudioFormat.h; sourceTree = "<group>"; };
		AA9F7479124E9CFE001FAAC8 /* VJXAudioFormat.m */ = {isa = PBXFileReference; fileEncoding = 4; lastKnownFileType = sourcecode.c.objc; name = VJXAudioFormat.m; path = core/VJXAudioFormat.m; sourceTree = "<group>"; };
		AAAB1A8D1256BF4000B40A41 /* VJXThread.h */ = {isa = PBXFileReference; fileEncoding = 4; lastKnownFileType = sourcecode.c.h; name = VJXThread.h; path = core/VJXThread.h; sourceTree = "<group>"; };
		AAAB1AF31256C08300B40A41 /* VJXFileRead.h */ = {isa = PBXFileReference; fileEncoding = 4; lastKnownFileType = sourcecode.c.h; name = VJXFileRead.h; path = core/VJXFileRead.h; sourceTree = "<group>"; };
		AADAC968124F7AEA00729ACC /* VJXAudioFileLayer.h */ = {isa = PBXFileReference; fileEncoding = 4; lastKnownFileType = sourcecode.c.h; name = VJXAudioFileLayer.h; path = entities/layers/VJXAudioFileLayer.h; sourceTree = "<group>"; };
		AADAC969124F7AEA00729ACC /* VJXAudioFileLayer.m */ = {isa = PBXFileReference; fileEncoding = 4; lastKnownFileType = sourcecode.c.objc; name = VJXAudioFileLayer.m; path = entities/layers/VJXAudioFileLayer.m; sourceTree = "<group>"; };
		AADEBF7712413B5B00A6A06D /* VJXAudioFile.h */ = {isa = PBXFileReference; fileEncoding = 4; lastKnownFileType = sourcecode.c.h; name = VJXAudioFile.h; path = core/VJXAudioFile.h; sourceTree = "<group>"; };
		AADEBF7812413B5B00A6A06D /* VJXAudioFile.m */ = {isa = PBXFileReference; fileEncoding = 4; lastKnownFileType = sourcecode.c.objc; name = VJXAudioFile.m; path = core/VJXAudioFile.m; sourceTree = "<group>"; };
		AADEBFC712414F7E00A6A06D /* AudioToolbox.framework */ = {isa = PBXFileReference; lastKnownFileType = wrapper.framework; name = AudioToolbox.framework; path = System/Library/Frameworks/AudioToolbox.framework; sourceTree = SDKROOT; };
		AADEBFDD1241546B00A6A06D /* VJXAudioBuffer.h */ = {isa = PBXFileReference; fileEncoding = 4; lastKnownFileType = sourcecode.c.h; name = VJXAudioBuffer.h; path = core/VJXAudioBuffer.h; sourceTree = "<group>"; };
		AADEBFDE1241546B00A6A06D /* VJXAudioBuffer.m */ = {isa = PBXFileReference; fileEncoding = 4; lastKnownFileType = sourcecode.c.objc; name = VJXAudioBuffer.m; path = core/VJXAudioBuffer.m; sourceTree = "<group>"; };
		AADEC0D512416F4600A6A06D /* VJXQtAudioCaptureLayer.h */ = {isa = PBXFileReference; fileEncoding = 4; lastKnownFileType = sourcecode.c.h; name = VJXQtAudioCaptureLayer.h; path = entities/layers/VJXQtAudioCaptureLayer.h; sourceTree = "<group>"; };
		AADEC0D612416F4600A6A06D /* VJXQtAudioCaptureLayer.m */ = {isa = PBXFileReference; fileEncoding = 4; lastKnownFileType = sourcecode.c.objc; name = VJXQtAudioCaptureLayer.m; path = entities/layers/VJXQtAudioCaptureLayer.m; sourceTree = "<group>"; };
		AAF1799E123E0A39001319BA /* VJXQtVideoCaptureLayer.h */ = {isa = PBXFileReference; fileEncoding = 4; lastKnownFileType = sourcecode.c.h; name = VJXQtVideoCaptureLayer.h; path = entities/layers/VJXQtVideoCaptureLayer.h; sourceTree = "<group>"; };
		AAF1799F123E0A39001319BA /* VJXQtVideoCaptureLayer.m */ = {isa = PBXFileReference; fileEncoding = 4; lastKnownFileType = sourcecode.c.objc; name = VJXQtVideoCaptureLayer.m; path = entities/layers/VJXQtVideoCaptureLayer.m; sourceTree = "<group>"; };
		AAF17AA4123E4F45001319BA /* VJXQtExporter.h */ = {isa = PBXFileReference; fileEncoding = 4; lastKnownFileType = sourcecode.c.h; name = VJXQtExporter.h; path = entities/exporters/VJXQtExporter.h; sourceTree = "<group>"; };
		AAF17AA5123E4F45001319BA /* VJXQtExporter.m */ = {isa = PBXFileReference; fileEncoding = 4; lastKnownFileType = sourcecode.c.objc; name = VJXQtExporter.m; path = entities/exporters/VJXQtExporter.m; sourceTree = "<group>"; };
		AAF17BDC123EABBB001319BA /* VJXBoardInputPanel.h */ = {isa = PBXFileReference; fileEncoding = 4; lastKnownFileType = sourcecode.c.h; name = VJXBoardInputPanel.h; path = gui/VJXBoardInputPanel.h; sourceTree = "<group>"; };
		AAF17BDD123EABBB001319BA /* VJXBoardInputPanel.m */ = {isa = PBXFileReference; fileEncoding = 4; lastKnownFileType = sourcecode.c.objc; name = VJXBoardInputPanel.m; path = gui/VJXBoardInputPanel.m; sourceTree = "<group>"; };
/* End PBXFileReference section */

/* Begin PBXFrameworksBuildPhase section */
		8D11072E0486CEB800E47090 /* Frameworks */ = {
			isa = PBXFrameworksBuildPhase;
			buildActionMask = 2147483647;
			files = (
				8D11072F0486CEB800E47090 /* Cocoa.framework in Frameworks */,
				82456BC41223DC8300236FE4 /* OpenGL.framework in Frameworks */,
				82456BC81223DC9900236FE4 /* QTKit.framework in Frameworks */,
				82456BCC1223DCA700236FE4 /* QuartzCore.framework in Frameworks */,
				AA2BE3F312353BA6006087E7 /* CoreAudio.framework in Frameworks */,
				AA2BE40B12353D5C006087E7 /* Accelerate.framework in Frameworks */,
				AADEBFC812414F7E00A6A06D /* AudioToolbox.framework in Frameworks */,
			);
			runOnlyForDeploymentPostprocessing = 0;
		};
/* End PBXFrameworksBuildPhase section */

/* Begin PBXGroup section */
		080E96DDFE201D6D7F000001 /* Classes */ = {
			isa = PBXGroup;
			children = (
				AAF17A90123E4D9D001319BA /* Core */,
				AAF17A91123E4DFA001319BA /* Entities */,
				8245763C1227DF2900236FE4 /* GUI */,
			);
			name = Classes;
			sourceTree = "<group>";
		};
		1058C7A0FEA54F0111CA2CBB /* Linked Frameworks */ = {
			isa = PBXGroup;
			children = (
				82456BC31223DC8300236FE4 /* OpenGL.framework */,
				82456BC71223DC9900236FE4 /* QTKit.framework */,
				82456BCB1223DCA700236FE4 /* QuartzCore.framework */,
				1058C7A1FEA54F0111CA2CBB /* Cocoa.framework */,
				AA2BE3F212353BA6006087E7 /* CoreAudio.framework */,
				AA2BE40A12353D5C006087E7 /* Accelerate.framework */,
				AADEBFC712414F7E00A6A06D /* AudioToolbox.framework */,
			);
			name = "Linked Frameworks";
			sourceTree = "<group>";
		};
		1058C7A2FEA54F0111CA2CBB /* Other Frameworks */ = {
			isa = PBXGroup;
			children = (
				29B97324FDCFA39411CA2CEA /* AppKit.framework */,
				13E42FB307B3F0F600E4EEF1 /* CoreData.framework */,
				29B97325FDCFA39411CA2CEA /* Foundation.framework */,
			);
			name = "Other Frameworks";
			sourceTree = "<group>";
		};
		19C28FACFE9D520D11CA2CBB /* Products */ = {
			isa = PBXGroup;
			children = (
				8D1107320486CEB800E47090 /* VeeJay.app */,
			);
			name = Products;
			sourceTree = "<group>";
		};
		29B97314FDCFA39411CA2CEA /* MoviePlayerD */ = {
			isa = PBXGroup;
			children = (
				080E96DDFE201D6D7F000001 /* Classes */,
				29B97315FDCFA39411CA2CEA /* Other Sources */,
				29B97317FDCFA39411CA2CEA /* Resources */,
				29B97323FDCFA39411CA2CEA /* Frameworks */,
				19C28FACFE9D520D11CA2CBB /* Products */,
			);
			name = MoviePlayerD;
			sourceTree = "<group>";
		};
		29B97315FDCFA39411CA2CEA /* Other Sources */ = {
			isa = PBXGroup;
			children = (
				256AC3F00F4B6AF500CF3369 /* VeeJay_Prefix.pch */,
				256AC3D80F4B6AC300CF3369 /* VeeJayAppDelegate.h */,
				256AC3D90F4B6AC300CF3369 /* VeeJayAppDelegate.m */,
				29B97316FDCFA39411CA2CEA /* main.m */,
			);
			name = "Other Sources";
			sourceTree = "<group>";
		};
		29B97317FDCFA39411CA2CEA /* Resources */ = {
			isa = PBXGroup;
			children = (
				8D1107310486CEB800E47090 /* VeeJay-Info.plist */,
				089C165CFE840E0CC02AAC07 /* InfoPlist.strings */,
				1DDD58140DA1D0A300B32029 /* MainMenu.xib */,
				82EA042E1240BE4A00E28B72 /* VJXDocument.xib */,
			);
			name = Resources;
			sourceTree = "<group>";
		};
		29B97323FDCFA39411CA2CEA /* Frameworks */ = {
			isa = PBXGroup;
			children = (
				1058C7A0FEA54F0111CA2CBB /* Linked Frameworks */,
				1058C7A2FEA54F0111CA2CBB /* Other Frameworks */,
			);
			name = Frameworks;
			sourceTree = "<group>";
		};
		8245763C1227DF2900236FE4 /* GUI */ = {
			isa = PBXGroup;
			children = (
				8245763D1227DF5800236FE4 /* VJXBoardEntityPin.m */,
				8245763E1227DF5800236FE4 /* VJXBoardEntityPin.h */,
				8245763F1227DF5800236FE4 /* VJXBoardEntityConnector.m */,
				824576401227DF5800236FE4 /* VJXBoardEntityConnector.h */,
				824576411227DF5800236FE4 /* VJXBoardEntity.m */,
				824576421227DF5800236FE4 /* VJXBoardEntity.h */,
				824576431227DF5800236FE4 /* VJXBoard.m */,
				824576441227DF5800236FE4 /* VJXBoard.h */,
				82B0A4C11237AFB20006D003 /* VJXBoardEntityOutlet.h */,
				82B0A4C21237AFB20006D003 /* VJXBoardEntityOutlet.m */,
				821DE681123925EC00B6A45D /* VJXBoardSelection.h */,
				821DE682123925EC00B6A45D /* VJXBoardSelection.m */,
				AA917BFF123BD96700001A8B /* VJXEntityInspectorPanel.h */,
				AA917C00123BD96700001A8B /* VJXEntityInspectorPanel.m */,
				AAF17BDC123EABBB001319BA /* VJXBoardInputPanel.h */,
				AAF17BDD123EABBB001319BA /* VJXBoardInputPanel.m */,
				82EA047C1240C2AF00E28B72 /* VJXDocument.h */,
				82EA047D1240C2AF00E28B72 /* VJXDocument.m */,
			);
			name = GUI;
			sourceTree = "<group>";
		};
		AA270ED0123FD84300E5B946 /* Mixers */ = {
			isa = PBXGroup;
			children = (
				AA0F49DA12305376005A1C95 /* VJXVideoMixer.h */,
				AA0F49DB12305376005A1C95 /* VJXVideoMixer.m */,
				AA9A2E501251CB000078FA8A /* VJXAudioMixer.h */,
				AA9A2E511251CB000078FA8A /* VJXAudioMixer.m */,
			);
			name = Mixers;
			sourceTree = "<group>";
		};
		AA2710E31240A6B700E5B946 /* AudioOutputs */ = {
			isa = PBXGroup;
			children = (
				AA22323C1241F7F80014B745 /* VJXQtAudioOutput.h */,
				AA22323D1241F7F80014B745 /* VJXQtAudioOutput.m */,
				AA22338F1242B4230014B745 /* VJXCoreAudioOutput.h */,
				AA2233901242B4230014B745 /* VJXCoreAudioOutput.m */,
			);
			name = AudioOutputs;
			sourceTree = "<group>";
		};
		AADEC0D412416F2200A6A06D /* AudioLayers */ = {
			isa = PBXGroup;
			children = (
				AADEC0D512416F4600A6A06D /* VJXQtAudioCaptureLayer.h */,
				AADEC0D612416F4600A6A06D /* VJXQtAudioCaptureLayer.m */,
				AADAC968124F7AEA00729ACC /* VJXAudioFileLayer.h */,
				AADAC969124F7AEA00729ACC /* VJXAudioFileLayer.m */,
				AA718122125899E40068DB2B /* VJXAudioSpectrumAnalyzer.h */,
				AA718123125899E40068DB2B /* VJXAudioSpectrumAnalyzer.m */,
				AA7181361258AFA30068DB2B /* VJXAudioScheduler.h */,
				AA7181371258AFA30068DB2B /* VJXAudioScheduler.m */,
			);
			name = AudioLayers;
			sourceTree = "<group>";
		};
		AAF17A8D123E4D08001319BA /* VideoLayers */ = {
			isa = PBXGroup;
			children = (
				82456FE712256A4A00236FE4 /* VJXImageLayer.h */,
				82456FE812256A4A00236FE4 /* VJXImageLayer.m */,
				82456BB71223DBE100236FE4 /* VJXQtVideoLayer.h */,
				82456BB61223DBE100236FE4 /* VJXQtVideoLayer.m */,
				AAF1799E123E0A39001319BA /* VJXQtVideoCaptureLayer.h */,
				AAF1799F123E0A39001319BA /* VJXQtVideoCaptureLayer.m */,
			);
			name = VideoLayers;
			sourceTree = "<group>";
		};
		AAF17A90123E4D9D001319BA /* Core */ = {
			isa = PBXGroup;
			children = (
				AA2233F31243707C0014B745 /* VJXAudioDevice.h */,
				AA2233F41243707C0014B745 /* VJXAudioDevice.m */,
				AADEBFDD1241546B00A6A06D /* VJXAudioBuffer.h */,
				AADEBFDE1241546B00A6A06D /* VJXAudioBuffer.m */,
				AA9F7478124E9CFE001FAAC8 /* VJXAudioFormat.h */,
				AA9F7479124E9CFE001FAAC8 /* VJXAudioFormat.m */,
				AADEBF7712413B5B00A6A06D /* VJXAudioFile.h */,
				AADEBF7812413B5B00A6A06D /* VJXAudioFile.m */,
				AA22351112465D200014B745 /* VJXAudioAnalyzer.h */,
				AA22351212465D200014B745 /* VJXAudioAnalyzer.m */,
				AA0F49DD12305384005A1C95 /* VJXContext.h */,
				AA0F49DE12305384005A1C95 /* VJXContext.m */,
				AA0F48A6122E7503005A1C95 /* VJXEntity.h */,
				AA0F48A7122E7503005A1C95 /* VJXEntity.m */,
				AA2BE6401236D2C4006087E7 /* VJXThreadedEntity.h */,
				AA2BE6501236D31E006087E7 /* VJXThreadedEntity.m */,
				AA0F48A912302BBA005A1C95 /* VJXPin.h */,
				AA0F48AA12302BBA005A1C95 /* VJXPin.m */,
				AA7931BC1233A64800860CD2 /* VJXSize.h */,
				AA7931BD1233A64800860CD2 /* VJXSize.m */,
				AA7931BF1233A65400860CD2 /* VJXPoint.h */,
				AA7931C01233A65400860CD2 /* VJXPoint.m */,
				AAAB1AF31256C08300B40A41 /* VJXFileRead.h */,
				AAAB1A8D1256BF4000B40A41 /* VJXThread.h */,
			);
			name = Core;
			sourceTree = "<group>";
		};
		AAF17A91123E4DFA001319BA /* Entities */ = {
			isa = PBXGroup;
			children = (
				82456BA31223CFA200236FE4 /* VJXLayer.h */,
				82456BA41223CFA200236FE4 /* VJXLayer.m */,
				AA0F49CE123052EE005A1C95 /* VJXVideoOutput.h */,
				AA0F49CF123052EE005A1C95 /* VJXVideoOutput.m */,
				AA2710691240166500E5B946 /* VJXAudioOutput.h */,
				AA27106A1240166500E5B946 /* VJXAudioOutput.m */,
				AA0F49D71230536C005A1C95 /* VJXExporter.h */,
				AA0F49D81230536C005A1C95 /* VJXExporter.m */,
				AAF17A92123E4E3A001319BA /* VideoOutputs */,
				AA2710E31240A6B700E5B946 /* AudioOutputs */,
				AA270ED0123FD84300E5B946 /* Mixers */,
				AADEC0D412416F2200A6A06D /* AudioLayers */,
				AAF17A8D123E4D08001319BA /* VideoLayers */,
				AAF17AA7123E4F65001319BA /* Exporters */,
			);
			name = Entities;
			sourceTree = "<group>";
		};
		AAF17A92123E4E3A001319BA /* VideoOutputs */ = {
			isa = PBXGroup;
			children = (
				AA0F49D412305352005A1C95 /* VJXSoftScreen.h */,
				AA0F49D512305352005A1C95 /* VJXSoftScreen.m */,
				AA0F49D11230532F005A1C95 /* VJXOpenGLScreen.h */,
				AA0F49D21230532F005A1C95 /* VJXOpenGLScreen.m */,
			);
			name = VideoOutputs;
			sourceTree = "<group>";
		};
		AAF17AA7123E4F65001319BA /* Exporters */ = {
			isa = PBXGroup;
			children = (
				AAF17AA4123E4F45001319BA /* VJXQtExporter.h */,
				AAF17AA5123E4F45001319BA /* VJXQtExporter.m */,
			);
			name = Exporters;
			sourceTree = "<group>";
		};
/* End PBXGroup section */

/* Begin PBXNativeTarget section */
		8D1107260486CEB800E47090 /* VeeJay */ = {
			isa = PBXNativeTarget;
			buildConfigurationList = C01FCF4A08A954540054247B /* Build configuration list for PBXNativeTarget "VeeJay" */;
			buildPhases = (
				8D1107290486CEB800E47090 /* Resources */,
				8D11072C0486CEB800E47090 /* Sources */,
				8D11072E0486CEB800E47090 /* Frameworks */,
			);
			buildRules = (
			);
			dependencies = (
			);
			name = VeeJay;
			productInstallPath = "$(HOME)/Applications";
			productName = MoviePlayerD;
			productReference = 8D1107320486CEB800E47090 /* VeeJay.app */;
			productType = "com.apple.product-type.application";
		};
/* End PBXNativeTarget section */

/* Begin PBXProject section */
		29B97313FDCFA39411CA2CEA /* Project object */ = {
			isa = PBXProject;
			attributes = {
				ORGANIZATIONNAME = Dyne.org;
			};
			buildConfigurationList = C01FCF4E08A954540054247B /* Build configuration list for PBXProject "VeeJay" */;
			compatibilityVersion = "Xcode 3.2";
			hasScannedForEncodings = 1;
			mainGroup = 29B97314FDCFA39411CA2CEA /* MoviePlayerD */;
			projectDirPath = "";
			projectRoot = "";
			targets = (
				8D1107260486CEB800E47090 /* VeeJay */,
			);
		};
/* End PBXProject section */

/* Begin PBXResourcesBuildPhase section */
		8D1107290486CEB800E47090 /* Resources */ = {
			isa = PBXResourcesBuildPhase;
			buildActionMask = 2147483647;
			files = (
				8D11072B0486CEB800E47090 /* InfoPlist.strings in Resources */,
				1DDD58160DA1D0A300B32029 /* MainMenu.xib in Resources */,
				82EA042F1240BE4A00E28B72 /* VJXDocument.xib in Resources */,
			);
			runOnlyForDeploymentPostprocessing = 0;
		};
/* End PBXResourcesBuildPhase section */

/* Begin PBXSourcesBuildPhase section */
		8D11072C0486CEB800E47090 /* Sources */ = {
			isa = PBXSourcesBuildPhase;
			buildActionMask = 2147483647;
			files = (
				8D11072D0486CEB800E47090 /* main.m in Sources */,
				256AC3DA0F4B6AC300CF3369 /* VeeJayAppDelegate.m in Sources */,
				82456BA51223CFA200236FE4 /* VJXLayer.m in Sources */,
				82456BBA1223DBE100236FE4 /* VJXQtVideoLayer.m in Sources */,
				82456FE912256A4A00236FE4 /* VJXImageLayer.m in Sources */,
				824576451227DF5800236FE4 /* VJXBoardEntityPin.m in Sources */,
				824576461227DF5800236FE4 /* VJXBoardEntityConnector.m in Sources */,
				824576481227DF5800236FE4 /* VJXBoard.m in Sources */,
				AA0F48A8122E7503005A1C95 /* VJXEntity.m in Sources */,
				AA0F48AB12302BBA005A1C95 /* VJXPin.m in Sources */,
				AA0F49D0123052EE005A1C95 /* VJXVideoOutput.m in Sources */,
				AA0F49D31230532F005A1C95 /* VJXOpenGLScreen.m in Sources */,
				AA0F49D612305352005A1C95 /* VJXSoftScreen.m in Sources */,
				AA0F49D91230536C005A1C95 /* VJXExporter.m in Sources */,
				AA0F49DC12305376005A1C95 /* VJXVideoMixer.m in Sources */,
				AA0F49DF12305384005A1C95 /* VJXContext.m in Sources */,
				AA7931BE1233A64800860CD2 /* VJXSize.m in Sources */,
				AA7931C11233A65400860CD2 /* VJXPoint.m in Sources */,
				AA2BE6511236D31E006087E7 /* VJXThreadedEntity.m in Sources */,
				82B0A4C31237AFB20006D003 /* VJXBoardEntityOutlet.m in Sources */,
				821DE683123925EC00B6A45D /* VJXBoardSelection.m in Sources */,
				AA917C01123BD96700001A8B /* VJXEntityInspectorPanel.m in Sources */,
				AAF179A0123E0A39001319BA /* VJXQtVideoCaptureLayer.m in Sources */,
				AAF17AA6123E4F45001319BA /* VJXQtExporter.m in Sources */,
				AAF17BDE123EABBB001319BA /* VJXBoardInputPanel.m in Sources */,
				AA27106B1240166500E5B946 /* VJXAudioOutput.m in Sources */,
				AADEBED61240F7D700A6A06D /* VJXDocument.m in Sources */,
				82EA0BB012421E1D00E28B72 /* VJXBoardEntity.m in Sources */,
				AADEBF7912413B5B00A6A06D /* VJXAudioFile.m in Sources */,
				AADEBFDF1241546B00A6A06D /* VJXAudioBuffer.m in Sources */,
				AADEC0D712416F4600A6A06D /* VJXQtAudioCaptureLayer.m in Sources */,
				AA22323E1241F7F80014B745 /* VJXQtAudioOutput.m in Sources */,
				AA2233911242B4230014B745 /* VJXCoreAudioOutput.m in Sources */,
				AA2233F51243707C0014B745 /* VJXAudioDevice.m in Sources */,
				AA22351312465D200014B745 /* VJXAudioAnalyzer.m in Sources */,
				AA9F747A124E9CFE001FAAC8 /* VJXAudioFormat.m in Sources */,
				AADAC96A124F7AEA00729ACC /* VJXAudioFileLayer.m in Sources */,
				AA9A2E521251CB000078FA8A /* VJXAudioMixer.m in Sources */,
				AA718124125899E40068DB2B /* VJXAudioSpectrumAnalyzer.m in Sources */,
				AA7181381258AFA30068DB2B /* VJXAudioScheduler.m in Sources */,
			);
			runOnlyForDeploymentPostprocessing = 0;
		};
/* End PBXSourcesBuildPhase section */

/* Begin PBXVariantGroup section */
		089C165CFE840E0CC02AAC07 /* InfoPlist.strings */ = {
			isa = PBXVariantGroup;
			children = (
				089C165DFE840E0CC02AAC07 /* English */,
			);
			name = InfoPlist.strings;
			sourceTree = "<group>";
		};
		1DDD58140DA1D0A300B32029 /* MainMenu.xib */ = {
			isa = PBXVariantGroup;
			children = (
				1DDD58150DA1D0A300B32029 /* English */,
			);
			name = MainMenu.xib;
			sourceTree = "<group>";
		};
/* End PBXVariantGroup section */

/* Begin XCBuildConfiguration section */
		C01FCF4B08A954540054247B /* Debug */ = {
			isa = XCBuildConfiguration;
			buildSettings = {
				ALWAYS_SEARCH_USER_PATHS = NO;
				COPY_PHASE_STRIP = NO;
				GCC_DYNAMIC_NO_PIC = NO;
				GCC_ENABLE_FIX_AND_CONTINUE = YES;
				GCC_MODEL_TUNING = G5;
				GCC_OPTIMIZATION_LEVEL = 0;
				GCC_PRECOMPILE_PREFIX_HEADER = YES;
				GCC_PREFIX_HEADER = VeeJay_Prefix.pch;
				INFOPLIST_FILE = "VeeJay-Info.plist";
				INSTALL_PATH = "$(HOME)/Applications";
				PRODUCT_NAME = VeeJay;
			};
			name = Debug;
		};
		C01FCF4C08A954540054247B /* Release */ = {
			isa = XCBuildConfiguration;
			buildSettings = {
				ALWAYS_SEARCH_USER_PATHS = NO;
				DEBUG_INFORMATION_FORMAT = "dwarf-with-dsym";
				GCC_MODEL_TUNING = G5;
				GCC_PRECOMPILE_PREFIX_HEADER = YES;
				GCC_PREFIX_HEADER = VeeJay_Prefix.pch;
				INFOPLIST_FILE = "VeeJay-Info.plist";
				INSTALL_PATH = "$(HOME)/Applications";
				PRODUCT_NAME = VeeJay;
			};
			name = Release;
		};
		C01FCF4F08A954540054247B /* Debug */ = {
			isa = XCBuildConfiguration;
			buildSettings = {
				ARCHS = "$(ARCHS_STANDARD_32_64_BIT)";
				GCC_C_LANGUAGE_STANDARD = gnu99;
				GCC_ENABLE_SSE3_EXTENSIONS = YES;
				GCC_ENABLE_SSE41_EXTENSIONS = YES;
				GCC_ENABLE_SSE42_EXTENSIONS = YES;
				GCC_ENABLE_SUPPLEMENTAL_SSE3_INSTRUCTIONS = YES;
				GCC_OPTIMIZATION_LEVEL = 3;
				GCC_WARN_ABOUT_RETURN_TYPE = YES;
				GCC_WARN_UNUSED_VARIABLE = YES;
				HEADER_SEARCH_PATHS = "$PROJECT_DIR/**";
				ONLY_ACTIVE_ARCH = YES;
				PREBINDING = NO;
				SDKROOT = macosx10.6;
			};
			name = Debug;
		};
		C01FCF5008A954540054247B /* Release */ = {
			isa = XCBuildConfiguration;
			buildSettings = {
				ARCHS = "$(ARCHS_STANDARD_32_64_BIT)";
				GCC_C_LANGUAGE_STANDARD = gnu99;
				GCC_ENABLE_SSE3_EXTENSIONS = YES;
				GCC_ENABLE_SSE41_EXTENSIONS = YES;
				GCC_ENABLE_SSE42_EXTENSIONS = YES;
				GCC_ENABLE_SUPPLEMENTAL_SSE3_INSTRUCTIONS = YES;
				GCC_OPTIMIZATION_LEVEL = 3;
				GCC_WARN_ABOUT_RETURN_TYPE = YES;
				GCC_WARN_UNUSED_VARIABLE = YES;
				HEADER_SEARCH_PATHS = "$PROJECT_DIR/**";
				PREBINDING = NO;
				SDKROOT = macosx10.6;
			};
			name = Release;
		};
/* End XCBuildConfiguration section */

/* Begin XCConfigurationList section */
		C01FCF4A08A954540054247B /* Build configuration list for PBXNativeTarget "VeeJay" */ = {
			isa = XCConfigurationList;
			buildConfigurations = (
				C01FCF4B08A954540054247B /* Debug */,
				C01FCF4C08A954540054247B /* Release */,
			);
			defaultConfigurationIsVisible = 0;
			defaultConfigurationName = Release;
		};
		C01FCF4E08A954540054247B /* Build configuration list for PBXProject "VeeJay" */ = {
			isa = XCConfigurationList;
			buildConfigurations = (
				C01FCF4F08A954540054247B /* Debug */,
				C01FCF5008A954540054247B /* Release */,
			);
			defaultConfigurationIsVisible = 0;
			defaultConfigurationName = Release;
		};
/* End XCConfigurationList section */
	};
	rootObject = 29B97313FDCFA39411CA2CEA /* Project object */;
}
