// !$*UTF8*$!
{
	archiveVersion = 1;
	classes = {
	};
	objectVersion = 46;
	objects = {

/* Begin PBXBuildFile section */
		1DDD58160DA1D0A300B32029 /* MainMenu.xib in Resources */ = {isa = PBXBuildFile; fileRef = 1DDD58140DA1D0A300B32029 /* MainMenu.xib */; };
		256AC3DA0F4B6AC300CF3369 /* VeeJayAppDelegate.m in Sources */ = {isa = PBXBuildFile; fileRef = 256AC3D90F4B6AC300CF3369 /* VeeJayAppDelegate.m */; };
		82456BA51223CFA200236FE4 /* VJXLayer.m in Sources */ = {isa = PBXBuildFile; fileRef = 82456BA41223CFA200236FE4 /* VJXLayer.m */; };
		82456BBA1223DBE100236FE4 /* VJXQtVideoLayer.m in Sources */ = {isa = PBXBuildFile; fileRef = 82456BB61223DBE100236FE4 /* VJXQtVideoLayer.m */; };
		82456BBB1223DBE100236FE4 /* VJXOpenGLView.m in Sources */ = {isa = PBXBuildFile; fileRef = 82456BB81223DBE100236FE4 /* VJXOpenGLView.m */; };
		82456BC41223DC8300236FE4 /* OpenGL.framework in Frameworks */ = {isa = PBXBuildFile; fileRef = 82456BC31223DC8300236FE4 /* OpenGL.framework */; };
		82456BC81223DC9900236FE4 /* QTKit.framework in Frameworks */ = {isa = PBXBuildFile; fileRef = 82456BC71223DC9900236FE4 /* QTKit.framework */; };
		82456BCC1223DCA700236FE4 /* QuartzCore.framework in Frameworks */ = {isa = PBXBuildFile; fileRef = 82456BCB1223DCA700236FE4 /* QuartzCore.framework */; };
		82456FE912256A4A00236FE4 /* VJXImageLayer.m in Sources */ = {isa = PBXBuildFile; fileRef = 82456FE812256A4A00236FE4 /* VJXImageLayer.m */; };
		824570181225914B00236FE4 /* VJXLayerArrayController.m in Sources */ = {isa = PBXBuildFile; fileRef = 824570171225914B00236FE4 /* VJXLayerArrayController.m */; };
		824576451227DF5800236FE4 /* VJXBoardEntityPin.m in Sources */ = {isa = PBXBuildFile; fileRef = 8245763D1227DF5800236FE4 /* VJXBoardEntityPin.m */; };
		824576461227DF5800236FE4 /* VJXBoardEntityConnector.m in Sources */ = {isa = PBXBuildFile; fileRef = 8245763F1227DF5800236FE4 /* VJXBoardEntityConnector.m */; };
		824576471227DF5800236FE4 /* VJXBoardEntity.m in Sources */ = {isa = PBXBuildFile; fileRef = 824576411227DF5800236FE4 /* VJXBoardEntity.m */; };
		824576481227DF5800236FE4 /* VJXBoard.m in Sources */ = {isa = PBXBuildFile; fileRef = 824576431227DF5800236FE4 /* VJXBoard.m */; };
		8245765A1227E0A400236FE4 /* VJXBoardDelegate.m in Sources */ = {isa = PBXBuildFile; fileRef = 824576591227E0A400236FE4 /* VJXBoardDelegate.m */; };
		8D11072B0486CEB800E47090 /* InfoPlist.strings in Resources */ = {isa = PBXBuildFile; fileRef = 089C165CFE840E0CC02AAC07 /* InfoPlist.strings */; };
		8D11072D0486CEB800E47090 /* main.m in Sources */ = {isa = PBXBuildFile; fileRef = 29B97316FDCFA39411CA2CEA /* main.m */; settings = {ATTRIBUTES = (); }; };
		8D11072F0486CEB800E47090 /* Cocoa.framework in Frameworks */ = {isa = PBXBuildFile; fileRef = 1058C7A1FEA54F0111CA2CBB /* Cocoa.framework */; };
		AA0D28A8123436C4009C8690 /* VJXAudioTrack.m in Sources */ = {isa = PBXBuildFile; fileRef = AA0D28A7123436C4009C8690 /* VJXAudioTrack.m */; };
		AA0F48A8122E7503005A1C95 /* VJXEntity.m in Sources */ = {isa = PBXBuildFile; fileRef = AA0F48A7122E7503005A1C95 /* VJXEntity.m */; };
		AA0F48AB12302BBA005A1C95 /* VJXPin.m in Sources */ = {isa = PBXBuildFile; fileRef = AA0F48AA12302BBA005A1C95 /* VJXPin.m */; };
		AA0F49D0123052EE005A1C95 /* VJXScreen.m in Sources */ = {isa = PBXBuildFile; fileRef = AA0F49CF123052EE005A1C95 /* VJXScreen.m */; };
		AA0F49D31230532F005A1C95 /* VJXOpenGLScreen.m in Sources */ = {isa = PBXBuildFile; fileRef = AA0F49D21230532F005A1C95 /* VJXOpenGLScreen.m */; };
		AA0F49D612305352005A1C95 /* VJXSoftScreen.m in Sources */ = {isa = PBXBuildFile; fileRef = AA0F49D512305352005A1C95 /* VJXSoftScreen.m */; };
		AA0F49D91230536C005A1C95 /* VJXExporter.m in Sources */ = {isa = PBXBuildFile; fileRef = AA0F49D81230536C005A1C95 /* VJXExporter.m */; };
		AA0F49DC12305376005A1C95 /* VJXMixer.m in Sources */ = {isa = PBXBuildFile; fileRef = AA0F49DB12305376005A1C95 /* VJXMixer.m */; };
		AA0F49DF12305384005A1C95 /* VJXContext.m in Sources */ = {isa = PBXBuildFile; fileRef = AA0F49DE12305384005A1C95 /* VJXContext.m */; };
		AA2BE3AF1235396F006087E7 /* MTAudioBuffer.m in Sources */ = {isa = PBXBuildFile; fileRef = AA2BE39B1235396F006087E7 /* MTAudioBuffer.m */; };
		AA2BE3B01235396F006087E7 /* MTAudioBufferListUtils.m in Sources */ = {isa = PBXBuildFile; fileRef = AA2BE39D1235396F006087E7 /* MTAudioBufferListUtils.m */; };
		AA2BE3B11235396F006087E7 /* MTBuffer.m in Sources */ = {isa = PBXBuildFile; fileRef = AA2BE39F1235396F006087E7 /* MTBuffer.m */; };
		AA2BE3B21235396F006087E7 /* MTByteBuffer.m in Sources */ = {isa = PBXBuildFile; fileRef = AA2BE3A11235396F006087E7 /* MTByteBuffer.m */; };
		AA2BE3B31235396F006087E7 /* MTCoreAudioDevice.m in Sources */ = {isa = PBXBuildFile; fileRef = AA2BE3A41235396F006087E7 /* MTCoreAudioDevice.m */; };
		AA2BE3B41235396F006087E7 /* MTCoreAudioIOProcMux.m in Sources */ = {isa = PBXBuildFile; fileRef = AA2BE3A71235396F006087E7 /* MTCoreAudioIOProcMux.m */; };
		AA2BE3B51235396F006087E7 /* MTCoreAudioStream.m in Sources */ = {isa = PBXBuildFile; fileRef = AA2BE3A91235396F006087E7 /* MTCoreAudioStream.m */; };
		AA2BE3B61235396F006087E7 /* MTCoreAudioStreamDescription.m in Sources */ = {isa = PBXBuildFile; fileRef = AA2BE3AB1235396F006087E7 /* MTCoreAudioStreamDescription.m */; };
		AA2BE3B71235396F006087E7 /* MTDecibelTransformer.m in Sources */ = {isa = PBXBuildFile; fileRef = AA2BE3AE1235396F006087E7 /* MTDecibelTransformer.m */; };
		AA2BE3F312353BA6006087E7 /* CoreAudio.framework in Frameworks */ = {isa = PBXBuildFile; fileRef = AA2BE3F212353BA6006087E7 /* CoreAudio.framework */; };
		AA2BE40B12353D5C006087E7 /* Accelerate.framework in Frameworks */ = {isa = PBXBuildFile; fileRef = AA2BE40A12353D5C006087E7 /* Accelerate.framework */; };
		AA7931BE1233A64800860CD2 /* VJXSize.m in Sources */ = {isa = PBXBuildFile; fileRef = AA7931BD1233A64800860CD2 /* VJXSize.m */; };
		AA7931C11233A65400860CD2 /* VJXPoint.m in Sources */ = {isa = PBXBuildFile; fileRef = AA7931C01233A65400860CD2 /* VJXPoint.m */; };
/* End PBXBuildFile section */

/* Begin PBXFileReference section */
		089C165DFE840E0CC02AAC07 /* English */ = {isa = PBXFileReference; fileEncoding = 4; lastKnownFileType = text.plist.strings; name = English; path = English.lproj/InfoPlist.strings; sourceTree = "<group>"; };
		1058C7A1FEA54F0111CA2CBB /* Cocoa.framework */ = {isa = PBXFileReference; lastKnownFileType = wrapper.framework; name = Cocoa.framework; path = /System/Library/Frameworks/Cocoa.framework; sourceTree = "<absolute>"; };
		13E42FB307B3F0F600E4EEF1 /* CoreData.framework */ = {isa = PBXFileReference; lastKnownFileType = wrapper.framework; name = CoreData.framework; path = /System/Library/Frameworks/CoreData.framework; sourceTree = "<absolute>"; };
		1DDD58150DA1D0A300B32029 /* English */ = {isa = PBXFileReference; lastKnownFileType = file.xib; name = English; path = English.lproj/MainMenu.xib; sourceTree = "<group>"; };
		256AC3D80F4B6AC300CF3369 /* VeeJayAppDelegate.h */ = {isa = PBXFileReference; fileEncoding = 4; lastKnownFileType = sourcecode.c.h; path = VeeJayAppDelegate.h; sourceTree = "<group>"; };
		256AC3D90F4B6AC300CF3369 /* VeeJayAppDelegate.m */ = {isa = PBXFileReference; fileEncoding = 4; lastKnownFileType = sourcecode.c.objc; path = VeeJayAppDelegate.m; sourceTree = "<group>"; };
		256AC3F00F4B6AF500CF3369 /* VeeJay_Prefix.pch */ = {isa = PBXFileReference; fileEncoding = 4; lastKnownFileType = sourcecode.c.h; path = VeeJay_Prefix.pch; sourceTree = "<group>"; };
		29B97316FDCFA39411CA2CEA /* main.m */ = {isa = PBXFileReference; fileEncoding = 4; lastKnownFileType = sourcecode.c.objc; path = main.m; sourceTree = "<group>"; };
		29B97324FDCFA39411CA2CEA /* AppKit.framework */ = {isa = PBXFileReference; lastKnownFileType = wrapper.framework; name = AppKit.framework; path = /System/Library/Frameworks/AppKit.framework; sourceTree = "<absolute>"; };
		29B97325FDCFA39411CA2CEA /* Foundation.framework */ = {isa = PBXFileReference; lastKnownFileType = wrapper.framework; name = Foundation.framework; path = /System/Library/Frameworks/Foundation.framework; sourceTree = "<absolute>"; };
		82456BA31223CFA200236FE4 /* VJXLayer.h */ = {isa = PBXFileReference; fileEncoding = 4; lastKnownFileType = sourcecode.c.h; path = VJXLayer.h; sourceTree = "<group>"; };
		82456BA41223CFA200236FE4 /* VJXLayer.m */ = {isa = PBXFileReference; fileEncoding = 4; lastKnownFileType = sourcecode.c.objc; path = VJXLayer.m; sourceTree = "<group>"; };
		82456BB61223DBE100236FE4 /* VJXQtVideoLayer.m */ = {isa = PBXFileReference; fileEncoding = 4; lastKnownFileType = sourcecode.c.objc; path = VJXQtVideoLayer.m; sourceTree = "<group>"; };
		82456BB71223DBE100236FE4 /* VJXQtVideoLayer.h */ = {isa = PBXFileReference; fileEncoding = 4; lastKnownFileType = sourcecode.c.h; path = VJXQtVideoLayer.h; sourceTree = "<group>"; };
		82456BB81223DBE100236FE4 /* VJXOpenGLView.m */ = {isa = PBXFileReference; fileEncoding = 4; lastKnownFileType = sourcecode.c.objc; path = VJXOpenGLView.m; sourceTree = "<group>"; };
		82456BB91223DBE100236FE4 /* VJXOpenGLView.h */ = {isa = PBXFileReference; fileEncoding = 4; lastKnownFileType = sourcecode.c.h; path = VJXOpenGLView.h; sourceTree = "<group>"; };
		82456BC31223DC8300236FE4 /* OpenGL.framework */ = {isa = PBXFileReference; lastKnownFileType = wrapper.framework; name = OpenGL.framework; path = System/Library/Frameworks/OpenGL.framework; sourceTree = SDKROOT; };
		82456BC71223DC9900236FE4 /* QTKit.framework */ = {isa = PBXFileReference; lastKnownFileType = wrapper.framework; name = QTKit.framework; path = System/Library/Frameworks/QTKit.framework; sourceTree = SDKROOT; };
		82456BCB1223DCA700236FE4 /* QuartzCore.framework */ = {isa = PBXFileReference; lastKnownFileType = wrapper.framework; name = QuartzCore.framework; path = System/Library/Frameworks/QuartzCore.framework; sourceTree = SDKROOT; };
		82456FE712256A4A00236FE4 /* VJXImageLayer.h */ = {isa = PBXFileReference; fileEncoding = 4; lastKnownFileType = sourcecode.c.h; path = VJXImageLayer.h; sourceTree = "<group>"; };
		82456FE812256A4A00236FE4 /* VJXImageLayer.m */ = {isa = PBXFileReference; fileEncoding = 4; lastKnownFileType = sourcecode.c.objc; path = VJXImageLayer.m; sourceTree = "<group>"; };
		824570161225914B00236FE4 /* VJXLayerArrayController.h */ = {isa = PBXFileReference; fileEncoding = 4; lastKnownFileType = sourcecode.c.h; path = VJXLayerArrayController.h; sourceTree = "<group>"; };
		824570171225914B00236FE4 /* VJXLayerArrayController.m */ = {isa = PBXFileReference; fileEncoding = 4; lastKnownFileType = sourcecode.c.objc; path = VJXLayerArrayController.m; sourceTree = "<group>"; };
		8245763D1227DF5800236FE4 /* VJXBoardEntityPin.m */ = {isa = PBXFileReference; fileEncoding = 4; lastKnownFileType = sourcecode.c.objc; path = VJXBoardEntityPin.m; sourceTree = "<group>"; };
		8245763E1227DF5800236FE4 /* VJXBoardEntityPin.h */ = {isa = PBXFileReference; fileEncoding = 4; lastKnownFileType = sourcecode.c.h; path = VJXBoardEntityPin.h; sourceTree = "<group>"; };
		8245763F1227DF5800236FE4 /* VJXBoardEntityConnector.m */ = {isa = PBXFileReference; fileEncoding = 4; lastKnownFileType = sourcecode.c.objc; path = VJXBoardEntityConnector.m; sourceTree = "<group>"; };
		824576401227DF5800236FE4 /* VJXBoardEntityConnector.h */ = {isa = PBXFileReference; fileEncoding = 4; lastKnownFileType = sourcecode.c.h; path = VJXBoardEntityConnector.h; sourceTree = "<group>"; };
		824576411227DF5800236FE4 /* VJXBoardEntity.m */ = {isa = PBXFileReference; fileEncoding = 4; lastKnownFileType = sourcecode.c.objc; path = VJXBoardEntity.m; sourceTree = "<group>"; };
		824576421227DF5800236FE4 /* VJXBoardEntity.h */ = {isa = PBXFileReference; fileEncoding = 4; lastKnownFileType = sourcecode.c.h; path = VJXBoardEntity.h; sourceTree = "<group>"; };
		824576431227DF5800236FE4 /* VJXBoard.m */ = {isa = PBXFileReference; fileEncoding = 4; lastKnownFileType = sourcecode.c.objc; path = VJXBoard.m; sourceTree = "<group>"; };
		824576441227DF5800236FE4 /* VJXBoard.h */ = {isa = PBXFileReference; fileEncoding = 4; lastKnownFileType = sourcecode.c.h; path = VJXBoard.h; sourceTree = "<group>"; };
		824576581227E0A400236FE4 /* VJXBoardDelegate.h */ = {isa = PBXFileReference; fileEncoding = 4; lastKnownFileType = sourcecode.c.h; path = VJXBoardDelegate.h; sourceTree = "<group>"; };
		824576591227E0A400236FE4 /* VJXBoardDelegate.m */ = {isa = PBXFileReference; fileEncoding = 4; lastKnownFileType = sourcecode.c.objc; path = VJXBoardDelegate.m; sourceTree = "<group>"; };
		8D1107310486CEB800E47090 /* VeeJay-Info.plist */ = {isa = PBXFileReference; fileEncoding = 4; lastKnownFileType = text.plist.xml; path = "VeeJay-Info.plist"; sourceTree = "<group>"; };
		8D1107320486CEB800E47090 /* VeeJay.app */ = {isa = PBXFileReference; explicitFileType = wrapper.application; includeInIndex = 0; path = VeeJay.app; sourceTree = BUILT_PRODUCTS_DIR; };
		AA0D28A6123436C4009C8690 /* VJXAudioTrack.h */ = {isa = PBXFileReference; fileEncoding = 4; lastKnownFileType = sourcecode.c.h; path = VJXAudioTrack.h; sourceTree = "<group>"; };
		AA0D28A7123436C4009C8690 /* VJXAudioTrack.m */ = {isa = PBXFileReference; fileEncoding = 4; lastKnownFileType = sourcecode.c.objc; path = VJXAudioTrack.m; sourceTree = "<group>"; };
		AA0F48A6122E7503005A1C95 /* VJXEntity.h */ = {isa = PBXFileReference; fileEncoding = 4; lastKnownFileType = sourcecode.c.h; path = VJXEntity.h; sourceTree = "<group>"; };
		AA0F48A7122E7503005A1C95 /* VJXEntity.m */ = {isa = PBXFileReference; fileEncoding = 4; lastKnownFileType = sourcecode.c.objc; path = VJXEntity.m; sourceTree = "<group>"; };
		AA0F48A912302BBA005A1C95 /* VJXPin.h */ = {isa = PBXFileReference; fileEncoding = 4; lastKnownFileType = sourcecode.c.h; path = VJXPin.h; sourceTree = "<group>"; };
		AA0F48AA12302BBA005A1C95 /* VJXPin.m */ = {isa = PBXFileReference; fileEncoding = 4; lastKnownFileType = sourcecode.c.objc; path = VJXPin.m; sourceTree = "<group>"; };
		AA0F49CE123052EE005A1C95 /* VJXScreen.h */ = {isa = PBXFileReference; fileEncoding = 4; lastKnownFileType = sourcecode.c.h; path = VJXScreen.h; sourceTree = "<group>"; };
		AA0F49CF123052EE005A1C95 /* VJXScreen.m */ = {isa = PBXFileReference; fileEncoding = 4; lastKnownFileType = sourcecode.c.objc; path = VJXScreen.m; sourceTree = "<group>"; };
		AA0F49D11230532F005A1C95 /* VJXOpenGLScreen.h */ = {isa = PBXFileReference; fileEncoding = 4; lastKnownFileType = sourcecode.c.h; path = VJXOpenGLScreen.h; sourceTree = "<group>"; };
		AA0F49D21230532F005A1C95 /* VJXOpenGLScreen.m */ = {isa = PBXFileReference; fileEncoding = 4; lastKnownFileType = sourcecode.c.objc; path = VJXOpenGLScreen.m; sourceTree = "<group>"; };
		AA0F49D412305352005A1C95 /* VJXSoftScreen.h */ = {isa = PBXFileReference; fileEncoding = 4; lastKnownFileType = sourcecode.c.h; path = VJXSoftScreen.h; sourceTree = "<group>"; };
		AA0F49D512305352005A1C95 /* VJXSoftScreen.m */ = {isa = PBXFileReference; fileEncoding = 4; lastKnownFileType = sourcecode.c.objc; path = VJXSoftScreen.m; sourceTree = "<group>"; };
		AA0F49D71230536C005A1C95 /* VJXExporter.h */ = {isa = PBXFileReference; fileEncoding = 4; lastKnownFileType = sourcecode.c.h; path = VJXExporter.h; sourceTree = "<group>"; };
		AA0F49D81230536C005A1C95 /* VJXExporter.m */ = {isa = PBXFileReference; fileEncoding = 4; lastKnownFileType = sourcecode.c.objc; path = VJXExporter.m; sourceTree = "<group>"; };
		AA0F49DA12305376005A1C95 /* VJXMixer.h */ = {isa = PBXFileReference; fileEncoding = 4; lastKnownFileType = sourcecode.c.h; path = VJXMixer.h; sourceTree = "<group>"; };
		AA0F49DB12305376005A1C95 /* VJXMixer.m */ = {isa = PBXFileReference; fileEncoding = 4; lastKnownFileType = sourcecode.c.objc; path = VJXMixer.m; sourceTree = "<group>"; };
		AA0F49DD12305384005A1C95 /* VJXContext.h */ = {isa = PBXFileReference; fileEncoding = 4; lastKnownFileType = sourcecode.c.h; path = VJXContext.h; sourceTree = "<group>"; };
		AA0F49DE12305384005A1C95 /* VJXContext.m */ = {isa = PBXFileReference; fileEncoding = 4; lastKnownFileType = sourcecode.c.objc; path = VJXContext.m; sourceTree = "<group>"; };
		AA2BE39A1235396F006087E7 /* MTAudioBuffer.h */ = {isa = PBXFileReference; fileEncoding = 4; lastKnownFileType = sourcecode.c.h; name = MTAudioBuffer.h; path = MTCoreAudio/MTAudioBuffer.h; sourceTree = "<group>"; };
		AA2BE39B1235396F006087E7 /* MTAudioBuffer.m */ = {isa = PBXFileReference; fileEncoding = 4; lastKnownFileType = sourcecode.c.objc; name = MTAudioBuffer.m; path = MTCoreAudio/MTAudioBuffer.m; sourceTree = "<group>"; };
		AA2BE39C1235396F006087E7 /* MTAudioBufferListUtils.h */ = {isa = PBXFileReference; fileEncoding = 4; lastKnownFileType = sourcecode.c.h; name = MTAudioBufferListUtils.h; path = MTCoreAudio/MTAudioBufferListUtils.h; sourceTree = "<group>"; };
		AA2BE39D1235396F006087E7 /* MTAudioBufferListUtils.m */ = {isa = PBXFileReference; fileEncoding = 4; lastKnownFileType = sourcecode.c.objc; name = MTAudioBufferListUtils.m; path = MTCoreAudio/MTAudioBufferListUtils.m; sourceTree = "<group>"; };
		AA2BE39E1235396F006087E7 /* MTBuffer.h */ = {isa = PBXFileReference; fileEncoding = 4; lastKnownFileType = sourcecode.c.h; name = MTBuffer.h; path = MTCoreAudio/MTBuffer.h; sourceTree = "<group>"; };
		AA2BE39F1235396F006087E7 /* MTBuffer.m */ = {isa = PBXFileReference; fileEncoding = 4; lastKnownFileType = sourcecode.c.objc; name = MTBuffer.m; path = MTCoreAudio/MTBuffer.m; sourceTree = "<group>"; };
		AA2BE3A01235396F006087E7 /* MTByteBuffer.h */ = {isa = PBXFileReference; fileEncoding = 4; lastKnownFileType = sourcecode.c.h; name = MTByteBuffer.h; path = MTCoreAudio/MTByteBuffer.h; sourceTree = "<group>"; };
		AA2BE3A11235396F006087E7 /* MTByteBuffer.m */ = {isa = PBXFileReference; fileEncoding = 4; lastKnownFileType = sourcecode.c.objc; name = MTByteBuffer.m; path = MTCoreAudio/MTByteBuffer.m; sourceTree = "<group>"; };
		AA2BE3A21235396F006087E7 /* MTCoreAudio.h */ = {isa = PBXFileReference; fileEncoding = 4; lastKnownFileType = sourcecode.c.h; name = MTCoreAudio.h; path = MTCoreAudio/MTCoreAudio.h; sourceTree = "<group>"; };
		AA2BE3A31235396F006087E7 /* MTCoreAudioDevice.h */ = {isa = PBXFileReference; fileEncoding = 4; lastKnownFileType = sourcecode.c.h; name = MTCoreAudioDevice.h; path = MTCoreAudio/MTCoreAudioDevice.h; sourceTree = "<group>"; };
		AA2BE3A41235396F006087E7 /* MTCoreAudioDevice.m */ = {isa = PBXFileReference; fileEncoding = 4; lastKnownFileType = sourcecode.c.objc; name = MTCoreAudioDevice.m; path = MTCoreAudio/MTCoreAudioDevice.m; sourceTree = "<group>"; };
		AA2BE3A51235396F006087E7 /* MTCoreAudioDevicePrivateAdditions.h */ = {isa = PBXFileReference; fileEncoding = 4; lastKnownFileType = sourcecode.c.h; name = MTCoreAudioDevicePrivateAdditions.h; path = MTCoreAudio/MTCoreAudioDevicePrivateAdditions.h; sourceTree = "<group>"; };
		AA2BE3A61235396F006087E7 /* MTCoreAudioIOProcMux.h */ = {isa = PBXFileReference; fileEncoding = 4; lastKnownFileType = sourcecode.c.h; name = MTCoreAudioIOProcMux.h; path = MTCoreAudio/MTCoreAudioIOProcMux.h; sourceTree = "<group>"; };
		AA2BE3A71235396F006087E7 /* MTCoreAudioIOProcMux.m */ = {isa = PBXFileReference; fileEncoding = 4; lastKnownFileType = sourcecode.c.objc; name = MTCoreAudioIOProcMux.m; path = MTCoreAudio/MTCoreAudioIOProcMux.m; sourceTree = "<group>"; };
		AA2BE3A81235396F006087E7 /* MTCoreAudioStream.h */ = {isa = PBXFileReference; fileEncoding = 4; lastKnownFileType = sourcecode.c.h; name = MTCoreAudioStream.h; path = MTCoreAudio/MTCoreAudioStream.h; sourceTree = "<group>"; };
		AA2BE3A91235396F006087E7 /* MTCoreAudioStream.m */ = {isa = PBXFileReference; fileEncoding = 4; lastKnownFileType = sourcecode.c.objc; name = MTCoreAudioStream.m; path = MTCoreAudio/MTCoreAudioStream.m; sourceTree = "<group>"; };
		AA2BE3AA1235396F006087E7 /* MTCoreAudioStreamDescription.h */ = {isa = PBXFileReference; fileEncoding = 4; lastKnownFileType = sourcecode.c.h; name = MTCoreAudioStreamDescription.h; path = MTCoreAudio/MTCoreAudioStreamDescription.h; sourceTree = "<group>"; };
		AA2BE3AB1235396F006087E7 /* MTCoreAudioStreamDescription.m */ = {isa = PBXFileReference; fileEncoding = 4; lastKnownFileType = sourcecode.c.objc; name = MTCoreAudioStreamDescription.m; path = MTCoreAudio/MTCoreAudioStreamDescription.m; sourceTree = "<group>"; };
		AA2BE3AC1235396F006087E7 /* MTCoreAudioTypes.h */ = {isa = PBXFileReference; fileEncoding = 4; lastKnownFileType = sourcecode.c.h; name = MTCoreAudioTypes.h; path = MTCoreAudio/MTCoreAudioTypes.h; sourceTree = "<group>"; };
		AA2BE3AD1235396F006087E7 /* MTDecibelTransformer.h */ = {isa = PBXFileReference; fileEncoding = 4; lastKnownFileType = sourcecode.c.h; name = MTDecibelTransformer.h; path = MTCoreAudio/MTDecibelTransformer.h; sourceTree = "<group>"; };
		AA2BE3AE1235396F006087E7 /* MTDecibelTransformer.m */ = {isa = PBXFileReference; fileEncoding = 4; lastKnownFileType = sourcecode.c.objc; name = MTDecibelTransformer.m; path = MTCoreAudio/MTDecibelTransformer.m; sourceTree = "<group>"; };
		AA2BE3F212353BA6006087E7 /* CoreAudio.framework */ = {isa = PBXFileReference; lastKnownFileType = wrapper.framework; name = CoreAudio.framework; path = System/Library/Frameworks/CoreAudio.framework; sourceTree = SDKROOT; };
		AA2BE40A12353D5C006087E7 /* Accelerate.framework */ = {isa = PBXFileReference; lastKnownFileType = wrapper.framework; name = Accelerate.framework; path = System/Library/Frameworks/Accelerate.framework; sourceTree = SDKROOT; };
		AA7931BC1233A64800860CD2 /* VJXSize.h */ = {isa = PBXFileReference; fileEncoding = 4; lastKnownFileType = sourcecode.c.h; path = VJXSize.h; sourceTree = "<group>"; };
		AA7931BD1233A64800860CD2 /* VJXSize.m */ = {isa = PBXFileReference; fileEncoding = 4; lastKnownFileType = sourcecode.c.objc; path = VJXSize.m; sourceTree = "<group>"; };
		AA7931BF1233A65400860CD2 /* VJXPoint.h */ = {isa = PBXFileReference; fileEncoding = 4; lastKnownFileType = sourcecode.c.h; path = VJXPoint.h; sourceTree = "<group>"; };
		AA7931C01233A65400860CD2 /* VJXPoint.m */ = {isa = PBXFileReference; fileEncoding = 4; lastKnownFileType = sourcecode.c.objc; path = VJXPoint.m; sourceTree = "<group>"; };
/* End PBXFileReference section */

/* Begin PBXFrameworksBuildPhase section */
		8D11072E0486CEB800E47090 /* Frameworks */ = {
			isa = PBXFrameworksBuildPhase;
			buildActionMask = 2147483647;
			files = (
				8D11072F0486CEB800E47090 /* Cocoa.framework in Frameworks */,
				82456BC41223DC8300236FE4 /* OpenGL.framework in Frameworks */,
				82456BC81223DC9900236FE4 /* QTKit.framework in Frameworks */,
				82456BCC1223DCA700236FE4 /* QuartzCore.framework in Frameworks */,
				AA2BE3F312353BA6006087E7 /* CoreAudio.framework in Frameworks */,
				AA2BE40B12353D5C006087E7 /* Accelerate.framework in Frameworks */,
			);
			runOnlyForDeploymentPostprocessing = 0;
		};
/* End PBXFrameworksBuildPhase section */

/* Begin PBXGroup section */
		080E96DDFE201D6D7F000001 /* Classes */ = {
			isa = PBXGroup;
			children = (
				AA2BE38912353941006087E7 /* MTCoreAudio */,
				8245763C1227DF2900236FE4 /* GUI */,
				256AC3D80F4B6AC300CF3369 /* VeeJayAppDelegate.h */,
				256AC3D90F4B6AC300CF3369 /* VeeJayAppDelegate.m */,
				82456BB91223DBE100236FE4 /* VJXOpenGLView.h */,
				82456BB81223DBE100236FE4 /* VJXOpenGLView.m */,
				82456FE712256A4A00236FE4 /* VJXImageLayer.h */,
				82456FE812256A4A00236FE4 /* VJXImageLayer.m */,
				82456BB71223DBE100236FE4 /* VJXQtVideoLayer.h */,
				82456BB61223DBE100236FE4 /* VJXQtVideoLayer.m */,
				82456BA31223CFA200236FE4 /* VJXLayer.h */,
				82456BA41223CFA200236FE4 /* VJXLayer.m */,
				AA0F48A6122E7503005A1C95 /* VJXEntity.h */,
				AA0F48A7122E7503005A1C95 /* VJXEntity.m */,
				AA0F48A912302BBA005A1C95 /* VJXPin.h */,
				AA0F48AA12302BBA005A1C95 /* VJXPin.m */,
				AA0F49CE123052EE005A1C95 /* VJXScreen.h */,
				AA0F49CF123052EE005A1C95 /* VJXScreen.m */,
				AA0F49D11230532F005A1C95 /* VJXOpenGLScreen.h */,
				AA0F49D21230532F005A1C95 /* VJXOpenGLScreen.m */,
				AA0F49D412305352005A1C95 /* VJXSoftScreen.h */,
				AA0F49D512305352005A1C95 /* VJXSoftScreen.m */,
				AA0F49D71230536C005A1C95 /* VJXExporter.h */,
				AA0F49D81230536C005A1C95 /* VJXExporter.m */,
				AA0F49DA12305376005A1C95 /* VJXMixer.h */,
				AA0F49DB12305376005A1C95 /* VJXMixer.m */,
				AA0F49DD12305384005A1C95 /* VJXContext.h */,
				AA0F49DE12305384005A1C95 /* VJXContext.m */,
				AA7931BC1233A64800860CD2 /* VJXSize.h */,
				AA7931BD1233A64800860CD2 /* VJXSize.m */,
				AA7931BF1233A65400860CD2 /* VJXPoint.h */,
				AA7931C01233A65400860CD2 /* VJXPoint.m */,
				AA0D28A6123436C4009C8690 /* VJXAudioTrack.h */,
				AA0D28A7123436C4009C8690 /* VJXAudioTrack.m */,
			);
			name = Classes;
			sourceTree = "<group>";
		};
		1058C7A0FEA54F0111CA2CBB /* Linked Frameworks */ = {
			isa = PBXGroup;
			children = (
				1058C7A1FEA54F0111CA2CBB /* Cocoa.framework */,
				AA2BE3F212353BA6006087E7 /* CoreAudio.framework */,
				AA2BE40A12353D5C006087E7 /* Accelerate.framework */,
			);
			name = "Linked Frameworks";
			sourceTree = "<group>";
		};
		1058C7A2FEA54F0111CA2CBB /* Other Frameworks */ = {
			isa = PBXGroup;
			children = (
				29B97324FDCFA39411CA2CEA /* AppKit.framework */,
				13E42FB307B3F0F600E4EEF1 /* CoreData.framework */,
				29B97325FDCFA39411CA2CEA /* Foundation.framework */,
			);
			name = "Other Frameworks";
			sourceTree = "<group>";
		};
		19C28FACFE9D520D11CA2CBB /* Products */ = {
			isa = PBXGroup;
			children = (
				8D1107320486CEB800E47090 /* VeeJay.app */,
			);
			name = Products;
			sourceTree = "<group>";
		};
		29B97314FDCFA39411CA2CEA /* MoviePlayerD */ = {
			isa = PBXGroup;
			children = (
				080E96DDFE201D6D7F000001 /* Classes */,
				29B97315FDCFA39411CA2CEA /* Other Sources */,
				29B97317FDCFA39411CA2CEA /* Resources */,
				29B97323FDCFA39411CA2CEA /* Frameworks */,
				19C28FACFE9D520D11CA2CBB /* Products */,
				82456BC31223DC8300236FE4 /* OpenGL.framework */,
				82456BC71223DC9900236FE4 /* QTKit.framework */,
				82456BCB1223DCA700236FE4 /* QuartzCore.framework */,
			);
			name = MoviePlayerD;
			sourceTree = "<group>";
		};
		29B97315FDCFA39411CA2CEA /* Other Sources */ = {
			isa = PBXGroup;
			children = (
				256AC3F00F4B6AF500CF3369 /* VeeJay_Prefix.pch */,
				29B97316FDCFA39411CA2CEA /* main.m */,
			);
			name = "Other Sources";
			sourceTree = "<group>";
		};
		29B97317FDCFA39411CA2CEA /* Resources */ = {
			isa = PBXGroup;
			children = (
				8D1107310486CEB800E47090 /* VeeJay-Info.plist */,
				089C165CFE840E0CC02AAC07 /* InfoPlist.strings */,
				1DDD58140DA1D0A300B32029 /* MainMenu.xib */,
			);
			name = Resources;
			sourceTree = "<group>";
		};
		29B97323FDCFA39411CA2CEA /* Frameworks */ = {
			isa = PBXGroup;
			children = (
				1058C7A0FEA54F0111CA2CBB /* Linked Frameworks */,
				1058C7A2FEA54F0111CA2CBB /* Other Frameworks */,
			);
			name = Frameworks;
			sourceTree = "<group>";
		};
		8245763C1227DF2900236FE4 /* GUI */ = {
			isa = PBXGroup;
			children = (
				824570161225914B00236FE4 /* VJXLayerArrayController.h */,
				824570171225914B00236FE4 /* VJXLayerArrayController.m */,
				8245763D1227DF5800236FE4 /* VJXBoardEntityPin.m */,
				8245763E1227DF5800236FE4 /* VJXBoardEntityPin.h */,
				8245763F1227DF5800236FE4 /* VJXBoardEntityConnector.m */,
				824576401227DF5800236FE4 /* VJXBoardEntityConnector.h */,
				824576411227DF5800236FE4 /* VJXBoardEntity.m */,
				824576421227DF5800236FE4 /* VJXBoardEntity.h */,
				824576431227DF5800236FE4 /* VJXBoard.m */,
				824576441227DF5800236FE4 /* VJXBoard.h */,
				824576581227E0A400236FE4 /* VJXBoardDelegate.h */,
				824576591227E0A400236FE4 /* VJXBoardDelegate.m */,
			);
			name = GUI;
			sourceTree = "<group>";
		};
		AA2BE38912353941006087E7 /* MTCoreAudio */ = {
			isa = PBXGroup;
			children = (
				AA2BE39A1235396F006087E7 /* MTAudioBuffer.h */,
				AA2BE39B1235396F006087E7 /* MTAudioBuffer.m */,
				AA2BE39C1235396F006087E7 /* MTAudioBufferListUtils.h */,
				AA2BE39D1235396F006087E7 /* MTAudioBufferListUtils.m */,
				AA2BE39E1235396F006087E7 /* MTBuffer.h */,
				AA2BE39F1235396F006087E7 /* MTBuffer.m */,
				AA2BE3A01235396F006087E7 /* MTByteBuffer.h */,
				AA2BE3A11235396F006087E7 /* MTByteBuffer.m */,
				AA2BE3A21235396F006087E7 /* MTCoreAudio.h */,
				AA2BE3A31235396F006087E7 /* MTCoreAudioDevice.h */,
				AA2BE3A41235396F006087E7 /* MTCoreAudioDevice.m */,
				AA2BE3A51235396F006087E7 /* MTCoreAudioDevicePrivateAdditions.h */,
				AA2BE3A61235396F006087E7 /* MTCoreAudioIOProcMux.h */,
				AA2BE3A71235396F006087E7 /* MTCoreAudioIOProcMux.m */,
				AA2BE3A81235396F006087E7 /* MTCoreAudioStream.h */,
				AA2BE3A91235396F006087E7 /* MTCoreAudioStream.m */,
				AA2BE3AA1235396F006087E7 /* MTCoreAudioStreamDescription.h */,
				AA2BE3AB1235396F006087E7 /* MTCoreAudioStreamDescription.m */,
				AA2BE3AC1235396F006087E7 /* MTCoreAudioTypes.h */,
				AA2BE3AD1235396F006087E7 /* MTDecibelTransformer.h */,
				AA2BE3AE1235396F006087E7 /* MTDecibelTransformer.m */,
			);
			name = MTCoreAudio;
			sourceTree = "<group>";
		};
/* End PBXGroup section */

/* Begin PBXNativeTarget section */
		8D1107260486CEB800E47090 /* VeeJay */ = {
			isa = PBXNativeTarget;
			buildConfigurationList = C01FCF4A08A954540054247B /* Build configuration list for PBXNativeTarget "VeeJay" */;
			buildPhases = (
				8D1107290486CEB800E47090 /* Resources */,
				8D11072C0486CEB800E47090 /* Sources */,
				8D11072E0486CEB800E47090 /* Frameworks */,
			);
			buildRules = (
			);
			dependencies = (
			);
			name = VeeJay;
			productInstallPath = "$(HOME)/Applications";
			productName = MoviePlayerD;
			productReference = 8D1107320486CEB800E47090 /* VeeJay.app */;
			productType = "com.apple.product-type.application";
		};
/* End PBXNativeTarget section */

/* Begin PBXProject section */
		29B97313FDCFA39411CA2CEA /* Project object */ = {
			isa = PBXProject;
			attributes = {
				ORGANIZATIONNAME = Dyne.org;
			};
			buildConfigurationList = C01FCF4E08A954540054247B /* Build configuration list for PBXProject "VeeJay" */;
			compatibilityVersion = "Xcode 3.2";
			hasScannedForEncodings = 1;
			mainGroup = 29B97314FDCFA39411CA2CEA /* MoviePlayerD */;
			projectDirPath = "";
			projectRoot = "";
			targets = (
				8D1107260486CEB800E47090 /* VeeJay */,
			);
		};
/* End PBXProject section */

/* Begin PBXResourcesBuildPhase section */
		8D1107290486CEB800E47090 /* Resources */ = {
			isa = PBXResourcesBuildPhase;
			buildActionMask = 2147483647;
			files = (
				8D11072B0486CEB800E47090 /* InfoPlist.strings in Resources */,
				1DDD58160DA1D0A300B32029 /* MainMenu.xib in Resources */,
			);
			runOnlyForDeploymentPostprocessing = 0;
		};
/* End PBXResourcesBuildPhase section */

/* Begin PBXSourcesBuildPhase section */
		8D11072C0486CEB800E47090 /* Sources */ = {
			isa = PBXSourcesBuildPhase;
			buildActionMask = 2147483647;
			files = (
				8D11072D0486CEB800E47090 /* main.m in Sources */,
				256AC3DA0F4B6AC300CF3369 /* VeeJayAppDelegate.m in Sources */,
				82456BA51223CFA200236FE4 /* VJXLayer.m in Sources */,
				82456BBA1223DBE100236FE4 /* VJXQtVideoLayer.m in Sources */,
				82456BBB1223DBE100236FE4 /* VJXOpenGLView.m in Sources */,
				82456FE912256A4A00236FE4 /* VJXImageLayer.m in Sources */,
				824570181225914B00236FE4 /* VJXLayerArrayController.m in Sources */,
				824576451227DF5800236FE4 /* VJXBoardEntityPin.m in Sources */,
				824576461227DF5800236FE4 /* VJXBoardEntityConnector.m in Sources */,
				824576471227DF5800236FE4 /* VJXBoardEntity.m in Sources */,
				824576481227DF5800236FE4 /* VJXBoard.m in Sources */,
				8245765A1227E0A400236FE4 /* VJXBoardDelegate.m in Sources */,
				AA0F48A8122E7503005A1C95 /* VJXEntity.m in Sources */,
				AA0F48AB12302BBA005A1C95 /* VJXPin.m in Sources */,
				AA0F49D0123052EE005A1C95 /* VJXScreen.m in Sources */,
				AA0F49D31230532F005A1C95 /* VJXOpenGLScreen.m in Sources */,
				AA0F49D612305352005A1C95 /* VJXSoftScreen.m in Sources */,
				AA0F49D91230536C005A1C95 /* VJXExporter.m in Sources */,
				AA0F49DC12305376005A1C95 /* VJXMixer.m in Sources */,
				AA0F49DF12305384005A1C95 /* VJXContext.m in Sources */,
				AA7931BE1233A64800860CD2 /* VJXSize.m in Sources */,
				AA7931C11233A65400860CD2 /* VJXPoint.m in Sources */,
				AA0D28A8123436C4009C8690 /* VJXAudioTrack.m in Sources */,
				AA2BE3AF1235396F006087E7 /* MTAudioBuffer.m in Sources */,
				AA2BE3B01235396F006087E7 /* MTAudioBufferListUtils.m in Sources */,
				AA2BE3B11235396F006087E7 /* MTBuffer.m in Sources */,
				AA2BE3B21235396F006087E7 /* MTByteBuffer.m in Sources */,
				AA2BE3B31235396F006087E7 /* MTCoreAudioDevice.m in Sources */,
				AA2BE3B41235396F006087E7 /* MTCoreAudioIOProcMux.m in Sources */,
				AA2BE3B51235396F006087E7 /* MTCoreAudioStream.m in Sources */,
				AA2BE3B61235396F006087E7 /* MTCoreAudioStreamDescription.m in Sources */,
				AA2BE3B71235396F006087E7 /* MTDecibelTransformer.m in Sources */,
			);
			runOnlyForDeploymentPostprocessing = 0;
		};
/* End PBXSourcesBuildPhase section */

/* Begin PBXVariantGroup section */
		089C165CFE840E0CC02AAC07 /* InfoPlist.strings */ = {
			isa = PBXVariantGroup;
			children = (
				089C165DFE840E0CC02AAC07 /* English */,
			);
			name = InfoPlist.strings;
			sourceTree = "<group>";
		};
		1DDD58140DA1D0A300B32029 /* MainMenu.xib */ = {
			isa = PBXVariantGroup;
			children = (
				1DDD58150DA1D0A300B32029 /* English */,
			);
			name = MainMenu.xib;
			sourceTree = "<group>";
		};
/* End PBXVariantGroup section */

/* Begin XCBuildConfiguration section */
		C01FCF4B08A954540054247B /* Debug */ = {
			isa = XCBuildConfiguration;
			buildSettings = {
				ALWAYS_SEARCH_USER_PATHS = NO;
				COPY_PHASE_STRIP = NO;
				GCC_DYNAMIC_NO_PIC = NO;
				GCC_ENABLE_FIX_AND_CONTINUE = YES;
				GCC_MODEL_TUNING = G5;
				GCC_OPTIMIZATION_LEVEL = 0;
				GCC_PRECOMPILE_PREFIX_HEADER = YES;
				GCC_PREFIX_HEADER = VeeJay_Prefix.pch;
				INFOPLIST_FILE = "VeeJay-Info.plist";
				INSTALL_PATH = "$(HOME)/Applications";
				PRODUCT_NAME = VeeJay;
			};
			name = Debug;
		};
		C01FCF4C08A954540054247B /* Release */ = {
			isa = XCBuildConfiguration;
			buildSettings = {
				ALWAYS_SEARCH_USER_PATHS = NO;
				DEBUG_INFORMATION_FORMAT = "dwarf-with-dsym";
				GCC_MODEL_TUNING = G5;
				GCC_PRECOMPILE_PREFIX_HEADER = YES;
				GCC_PREFIX_HEADER = VeeJay_Prefix.pch;
				INFOPLIST_FILE = "VeeJay-Info.plist";
				INSTALL_PATH = "$(HOME)/Applications";
				PRODUCT_NAME = VeeJay;
			};
			name = Release;
		};
		C01FCF4F08A954540054247B /* Debug */ = {
			isa = XCBuildConfiguration;
			buildSettings = {
				ARCHS = "$(ARCHS_STANDARD_32_64_BIT)";
				GCC_C_LANGUAGE_STANDARD = gnu99;
				GCC_OPTIMIZATION_LEVEL = 0;
				GCC_WARN_ABOUT_RETURN_TYPE = YES;
				GCC_WARN_UNUSED_VARIABLE = YES;
				HEADER_SEARCH_PATHS = $PROJECT_DIR;
				ONLY_ACTIVE_ARCH = YES;
				PREBINDING = NO;
				SDKROOT = macosx10.6;
			};
			name = Debug;
		};
		C01FCF5008A954540054247B /* Release */ = {
			isa = XCBuildConfiguration;
			buildSettings = {
				ARCHS = "$(ARCHS_STANDARD_32_64_BIT)";
				GCC_C_LANGUAGE_STANDARD = gnu99;
				GCC_WARN_ABOUT_RETURN_TYPE = YES;
				GCC_WARN_UNUSED_VARIABLE = YES;
				HEADER_SEARCH_PATHS = $PROJECT_DIR;
				PREBINDING = NO;
				SDKROOT = macosx10.6;
			};
			name = Release;
		};
/* End XCBuildConfiguration section */

/* Begin XCConfigurationList section */
		C01FCF4A08A954540054247B /* Build configuration list for PBXNativeTarget "VeeJay" */ = {
			isa = XCConfigurationList;
			buildConfigurations = (
				C01FCF4B08A954540054247B /* Debug */,
				C01FCF4C08A954540054247B /* Release */,
			);
			defaultConfigurationIsVisible = 0;
			defaultConfigurationName = Release;
		};
		C01FCF4E08A954540054247B /* Build configuration list for PBXProject "VeeJay" */ = {
			isa = XCConfigurationList;
			buildConfigurations = (
				C01FCF4F08A954540054247B /* Debug */,
				C01FCF5008A954540054247B /* Release */,
			);
			defaultConfigurationIsVisible = 0;
			defaultConfigurationName = Release;
		};
/* End XCConfigurationList section */
	};
	rootObject = 29B97313FDCFA39411CA2CEA /* Project object */;
}
